Microsoft Visual Studio Solution File, Format Version 11.00
# Visual Studio 2010
Project("{2150E333-8FDC-42A3-9474-1A3956D46DE8}") = "(libjpeg_turbo)", "..\libjpeg_turbo", "{A9EB8559-7015-13E0-0462-D9901FC693FD}"
EndProject
Project("{2150E333-8FDC-42A3-9474-1A3956D46DE8}") = "(libyuv)", ".", "{D4E593A9-FFD2-8D33-A44E-F419C0F3C281}"
EndProject
Project("{2150E333-8FDC-42A3-9474-1A3956D46DE8}") = "(testing)", "..\..\testing", "{EAC80D00-01D2-3F49-A377-20B7154947F3}"
EndProject
Project("{2150E333-8FDC-42A3-9474-1A3956D46DE8}") = "(third_party)", "..", "{89C816A7-DD31-D54C-C69C-5A80E0C49B77}"
EndProject
Project("{8BC9CEB8-8B4A-11D0-8D11-00A0C91BC942}") = "compare", "compare_win10_x86.vcxproj", "{10F5A3E1-008F-85FC-3737-4D3C6F38774A}"
EndProject
Project("{8BC9CEB8-8B4A-11D0-8D11-00A0C91BC942}") = "convert", "convert_win10_x86.vcxproj", "{0E8AF7C9-0D34-128C-963C-08286A0919DA}"
EndProject
Project("{8BC9CEB8-8B4A-11D0-8D11-00A0C91BC942}") = "cpuid", "cpuid_win10_x86.vcxproj", "{CB747347-BAC5-7CFF-8E29-5B77E69D04EC}"
EndProject
Project("{8BC9CEB8-8B4A-11D0-8D11-00A0C91BC942}") = "gflags", "..\gflags\gflags_win10_x86.vcxproj", "{6EA39524-7B8D-A55A-35B4-82D4354914D1}"
EndProject
Project("{8BC9CEB8-8B4A-11D0-8D11-00A0C91BC942}") = "gtest", "..\..\testing\gtest_win10_x86.vcxproj", "{E06B59EA-2FA1-7299-CB4A-1ED98EF133BA}"
EndProject
Project("{8BC9CEB8-8B4A-11D0-8D11-00A0C91BC942}") = "gtest_prod", "..\..\testing\gtest_prod_win10_x86.vcxproj", "{971C979A-D81E-75DD-DFC6-CCD04C250F01}"
EndProject
Project("{8BC9CEB8-8B4A-11D0-8D11-00A0C91BC942}") = "libjpeg", "..\libjpeg_turbo\libjpeg_win10_x86.vcxproj", "{0309311E-A51B-57B8-A527-4EE433DBE95B}"
EndProject
Project("{8BC9CEB8-8B4A-11D0-8D11-00A0C91BC942}") = "libyuv", "libyuv_win10_x86.vcxproj", "{E2C2F025-6299-71CE-B160-339987D245E9}"
EndProject
Project("{8BC9CEB8-8B4A-11D0-8D11-00A0C91BC942}") = "libyuv_unittest", "libyuv_unittest_win10_x86.vcxproj", "{C8A624B9-F7CD-769E-9CD1-15FC38E66350}"
EndProject
Project("{8BC9CEB8-8B4A-11D0-8D11-00A0C91BC942}") = "psnr", "psnr_win10_x86.vcxproj", "{3F92D33C-8452-5FCE-C7AC-D1E8A690BBA0}"
EndProject
Global
	GlobalSection(SolutionConfigurationPlatforms) = preSolution
		Debug|Win32 = Debug|Win32
		Debug|x64 = Debug|x64
		Debug|ARM = Debug|ARM
		Release|ARM = Release|ARM
		Release|x64 = Release|x64
		Release|Win32 = Release|Win32
	EndGlobalSection
	GlobalSection(ProjectConfigurationPlatforms) = postSolution
		{0309311E-A51B-57B8-A527-4EE433DBE95B}.Debug|Win32.ActiveCfg = Debug|Win32
		{0309311E-A51B-57B8-A527-4EE433DBE95B}.Debug|Win32.Build.0 = Debug|Win32
		{0309311E-A51B-57B8-A527-4EE433DBE95B}.Debug|x64.ActiveCfg = Debug|x64
		{0309311E-A51B-57B8-A527-4EE433DBE95B}.Debug|x64.Build.0 = Debug|x64
		{0309311E-A51B-57B8-A527-4EE433DBE95B}.Debug|ARM.ActiveCfg = Debug|ARM
		{0309311E-A51B-57B8-A527-4EE433DBE95B}.Debug|ARM.Build.0 = Debug|ARM
		{0309311E-A51B-57B8-A527-4EE433DBE95B}.Release|ARM.ActiveCfg = Release|ARM
		{0309311E-A51B-57B8-A527-4EE433DBE95B}.Release|ARM.Build.0 = Release|ARM
		{0309311E-A51B-57B8-A527-4EE433DBE95B}.Release|x64.ActiveCfg = Release|x64
		{0309311E-A51B-57B8-A527-4EE433DBE95B}.Release|x64.Build.0 = Release|x64
		{0309311E-A51B-57B8-A527-4EE433DBE95B}.Release|Win32.ActiveCfg = Release|Win32
		{0309311E-A51B-57B8-A527-4EE433DBE95B}.Release|Win32.Build.0 = Release|Win32
		{0E8AF7C9-0D34-128C-963C-08286A0919DA}.Debug|Win32.ActiveCfg = Debug|Win32
		{0E8AF7C9-0D34-128C-963C-08286A0919DA}.Debug|Win32.Build.0 = Debug|Win32
		{0E8AF7C9-0D34-128C-963C-08286A0919DA}.Debug|Win32.Deploy.0 = Debug|Win32
		{0E8AF7C9-0D34-128C-963C-08286A0919DA}.Debug|x64.ActiveCfg = Debug|x64
		{0E8AF7C9-0D34-128C-963C-08286A0919DA}.Debug|x64.Build.0 = Debug|x64
		{0E8AF7C9-0D34-128C-963C-08286A0919DA}.Debug|x64.Deploy.0 = Debug|x64
		{0E8AF7C9-0D34-128C-963C-08286A0919DA}.Debug|ARM.ActiveCfg = Debug|ARM
		{0E8AF7C9-0D34-128C-963C-08286A0919DA}.Debug|ARM.Build.0 = Debug|ARM
		{0E8AF7C9-0D34-128C-963C-08286A0919DA}.Debug|ARM.Deploy.0 = Debug|ARM
		{0E8AF7C9-0D34-128C-963C-08286A0919DA}.Release|ARM.ActiveCfg = Release|ARM
		{0E8AF7C9-0D34-128C-963C-08286A0919DA}.Release|ARM.Build.0 = Release|ARM
		{0E8AF7C9-0D34-128C-963C-08286A0919DA}.Release|ARM.Deploy.0 = Release|ARM
		{0E8AF7C9-0D34-128C-963C-08286A0919DA}.Release|x64.ActiveCfg = Release|x64
		{0E8AF7C9-0D34-128C-963C-08286A0919DA}.Release|x64.Build.0 = Release|x64
		{0E8AF7C9-0D34-128C-963C-08286A0919DA}.Release|x64.Deploy.0 = Release|x64
		{0E8AF7C9-0D34-128C-963C-08286A0919DA}.Release|Win32.ActiveCfg = Release|Win32
		{0E8AF7C9-0D34-128C-963C-08286A0919DA}.Release|Win32.Build.0 = Release|Win32
		{0E8AF7C9-0D34-128C-963C-08286A0919DA}.Release|Win32.Deploy.0 = Release|Win32
		{10F5A3E1-008F-85FC-3737-4D3C6F38774A}.Debug|Win32.ActiveCfg = Debug|Win32
		{10F5A3E1-008F-85FC-3737-4D3C6F38774A}.Debug|Win32.Build.0 = Debug|Win32
		{10F5A3E1-008F-85FC-3737-4D3C6F38774A}.Debug|Win32.Deploy.0 = Debug|Win32
		{10F5A3E1-008F-85FC-3737-4D3C6F38774A}.Debug|x64.ActiveCfg = Debug|x64
		{10F5A3E1-008F-85FC-3737-4D3C6F38774A}.Debug|x64.Build.0 = Debug|x64
		{10F5A3E1-008F-85FC-3737-4D3C6F38774A}.Debug|x64.Deploy.0 = Debug|x64
		{10F5A3E1-008F-85FC-3737-4D3C6F38774A}.Debug|ARM.ActiveCfg = Debug|ARM
		{10F5A3E1-008F-85FC-3737-4D3C6F38774A}.Debug|ARM.Build.0 = Debug|ARM
		{10F5A3E1-008F-85FC-3737-4D3C6F38774A}.Debug|ARM.Deploy.0 = Debug|ARM
		{10F5A3E1-008F-85FC-3737-4D3C6F38774A}.Release|ARM.ActiveCfg = Release|ARM
		{10F5A3E1-008F-85FC-3737-4D3C6F38774A}.Release|ARM.Build.0 = Release|ARM
		{10F5A3E1-008F-85FC-3737-4D3C6F38774A}.Release|ARM.Deploy.0 = Release|ARM
		{10F5A3E1-008F-85FC-3737-4D3C6F38774A}.Release|x64.ActiveCfg = Release|x64
		{10F5A3E1-008F-85FC-3737-4D3C6F38774A}.Release|x64.Build.0 = Release|x64
		{10F5A3E1-008F-85FC-3737-4D3C6F38774A}.Release|x64.Deploy.0 = Release|x64
		{10F5A3E1-008F-85FC-3737-4D3C6F38774A}.Release|Win32.ActiveCfg = Release|Win32
		{10F5A3E1-008F-85FC-3737-4D3C6F38774A}.Release|Win32.Build.0 = Release|Win32
		{10F5A3E1-008F-85FC-3737-4D3C6F38774A}.Release|Win32.Deploy.0 = Release|Win32
		{3F92D33C-8452-5FCE-C7AC-D1E8A690BBA0}.Debug|Win32.ActiveCfg = Debug|Win32
		{3F92D33C-8452-5FCE-C7AC-D1E8A690BBA0}.Debug|Win32.Build.0 = Debug|Win32
		{3F92D33C-8452-5FCE-C7AC-D1E8A690BBA0}.Debug|Win32.Deploy.0 = Debug|Win32
		{3F92D33C-8452-5FCE-C7AC-D1E8A690BBA0}.Debug|x64.ActiveCfg = Debug|x64
		{3F92D33C-8452-5FCE-C7AC-D1E8A690BBA0}.Debug|x64.Build.0 = Debug|x64
		{3F92D33C-8452-5FCE-C7AC-D1E8A690BBA0}.Debug|x64.Deploy.0 = Debug|x64
		{3F92D33C-8452-5FCE-C7AC-D1E8A690BBA0}.Debug|ARM.ActiveCfg = Debug|ARM
		{3F92D33C-8452-5FCE-C7AC-D1E8A690BBA0}.Debug|ARM.Build.0 = Debug|ARM
		{3F92D33C-8452-5FCE-C7AC-D1E8A690BBA0}.Debug|ARM.Deploy.0 = Debug|ARM
		{3F92D33C-8452-5FCE-C7AC-D1E8A690BBA0}.Release|ARM.ActiveCfg = Release|ARM
		{3F92D33C-8452-5FCE-C7AC-D1E8A690BBA0}.Release|ARM.Build.0 = Release|ARM
		{3F92D33C-8452-5FCE-C7AC-D1E8A690BBA0}.Release|ARM.Deploy.0 = Release|ARM
		{3F92D33C-8452-5FCE-C7AC-D1E8A690BBA0}.Release|x64.ActiveCfg = Release|x64
		{3F92D33C-8452-5FCE-C7AC-D1E8A690BBA0}.Release|x64.Build.0 = Release|x64
		{3F92D33C-8452-5FCE-C7AC-D1E8A690BBA0}.Release|x64.Deploy.0 = Release|x64
		{3F92D33C-8452-5FCE-C7AC-D1E8A690BBA0}.Release|Win32.ActiveCfg = Release|Win32
		{3F92D33C-8452-5FCE-C7AC-D1E8A690BBA0}.Release|Win32.Build.0 = Release|Win32
		{3F92D33C-8452-5FCE-C7AC-D1E8A690BBA0}.Release|Win32.Deploy.0 = Release|Win32
		{6EA39524-7B8D-A55A-35B4-82D4354914D1}.Debug|Win32.ActiveCfg = Debug|Win32
		{6EA39524-7B8D-A55A-35B4-82D4354914D1}.Debug|Win32.Build.0 = Debug|Win32
		{6EA39524-7B8D-A55A-35B4-82D4354914D1}.Debug|x64.ActiveCfg = Debug|x64
		{6EA39524-7B8D-A55A-35B4-82D4354914D1}.Debug|x64.Build.0 = Debug|x64
		{6EA39524-7B8D-A55A-35B4-82D4354914D1}.Debug|ARM.ActiveCfg = Debug|ARM
		{6EA39524-7B8D-A55A-35B4-82D4354914D1}.Debug|ARM.Build.0 = Debug|ARM
		{6EA39524-7B8D-A55A-35B4-82D4354914D1}.Release|ARM.ActiveCfg = Release|ARM
		{6EA39524-7B8D-A55A-35B4-82D4354914D1}.Release|ARM.Build.0 = Release|ARM
		{6EA39524-7B8D-A55A-35B4-82D4354914D1}.Release|x64.ActiveCfg = Release|x64
		{6EA39524-7B8D-A55A-35B4-82D4354914D1}.Release|x64.Build.0 = Release|x64
		{6EA39524-7B8D-A55A-35B4-82D4354914D1}.Release|Win32.ActiveCfg = Release|Win32
		{6EA39524-7B8D-A55A-35B4-82D4354914D1}.Release|Win32.Build.0 = Release|Win32
		{971C979A-D81E-75DD-DFC6-CCD04C250F01}.Debug|Win32.ActiveCfg = Debug|Win32
		{971C979A-D81E-75DD-DFC6-CCD04C250F01}.Debug|Win32.Build.0 = Debug|Win32
		{971C979A-D81E-75DD-DFC6-CCD04C250F01}.Debug|x64.ActiveCfg = Debug|x64
		{971C979A-D81E-75DD-DFC6-CCD04C250F01}.Debug|x64.Build.0 = Debug|x64
		{971C979A-D81E-75DD-DFC6-CCD04C250F01}.Debug|ARM.ActiveCfg = Debug|ARM
		{971C979A-D81E-75DD-DFC6-CCD04C250F01}.Debug|ARM.Build.0 = Debug|ARM
		{971C979A-D81E-75DD-DFC6-CCD04C250F01}.Release|ARM.ActiveCfg = Release|ARM
		{971C979A-D81E-75DD-DFC6-CCD04C250F01}.Release|ARM.Build.0 = Release|ARM
		{971C979A-D81E-75DD-DFC6-CCD04C250F01}.Release|x64.ActiveCfg = Release|x64
		{971C979A-D81E-75DD-DFC6-CCD04C250F01}.Release|x64.Build.0 = Release|x64
		{971C979A-D81E-75DD-DFC6-CCD04C250F01}.Release|Win32.ActiveCfg = Release|Win32
		{971C979A-D81E-75DD-DFC6-CCD04C250F01}.Release|Win32.Build.0 = Release|Win32
		{C8A624B9-F7CD-769E-9CD1-15FC38E66350}.Debug|Win32.ActiveCfg = Debug|Win32
		{C8A624B9-F7CD-769E-9CD1-15FC38E66350}.Debug|Win32.Build.0 = Debug|Win32
		{C8A624B9-F7CD-769E-9CD1-15FC38E66350}.Debug|x64.ActiveCfg = Debug|x64
		{C8A624B9-F7CD-769E-9CD1-15FC38E66350}.Debug|x64.Build.0 = Debug|x64
		{C8A624B9-F7CD-769E-9CD1-15FC38E66350}.Debug|ARM.ActiveCfg = Debug|ARM
		{C8A624B9-F7CD-769E-9CD1-15FC38E66350}.Debug|ARM.Build.0 = Debug|ARM
		{C8A624B9-F7CD-769E-9CD1-15FC38E66350}.Release|ARM.ActiveCfg = Release|ARM
		{C8A624B9-F7CD-769E-9CD1-15FC38E66350}.Release|ARM.Build.0 = Release|ARM
		{C8A624B9-F7CD-769E-9CD1-15FC38E66350}.Release|x64.ActiveCfg = Release|x64
		{C8A624B9-F7CD-769E-9CD1-15FC38E66350}.Release|x64.Build.0 = Release|x64
		{C8A624B9-F7CD-769E-9CD1-15FC38E66350}.Release|Win32.ActiveCfg = Release|Win32
		{C8A624B9-F7CD-769E-9CD1-15FC38E66350}.Release|Win32.Build.0 = Release|Win32
		{CB747347-BAC5-7CFF-8E29-5B77E69D04EC}.Debug|Win32.ActiveCfg = Debug|Win32
		{CB747347-BAC5-7CFF-8E29-5B77E69D04EC}.Debug|Win32.Build.0 = Debug|Win32
		{CB747347-BAC5-7CFF-8E29-5B77E69D04EC}.Debug|Win32.Deploy.0 = Debug|Win32
		{CB747347-BAC5-7CFF-8E29-5B77E69D04EC}.Debug|x64.ActiveCfg = Debug|x64
		{CB747347-BAC5-7CFF-8E29-5B77E69D04EC}.Debug|x64.Build.0 = Debug|x64
		{CB747347-BAC5-7CFF-8E29-5B77E69D04EC}.Debug|x64.Deploy.0 = Debug|x64
		{CB747347-BAC5-7CFF-8E29-5B77E69D04EC}.Debug|ARM.ActiveCfg = Debug|ARM
		{CB747347-BAC5-7CFF-8E29-5B77E69D04EC}.Debug|ARM.Build.0 = Debug|ARM
		{CB747347-BAC5-7CFF-8E29-5B77E69D04EC}.Debug|ARM.Deploy.0 = Debug|ARM
		{CB747347-BAC5-7CFF-8E29-5B77E69D04EC}.Release|ARM.ActiveCfg = Release|ARM
		{CB747347-BAC5-7CFF-8E29-5B77E69D04EC}.Release|ARM.Build.0 = Release|ARM
		{CB747347-BAC5-7CFF-8E29-5B77E69D04EC}.Release|ARM.Deploy.0 = Release|ARM
		{CB747347-BAC5-7CFF-8E29-5B77E69D04EC}.Release|x64.ActiveCfg = Release|x64
		{CB747347-BAC5-7CFF-8E29-5B77E69D04EC}.Release|x64.Build.0 = Release|x64
		{CB747347-BAC5-7CFF-8E29-5B77E69D04EC}.Release|x64.Deploy.0 = Release|x64
		{CB747347-BAC5-7CFF-8E29-5B77E69D04EC}.Release|Win32.ActiveCfg = Release|Win32
		{CB747347-BAC5-7CFF-8E29-5B77E69D04EC}.Release|Win32.Build.0 = Release|Win32
		{CB747347-BAC5-7CFF-8E29-5B77E69D04EC}.Release|Win32.Deploy.0 = Release|Win32
		{E06B59EA-2FA1-7299-CB4A-1ED98EF133BA}.Debug|Win32.ActiveCfg = Debug|Win32
		{E06B59EA-2FA1-7299-CB4A-1ED98EF133BA}.Debug|Win32.Build.0 = Debug|Win32
		{E06B59EA-2FA1-7299-CB4A-1ED98EF133BA}.Debug|x64.ActiveCfg = Debug|x64
		{E06B59EA-2FA1-7299-CB4A-1ED98EF133BA}.Debug|x64.Build.0 = Debug|x64
		{E06B59EA-2FA1-7299-CB4A-1ED98EF133BA}.Debug|ARM.ActiveCfg = Debug|ARM
		{E06B59EA-2FA1-7299-CB4A-1ED98EF133BA}.Debug|ARM.Build.0 = Debug|ARM
		{E06B59EA-2FA1-7299-CB4A-1ED98EF133BA}.Release|ARM.ActiveCfg = Release|ARM
		{E06B59EA-2FA1-7299-CB4A-1ED98EF133BA}.Release|ARM.Build.0 = Release|ARM
		{E06B59EA-2FA1-7299-CB4A-1ED98EF133BA}.Release|x64.ActiveCfg = Release|x64
		{E06B59EA-2FA1-7299-CB4A-1ED98EF133BA}.Release|x64.Build.0 = Release|x64
		{E06B59EA-2FA1-7299-CB4A-1ED98EF133BA}.Release|Win32.ActiveCfg = Release|Win32
		{E06B59EA-2FA1-7299-CB4A-1ED98EF133BA}.Release|Win32.Build.0 = Release|Win32
		{E2C2F025-6299-71CE-B160-339987D245E9}.Debug|Win32.ActiveCfg = Debug|Win32
		{E2C2F025-6299-71CE-B160-339987D245E9}.Debug|Win32.Build.0 = Debug|Win32
		{E2C2F025-6299-71CE-B160-339987D245E9}.Debug|x64.ActiveCfg = Debug|x64
		{E2C2F025-6299-71CE-B160-339987D245E9}.Debug|x64.Build.0 = Debug|x64
		{E2C2F025-6299-71CE-B160-339987D245E9}.Debug|ARM.ActiveCfg = Debug|ARM
		{E2C2F025-6299-71CE-B160-339987D245E9}.Debug|ARM.Build.0 = Debug|ARM
		{E2C2F025-6299-71CE-B160-339987D245E9}.Release|ARM.ActiveCfg = Release|ARM
		{E2C2F025-6299-71CE-B160-339987D245E9}.Release|ARM.Build.0 = Release|ARM
		{E2C2F025-6299-71CE-B160-339987D245E9}.Release|x64.ActiveCfg = Release|x64
		{E2C2F025-6299-71CE-B160-339987D245E9}.Release|x64.Build.0 = Release|x64
		{E2C2F025-6299-71CE-B160-339987D245E9}.Release|Win32.ActiveCfg = Release|Win32
		{E2C2F025-6299-71CE-B160-339987D245E9}.Release|Win32.Build.0 = Release|Win32
	EndGlobalSection
	GlobalSection(SolutionProperties) = preSolution
		HideSolutionNode = FALSE
	EndGlobalSection
	GlobalSection(NestedProjects) = preSolution
		{0309311E-A51B-57B8-A527-4EE433DBE95B} = {A9EB8559-7015-13E0-0462-D9901FC693FD}
		{10F5A3E1-008F-85FC-3737-4D3C6F38774A} = {D4E593A9-FFD2-8D33-A44E-F419C0F3C281}
		{0E8AF7C9-0D34-128C-963C-08286A0919DA} = {D4E593A9-FFD2-8D33-A44E-F419C0F3C281}
		{CB747347-BAC5-7CFF-8E29-5B77E69D04EC} = {D4E593A9-FFD2-8D33-A44E-F419C0F3C281}
		{E2C2F025-6299-71CE-B160-339987D245E9} = {D4E593A9-FFD2-8D33-A44E-F419C0F3C281}
		{C8A624B9-F7CD-769E-9CD1-15FC38E66350} = {D4E593A9-FFD2-8D33-A44E-F419C0F3C281}
		{3F92D33C-8452-5FCE-C7AC-D1E8A690BBA0} = {D4E593A9-FFD2-8D33-A44E-F419C0F3C281}
		{E06B59EA-2FA1-7299-CB4A-1ED98EF133BA} = {EAC80D00-01D2-3F49-A377-20B7154947F3}
		{971C979A-D81E-75DD-DFC6-CCD04C250F01} = {EAC80D00-01D2-3F49-A377-20B7154947F3}
		{A9EB8559-7015-13E0-0462-D9901FC693FD} = {89C816A7-DD31-D54C-C69C-5A80E0C49B77}
		{D4E593A9-FFD2-8D33-A44E-F419C0F3C281} = {89C816A7-DD31-D54C-C69C-5A80E0C49B77}
		{6EA39524-7B8D-A55A-35B4-82D4354914D1} = {89C816A7-DD31-D54C-C69C-5A80E0C49B77}
	EndGlobalSection
EndGlobal
