Microsoft Visual Studio Solution File, Format Version 11.00
# Visual Studio 2010
Project("{2150E333-8FDC-42A3-9474-1A3956D46DE8}") = "(base)", "..\base", "{1AF5C76A-46B7-C085-8BC3-35371233CE99}"
EndProject
Project("{2150E333-8FDC-42A3-9474-1A3956D46DE8}") = "(libjpeg_turbo)", "..\..\third_party\libjpeg_turbo", "{A9EB8559-7015-13E0-0462-D9901FC693FD}"
EndProject
Project("{2150E333-8FDC-42A3-9474-1A3956D46DE8}") = "(system_wrappers)", ".", "{C22DCE09-BE8E-C79C-FFD0-C3927B546C91}"
EndProject
Project("{2150E333-8FDC-42A3-9474-1A3956D46DE8}") = "(test)", "..\test", "{46835DB2-71BA-66C0-5A55-04D9E2C70AA8}"
EndProject
Project("{2150E333-8FDC-42A3-9474-1A3956D46DE8}") = "(testing)", "..\..\testing", "{EAC80D00-01D2-3F49-A377-20B7154947F3}"
EndProject
Project("{2150E333-8FDC-42A3-9474-1A3956D46DE8}") = "(third_party)", "..\..\third_party", "{89C816A7-DD31-D54C-C69C-5A80E0C49B77}"
EndProject
Project("{2150E333-8FDC-42A3-9474-1A3956D46DE8}") = "(webrtc)", "..", "{FB3E20CC-9516-F7D2-EFF7-C27ABDCA54B9}"
EndProject
Project("{8BC9CEB8-8B4A-11D0-8D11-00A0C91BC942}") = "common_video", "..\common_video\common_video_win10_arm.vcxproj", "{6549BF80-56B3-357F-0BBC-2FB92BE2B2AA}"
EndProject
Project("{8BC9CEB8-8B4A-11D0-8D11-00A0C91BC942}") = "field_trial", "..\test\field_trial_win10_arm.vcxproj", "{ED002331-1B19-4746-E5DE-A2B5336FFCA4}"
EndProject
Project("{8BC9CEB8-8B4A-11D0-8D11-00A0C91BC942}") = "field_trial_default", "field_trial_default_win10_arm.vcxproj", "{2E8461E7-CD4E-D4D9-A610-FB050DCE3515}"
EndProject
Project("{8BC9CEB8-8B4A-11D0-8D11-00A0C91BC942}") = "gflags", "..\..\third_party\gflags\gflags_win10_arm.vcxproj", "{778787FF-69D6-D8AB-AC62-5EB60EDEBDE8}"
EndProject
Project("{8BC9CEB8-8B4A-11D0-8D11-00A0C91BC942}") = "gmock", "..\..\testing\gmock_win10_arm.vcxproj", "{80EDE477-1C11-AFF4-B4FF-16E3050C78D2}"
EndProject
Project("{8BC9CEB8-8B4A-11D0-8D11-00A0C91BC942}") = "gtest", "..\..\testing\gtest_win10_arm.vcxproj", "{37104FB7-7D73-97B5-71E3-B0A46DB556C1}"
EndProject
Project("{8BC9CEB8-8B4A-11D0-8D11-00A0C91BC942}") = "gtest_prod", "..\..\testing\gtest_prod_win10_arm.vcxproj", "{32F32770-ADEF-77BA-17B3-1E7804AC9294}"
EndProject
Project("{8BC9CEB8-8B4A-11D0-8D11-00A0C91BC942}") = "libjpeg", "..\..\third_party\libjpeg_turbo\libjpeg_win10_arm.vcxproj", "{1D1D7524-3216-DA64-5496-CFD008DB53F3}"
EndProject
Project("{8BC9CEB8-8B4A-11D0-8D11-00A0C91BC942}") = "libyuv", "..\..\third_party\libyuv\libyuv_win10_arm.vcxproj", "{B59B0F79-BAB1-36E8-D038-1FC1F162301C}"
EndProject
Project("{8BC9CEB8-8B4A-11D0-8D11-00A0C91BC942}") = "metrics_default", "metrics_default_win10_arm.vcxproj", "{843D75BE-9AE3-DE0B-46E0-149CE49CD0C1}"
EndProject
Project("{8BC9CEB8-8B4A-11D0-8D11-00A0C91BC942}") = "rtc_base_approved", "..\base\rtc_base_approved_win10_arm.vcxproj", "{A2F92EA1-AF6E-7C5E-A985-E392C8BD498B}"
EndProject
Project("{8BC9CEB8-8B4A-11D0-8D11-00A0C91BC942}") = "rtc_task_queue", "..\base\rtc_task_queue_win10_arm.vcxproj", "{0487EF88-0C5C-3636-F852-612D19ACD51E}"
EndProject
Project("{8BC9CEB8-8B4A-11D0-8D11-00A0C91BC942}") = "system_wrappers", "system_wrappers_win10_arm.vcxproj", "{2CD188FD-2E36-3AA5-2315-B3E205707387}"
EndProject
Project("{8BC9CEB8-8B4A-11D0-8D11-00A0C91BC942}") = "system_wrappers_unittests", "system_wrappers_unittests_win10_arm.vcxproj", "{33A79855-2845-9B05-EB1F-CEF60D1892D4}"
EndProject
Project("{8BC9CEB8-8B4A-11D0-8D11-00A0C91BC942}") = "system_wrappers_unittests_run", "system_wrappers_unittests_run_win10_arm.vcxproj", "{3A49B2C1-D704-9370-7942-F78468D94194}"
EndProject
Project("{8BC9CEB8-8B4A-11D0-8D11-00A0C91BC942}") = "test_support", "..\test\test_support_win10_arm.vcxproj", "{95EE8572-22F7-BA35-68EB-F047AD11F008}"
EndProject
Project("{8BC9CEB8-8B4A-11D0-8D11-00A0C91BC942}") = "test_support_main", "..\test\test_support_main_win10_arm.vcxproj", "{91E52467-D67E-858B-B0BF-FDDA8000F1F3}"
EndProject
Project("{8BC9CEB8-8B4A-11D0-8D11-00A0C91BC942}") = "webrtc_common", "..\webrtc_common_win10_arm.vcxproj", "{C5B35943-9ACD-0866-771E-B481B8A3D274}"
EndProject
Global
	GlobalSection(SolutionConfigurationPlatforms) = preSolution
		Debug|ARM = Debug|ARM
		Debug|Win32 = Debug|Win32
		Release|ARM = Release|ARM
		Release|Win32 = Release|Win32
	EndGlobalSection
	GlobalSection(ProjectConfigurationPlatforms) = postSolution
		{0487EF88-0C5C-3636-F852-612D19ACD51E}.Debug|ARM.ActiveCfg = Debug|ARM
		{0487EF88-0C5C-3636-F852-612D19ACD51E}.Debug|ARM.Build.0 = Debug|ARM
		{0487EF88-0C5C-3636-F852-612D19ACD51E}.Debug|Win32.ActiveCfg = Debug|Win32
		{0487EF88-0C5C-3636-F852-612D19ACD51E}.Debug|Win32.Build.0 = Debug|Win32
		{0487EF88-0C5C-3636-F852-612D19ACD51E}.Release|ARM.ActiveCfg = Release|ARM
		{0487EF88-0C5C-3636-F852-612D19ACD51E}.Release|ARM.Build.0 = Release|ARM
		{0487EF88-0C5C-3636-F852-612D19ACD51E}.Release|Win32.ActiveCfg = Release|Win32
		{0487EF88-0C5C-3636-F852-612D19ACD51E}.Release|Win32.Build.0 = Release|Win32
		{1D1D7524-3216-DA64-5496-CFD008DB53F3}.Debug|ARM.ActiveCfg = Debug|ARM
		{1D1D7524-3216-DA64-5496-CFD008DB53F3}.Debug|ARM.Build.0 = Debug|ARM
		{1D1D7524-3216-DA64-5496-CFD008DB53F3}.Debug|Win32.ActiveCfg = Debug|Win32
		{1D1D7524-3216-DA64-5496-CFD008DB53F3}.Debug|Win32.Build.0 = Debug|Win32
		{1D1D7524-3216-DA64-5496-CFD008DB53F3}.Release|ARM.ActiveCfg = Release|ARM
		{1D1D7524-3216-DA64-5496-CFD008DB53F3}.Release|ARM.Build.0 = Release|ARM
		{1D1D7524-3216-DA64-5496-CFD008DB53F3}.Release|Win32.ActiveCfg = Release|Win32
		{1D1D7524-3216-DA64-5496-CFD008DB53F3}.Release|Win32.Build.0 = Release|Win32
		{2CD188FD-2E36-3AA5-2315-B3E205707387}.Debug|ARM.ActiveCfg = Debug|ARM
		{2CD188FD-2E36-3AA5-2315-B3E205707387}.Debug|ARM.Build.0 = Debug|ARM
		{2CD188FD-2E36-3AA5-2315-B3E205707387}.Debug|Win32.ActiveCfg = Debug|Win32
		{2CD188FD-2E36-3AA5-2315-B3E205707387}.Debug|Win32.Build.0 = Debug|Win32
		{2CD188FD-2E36-3AA5-2315-B3E205707387}.Release|ARM.ActiveCfg = Release|ARM
		{2CD188FD-2E36-3AA5-2315-B3E205707387}.Release|ARM.Build.0 = Release|ARM
		{2CD188FD-2E36-3AA5-2315-B3E205707387}.Release|Win32.ActiveCfg = Release|Win32
		{2CD188FD-2E36-3AA5-2315-B3E205707387}.Release|Win32.Build.0 = Release|Win32
		{2E8461E7-CD4E-D4D9-A610-FB050DCE3515}.Debug|ARM.ActiveCfg = Debug|ARM
		{2E8461E7-CD4E-D4D9-A610-FB050DCE3515}.Debug|ARM.Build.0 = Debug|ARM
		{2E8461E7-CD4E-D4D9-A610-FB050DCE3515}.Debug|Win32.ActiveCfg = Debug|Win32
		{2E8461E7-CD4E-D4D9-A610-FB050DCE3515}.Debug|Win32.Build.0 = Debug|Win32
		{2E8461E7-CD4E-D4D9-A610-FB050DCE3515}.Release|ARM.ActiveCfg = Release|ARM
		{2E8461E7-CD4E-D4D9-A610-FB050DCE3515}.Release|ARM.Build.0 = Release|ARM
		{2E8461E7-CD4E-D4D9-A610-FB050DCE3515}.Release|Win32.ActiveCfg = Release|Win32
		{2E8461E7-CD4E-D4D9-A610-FB050DCE3515}.Release|Win32.Build.0 = Release|Win32
		{32F32770-ADEF-77BA-17B3-1E7804AC9294}.Debug|ARM.ActiveCfg = Debug|ARM
		{32F32770-ADEF-77BA-17B3-1E7804AC9294}.Debug|ARM.Build.0 = Debug|ARM
		{32F32770-ADEF-77BA-17B3-1E7804AC9294}.Debug|Win32.ActiveCfg = Debug|Win32
		{32F32770-ADEF-77BA-17B3-1E7804AC9294}.Debug|Win32.Build.0 = Debug|Win32
		{32F32770-ADEF-77BA-17B3-1E7804AC9294}.Release|ARM.ActiveCfg = Release|ARM
		{32F32770-ADEF-77BA-17B3-1E7804AC9294}.Release|ARM.Build.0 = Release|ARM
		{32F32770-ADEF-77BA-17B3-1E7804AC9294}.Release|Win32.ActiveCfg = Release|Win32
		{32F32770-ADEF-77BA-17B3-1E7804AC9294}.Release|Win32.Build.0 = Release|Win32
		{33A79855-2845-9B05-EB1F-CEF60D1892D4}.Debug|ARM.ActiveCfg = Debug|ARM
		{33A79855-2845-9B05-EB1F-CEF60D1892D4}.Debug|ARM.Build.0 = Debug|ARM
		{33A79855-2845-9B05-EB1F-CEF60D1892D4}.Debug|Win32.ActiveCfg = Debug|Win32
		{33A79855-2845-9B05-EB1F-CEF60D1892D4}.Debug|Win32.Build.0 = Debug|Win32
		{33A79855-2845-9B05-EB1F-CEF60D1892D4}.Release|ARM.ActiveCfg = Release|ARM
		{33A79855-2845-9B05-EB1F-CEF60D1892D4}.Release|ARM.Build.0 = Release|ARM
		{33A79855-2845-9B05-EB1F-CEF60D1892D4}.Release|Win32.ActiveCfg = Release|Win32
		{33A79855-2845-9B05-EB1F-CEF60D1892D4}.Release|Win32.Build.0 = Release|Win32
		{37104FB7-7D73-97B5-71E3-B0A46DB556C1}.Debug|ARM.ActiveCfg = Debug|ARM
		{37104FB7-7D73-97B5-71E3-B0A46DB556C1}.Debug|ARM.Build.0 = Debug|ARM
		{37104FB7-7D73-97B5-71E3-B0A46DB556C1}.Debug|Win32.ActiveCfg = Debug|Win32
		{37104FB7-7D73-97B5-71E3-B0A46DB556C1}.Debug|Win32.Build.0 = Debug|Win32
		{37104FB7-7D73-97B5-71E3-B0A46DB556C1}.Release|ARM.ActiveCfg = Release|ARM
		{37104FB7-7D73-97B5-71E3-B0A46DB556C1}.Release|ARM.Build.0 = Release|ARM
		{37104FB7-7D73-97B5-71E3-B0A46DB556C1}.Release|Win32.ActiveCfg = Release|Win32
		{37104FB7-7D73-97B5-71E3-B0A46DB556C1}.Release|Win32.Build.0 = Release|Win32
		{3A49B2C1-D704-9370-7942-F78468D94194}.Debug|ARM.ActiveCfg = Debug|ARM
		{3A49B2C1-D704-9370-7942-F78468D94194}.Debug|ARM.Build.0 = Debug|ARM
		{3A49B2C1-D704-9370-7942-F78468D94194}.Debug|Win32.ActiveCfg = Debug|Win32
		{3A49B2C1-D704-9370-7942-F78468D94194}.Debug|Win32.Build.0 = Debug|Win32
		{3A49B2C1-D704-9370-7942-F78468D94194}.Release|ARM.ActiveCfg = Release|ARM
		{3A49B2C1-D704-9370-7942-F78468D94194}.Release|ARM.Build.0 = Release|ARM
		{3A49B2C1-D704-9370-7942-F78468D94194}.Release|Win32.ActiveCfg = Release|Win32
		{3A49B2C1-D704-9370-7942-F78468D94194}.Release|Win32.Build.0 = Release|Win32
		{6549BF80-56B3-357F-0BBC-2FB92BE2B2AA}.Debug|ARM.ActiveCfg = Debug|ARM
		{6549BF80-56B3-357F-0BBC-2FB92BE2B2AA}.Debug|ARM.Build.0 = Debug|ARM
		{6549BF80-56B3-357F-0BBC-2FB92BE2B2AA}.Debug|Win32.ActiveCfg = Debug|Win32
		{6549BF80-56B3-357F-0BBC-2FB92BE2B2AA}.Debug|Win32.Build.0 = Debug|Win32
		{6549BF80-56B3-357F-0BBC-2FB92BE2B2AA}.Release|ARM.ActiveCfg = Release|ARM
		{6549BF80-56B3-357F-0BBC-2FB92BE2B2AA}.Release|ARM.Build.0 = Release|ARM
		{6549BF80-56B3-357F-0BBC-2FB92BE2B2AA}.Release|Win32.ActiveCfg = Release|Win32
		{6549BF80-56B3-357F-0BBC-2FB92BE2B2AA}.Release|Win32.Build.0 = Release|Win32
		{778787FF-69D6-D8AB-AC62-5EB60EDEBDE8}.Debug|ARM.ActiveCfg = Debug|ARM
		{778787FF-69D6-D8AB-AC62-5EB60EDEBDE8}.Debug|ARM.Build.0 = Debug|ARM
		{778787FF-69D6-D8AB-AC62-5EB60EDEBDE8}.Debug|Win32.ActiveCfg = Debug|Win32
		{778787FF-69D6-D8AB-AC62-5EB60EDEBDE8}.Debug|Win32.Build.0 = Debug|Win32
		{778787FF-69D6-D8AB-AC62-5EB60EDEBDE8}.Release|ARM.ActiveCfg = Release|ARM
		{778787FF-69D6-D8AB-AC62-5EB60EDEBDE8}.Release|ARM.Build.0 = Release|ARM
		{778787FF-69D6-D8AB-AC62-5EB60EDEBDE8}.Release|Win32.ActiveCfg = Release|Win32
		{778787FF-69D6-D8AB-AC62-5EB60EDEBDE8}.Release|Win32.Build.0 = Release|Win32
		{80EDE477-1C11-AFF4-B4FF-16E3050C78D2}.Debug|ARM.ActiveCfg = Debug|ARM
		{80EDE477-1C11-AFF4-B4FF-16E3050C78D2}.Debug|ARM.Build.0 = Debug|ARM
		{80EDE477-1C11-AFF4-B4FF-16E3050C78D2}.Debug|Win32.ActiveCfg = Debug|Win32
		{80EDE477-1C11-AFF4-B4FF-16E3050C78D2}.Debug|Win32.Build.0 = Debug|Win32
		{80EDE477-1C11-AFF4-B4FF-16E3050C78D2}.Release|ARM.ActiveCfg = Release|ARM
		{80EDE477-1C11-AFF4-B4FF-16E3050C78D2}.Release|ARM.Build.0 = Release|ARM
		{80EDE477-1C11-AFF4-B4FF-16E3050C78D2}.Release|Win32.ActiveCfg = Release|Win32
		{80EDE477-1C11-AFF4-B4FF-16E3050C78D2}.Release|Win32.Build.0 = Release|Win32
		{843D75BE-9AE3-DE0B-46E0-149CE49CD0C1}.Debug|ARM.ActiveCfg = Debug|ARM
		{843D75BE-9AE3-DE0B-46E0-149CE49CD0C1}.Debug|ARM.Build.0 = Debug|ARM
		{843D75BE-9AE3-DE0B-46E0-149CE49CD0C1}.Debug|Win32.ActiveCfg = Debug|Win32
		{843D75BE-9AE3-DE0B-46E0-149CE49CD0C1}.Debug|Win32.Build.0 = Debug|Win32
		{843D75BE-9AE3-DE0B-46E0-149CE49CD0C1}.Release|ARM.ActiveCfg = Release|ARM
		{843D75BE-9AE3-DE0B-46E0-149CE49CD0C1}.Release|ARM.Build.0 = Release|ARM
		{843D75BE-9AE3-DE0B-46E0-149CE49CD0C1}.Release|Win32.ActiveCfg = Release|Win32
		{843D75BE-9AE3-DE0B-46E0-149CE49CD0C1}.Release|Win32.Build.0 = Release|Win32
		{91E52467-D67E-858B-B0BF-FDDA8000F1F3}.Debug|ARM.ActiveCfg = Debug|ARM
		{91E52467-D67E-858B-B0BF-FDDA8000F1F3}.Debug|ARM.Build.0 = Debug|ARM
		{91E52467-D67E-858B-B0BF-FDDA8000F1F3}.Debug|Win32.ActiveCfg = Debug|Win32
		{91E52467-D67E-858B-B0BF-FDDA8000F1F3}.Debug|Win32.Build.0 = Debug|Win32
		{91E52467-D67E-858B-B0BF-FDDA8000F1F3}.Release|ARM.ActiveCfg = Release|ARM
		{91E52467-D67E-858B-B0BF-FDDA8000F1F3}.Release|ARM.Build.0 = Release|ARM
		{91E52467-D67E-858B-B0BF-FDDA8000F1F3}.Release|Win32.ActiveCfg = Release|Win32
		{91E52467-D67E-858B-B0BF-FDDA8000F1F3}.Release|Win32.Build.0 = Release|Win32
		{95EE8572-22F7-BA35-68EB-F047AD11F008}.Debug|ARM.ActiveCfg = Debug|ARM
		{95EE8572-22F7-BA35-68EB-F047AD11F008}.Debug|ARM.Build.0 = Debug|ARM
		{95EE8572-22F7-BA35-68EB-F047AD11F008}.Debug|Win32.ActiveCfg = Debug|Win32
		{95EE8572-22F7-BA35-68EB-F047AD11F008}.Debug|Win32.Build.0 = Debug|Win32
		{95EE8572-22F7-BA35-68EB-F047AD11F008}.Release|ARM.ActiveCfg = Release|ARM
		{95EE8572-22F7-BA35-68EB-F047AD11F008}.Release|ARM.Build.0 = Release|ARM
		{95EE8572-22F7-BA35-68EB-F047AD11F008}.Release|Win32.ActiveCfg = Release|Win32
		{95EE8572-22F7-BA35-68EB-F047AD11F008}.Release|Win32.Build.0 = Release|Win32
		{A2F92EA1-AF6E-7C5E-A985-E392C8BD498B}.Debug|ARM.ActiveCfg = Debug|ARM
		{A2F92EA1-AF6E-7C5E-A985-E392C8BD498B}.Debug|ARM.Build.0 = Debug|ARM
		{A2F92EA1-AF6E-7C5E-A985-E392C8BD498B}.Debug|Win32.ActiveCfg = Debug|Win32
		{A2F92EA1-AF6E-7C5E-A985-E392C8BD498B}.Debug|Win32.Build.0 = Debug|Win32
		{A2F92EA1-AF6E-7C5E-A985-E392C8BD498B}.Release|ARM.ActiveCfg = Release|ARM
		{A2F92EA1-AF6E-7C5E-A985-E392C8BD498B}.Release|ARM.Build.0 = Release|ARM
		{A2F92EA1-AF6E-7C5E-A985-E392C8BD498B}.Release|Win32.ActiveCfg = Release|Win32
		{A2F92EA1-AF6E-7C5E-A985-E392C8BD498B}.Release|Win32.Build.0 = Release|Win32
		{B59B0F79-BAB1-36E8-D038-1FC1F162301C}.Debug|ARM.ActiveCfg = Debug|ARM
		{B59B0F79-BAB1-36E8-D038-1FC1F162301C}.Debug|ARM.Build.0 = Debug|ARM
		{B59B0F79-BAB1-36E8-D038-1FC1F162301C}.Debug|Win32.ActiveCfg = Debug|Win32
		{B59B0F79-BAB1-36E8-D038-1FC1F162301C}.Debug|Win32.Build.0 = Debug|Win32
		{B59B0F79-BAB1-36E8-D038-1FC1F162301C}.Release|ARM.ActiveCfg = Release|ARM
		{B59B0F79-BAB1-36E8-D038-1FC1F162301C}.Release|ARM.Build.0 = Release|ARM
		{B59B0F79-BAB1-36E8-D038-1FC1F162301C}.Release|Win32.ActiveCfg = Release|Win32
		{B59B0F79-BAB1-36E8-D038-1FC1F162301C}.Release|Win32.Build.0 = Release|Win32
		{C5B35943-9ACD-0866-771E-B481B8A3D274}.Debug|ARM.ActiveCfg = Debug|ARM
		{C5B35943-9ACD-0866-771E-B481B8A3D274}.Debug|ARM.Build.0 = Debug|ARM
		{C5B35943-9ACD-0866-771E-B481B8A3D274}.Debug|Win32.ActiveCfg = Debug|Win32
		{C5B35943-9ACD-0866-771E-B481B8A3D274}.Debug|Win32.Build.0 = Debug|Win32
		{C5B35943-9ACD-0866-771E-B481B8A3D274}.Release|ARM.ActiveCfg = Release|ARM
		{C5B35943-9ACD-0866-771E-B481B8A3D274}.Release|ARM.Build.0 = Release|ARM
		{C5B35943-9ACD-0866-771E-B481B8A3D274}.Release|Win32.ActiveCfg = Release|Win32
		{C5B35943-9ACD-0866-771E-B481B8A3D274}.Release|Win32.Build.0 = Release|Win32
		{ED002331-1B19-4746-E5DE-A2B5336FFCA4}.Debug|ARM.ActiveCfg = Debug|ARM
		{ED002331-1B19-4746-E5DE-A2B5336FFCA4}.Debug|ARM.Build.0 = Debug|ARM
		{ED002331-1B19-4746-E5DE-A2B5336FFCA4}.Debug|Win32.ActiveCfg = Debug|Win32
		{ED002331-1B19-4746-E5DE-A2B5336FFCA4}.Debug|Win32.Build.0 = Debug|Win32
		{ED002331-1B19-4746-E5DE-A2B5336FFCA4}.Release|ARM.ActiveCfg = Release|ARM
		{ED002331-1B19-4746-E5DE-A2B5336FFCA4}.Release|ARM.Build.0 = Release|ARM
		{ED002331-1B19-4746-E5DE-A2B5336FFCA4}.Release|Win32.ActiveCfg = Release|Win32
		{ED002331-1B19-4746-E5DE-A2B5336FFCA4}.Release|Win32.Build.0 = Release|Win32
	EndGlobalSection
	GlobalSection(SolutionProperties) = preSolution
		HideSolutionNode = FALSE
	EndGlobalSection
	GlobalSection(NestedProjects) = preSolution
		{A2F92EA1-AF6E-7C5E-A985-E392C8BD498B} = {1AF5C76A-46B7-C085-8BC3-35371233CE99}
		{0487EF88-0C5C-3636-F852-612D19ACD51E} = {1AF5C76A-46B7-C085-8BC3-35371233CE99}
		{1D1D7524-3216-DA64-5496-CFD008DB53F3} = {A9EB8559-7015-13E0-0462-D9901FC693FD}
		{2E8461E7-CD4E-D4D9-A610-FB050DCE3515} = {C22DCE09-BE8E-C79C-FFD0-C3927B546C91}
		{843D75BE-9AE3-DE0B-46E0-149CE49CD0C1} = {C22DCE09-BE8E-C79C-FFD0-C3927B546C91}
		{2CD188FD-2E36-3AA5-2315-B3E205707387} = {C22DCE09-BE8E-C79C-FFD0-C3927B546C91}
		{33A79855-2845-9B05-EB1F-CEF60D1892D4} = {C22DCE09-BE8E-C79C-FFD0-C3927B546C91}
		{3A49B2C1-D704-9370-7942-F78468D94194} = {C22DCE09-BE8E-C79C-FFD0-C3927B546C91}
		{ED002331-1B19-4746-E5DE-A2B5336FFCA4} = {46835DB2-71BA-66C0-5A55-04D9E2C70AA8}
		{95EE8572-22F7-BA35-68EB-F047AD11F008} = {46835DB2-71BA-66C0-5A55-04D9E2C70AA8}
		{91E52467-D67E-858B-B0BF-FDDA8000F1F3} = {46835DB2-71BA-66C0-5A55-04D9E2C70AA8}
		{80EDE477-1C11-AFF4-B4FF-16E3050C78D2} = {EAC80D00-01D2-3F49-A377-20B7154947F3}
		{37104FB7-7D73-97B5-71E3-B0A46DB556C1} = {EAC80D00-01D2-3F49-A377-20B7154947F3}
		{32F32770-ADEF-77BA-17B3-1E7804AC9294} = {EAC80D00-01D2-3F49-A377-20B7154947F3}
		{A9EB8559-7015-13E0-0462-D9901FC693FD} = {89C816A7-DD31-D54C-C69C-5A80E0C49B77}
		{778787FF-69D6-D8AB-AC62-5EB60EDEBDE8} = {89C816A7-DD31-D54C-C69C-5A80E0C49B77}
		{B59B0F79-BAB1-36E8-D038-1FC1F162301C} = {89C816A7-DD31-D54C-C69C-5A80E0C49B77}
		{1AF5C76A-46B7-C085-8BC3-35371233CE99} = {FB3E20CC-9516-F7D2-EFF7-C27ABDCA54B9}
		{C22DCE09-BE8E-C79C-FFD0-C3927B546C91} = {FB3E20CC-9516-F7D2-EFF7-C27ABDCA54B9}
		{46835DB2-71BA-66C0-5A55-04D9E2C70AA8} = {FB3E20CC-9516-F7D2-EFF7-C27ABDCA54B9}
		{6549BF80-56B3-357F-0BBC-2FB92BE2B2AA} = {FB3E20CC-9516-F7D2-EFF7-C27ABDCA54B9}
		{C5B35943-9ACD-0866-771E-B481B8A3D274} = {FB3E20CC-9516-F7D2-EFF7-C27ABDCA54B9}
	EndGlobalSection
EndGlobal
