Microsoft Visual Studio Solution File, Format Version 11.00
# Visual Studio 2010
Project("{2150E333-8FDC-42A3-9474-1A3956D46DE8}") = "(api)", "..\api", "{0FC76468-820A-C7AA-2EFE-9164C69008E9}"
EndProject
Project("{2150E333-8FDC-42A3-9474-1A3956D46DE8}") = "(base)", "..\base", "{1AF5C76A-46B7-C085-8BC3-35371233CE99}"
EndProject
Project("{2150E333-8FDC-42A3-9474-1A3956D46DE8}") = "(common_audio)", "..\common_audio", "{F4DBC581-D1BC-0F15-B59D-4DD93B16A165}"
EndProject
Project("{2150E333-8FDC-42A3-9474-1A3956D46DE8}") = "(dl)", "..\..\third_party\openmax_dl\dl", "{1D5C8A62-FC74-1322-F0E7-34A42BF8DFF2}"
EndProject
Project("{2150E333-8FDC-42A3-9474-1A3956D46DE8}") = "(libjpeg_turbo)", "..\..\third_party\libjpeg_turbo", "{A9EB8559-7015-13E0-0462-D9901FC693FD}"
EndProject
Project("{2150E333-8FDC-42A3-9474-1A3956D46DE8}") = "(modules)", "..\modules", "{D7F6AEC4-7DF6-3BA0-9018-2938860660D1}"
EndProject
Project("{2150E333-8FDC-42A3-9474-1A3956D46DE8}") = "(openmax_dl)", "..\..\third_party\openmax_dl", "{507E5067-1244-7038-8386-E84CBF3776CC}"
EndProject
Project("{2150E333-8FDC-42A3-9474-1A3956D46DE8}") = "(protobuf)", "..\..\third_party\protobuf", "{FF6C6E0D-F605-D848-8A79-B0ED90BBDB2F}"
EndProject
Project("{2150E333-8FDC-42A3-9474-1A3956D46DE8}") = "(system_wrappers)", "..\system_wrappers", "{C22DCE09-BE8E-C79C-FFD0-C3927B546C91}"
EndProject
Project("{2150E333-8FDC-42A3-9474-1A3956D46DE8}") = "(test)", "..\test", "{46835DB2-71BA-66C0-5A55-04D9E2C70AA8}"
EndProject
Project("{2150E333-8FDC-42A3-9474-1A3956D46DE8}") = "(testing)", "..\..\testing", "{EAC80D00-01D2-3F49-A377-20B7154947F3}"
EndProject
Project("{2150E333-8FDC-42A3-9474-1A3956D46DE8}") = "(third_party)", "..\..\third_party", "{89C816A7-DD31-D54C-C69C-5A80E0C49B77}"
EndProject
Project("{2150E333-8FDC-42A3-9474-1A3956D46DE8}") = "(tools)", ".", "{2B501730-2476-898A-E866-DA2BBB5B0837}"
EndProject
Project("{2150E333-8FDC-42A3-9474-1A3956D46DE8}") = "(voice_engine)", "..\voice_engine", "{C6072D03-1C5B-73BF-5FBE-CBC33489C980}"
EndProject
Project("{2150E333-8FDC-42A3-9474-1A3956D46DE8}") = "(webrtc)", "..", "{FB3E20CC-9516-F7D2-EFF7-C27ABDCA54B9}"
EndProject
Project("{8BC9CEB8-8B4A-11D0-8D11-00A0C91BC942}") = "activity_metric", "activity_metric_win10_x86.vcxproj", "{424AAF27-088A-1E10-5362-C8EBE31A6AD3}"
EndProject
Project("{8BC9CEB8-8B4A-11D0-8D11-00A0C91BC942}") = "audio_coding_module", "..\modules\audio_coding_module_win10_x86.vcxproj", "{180BEDF9-75F3-8AE3-9373-3A43B47C6CFD}"
EndProject
Project("{8BC9CEB8-8B4A-11D0-8D11-00A0C91BC942}") = "audio_conference_mixer", "..\modules\audio_conference_mixer_win10_x86.vcxproj", "{D852648A-1324-8C59-30D3-9367FB7B6089}"
EndProject
Project("{8BC9CEB8-8B4A-11D0-8D11-00A0C91BC942}") = "audio_decoder_factory_interface", "..\modules\audio_decoder_factory_interface_win10_x86.vcxproj", "{56AF352A-E665-76DE-39C2-FFF834C50015}"
EndProject
Project("{8BC9CEB8-8B4A-11D0-8D11-00A0C91BC942}") = "audio_decoder_interface", "..\modules\audio_decoder_interface_win10_x86.vcxproj", "{2925D66C-E538-10F6-DEE8-FD97E62DA699}"
EndProject
Project("{8BC9CEB8-8B4A-11D0-8D11-00A0C91BC942}") = "audio_device", "..\modules\audio_device_win10_x86.vcxproj", "{6043B576-0265-F252-BC86-2A420BD2EA8C}"
EndProject
Project("{8BC9CEB8-8B4A-11D0-8D11-00A0C91BC942}") = "audio_e2e_harness", "audio_e2e_harness_win10_x86.vcxproj", "{590C2B03-363E-1643-0554-AFCDB7B341D1}"
EndProject
Project("{8BC9CEB8-8B4A-11D0-8D11-00A0C91BC942}") = "audio_encoder_interface", "..\modules\audio_encoder_interface_win10_x86.vcxproj", "{23A0DAAA-1C47-41CB-E5ED-53B5358E2953}"
EndProject
Project("{8BC9CEB8-8B4A-11D0-8D11-00A0C91BC942}") = "audio_processing", "..\modules\audio_processing_win10_x86.vcxproj", "{24227BEA-29F1-2297-3586-32C0EEA38B39}"
EndProject
Project("{8BC9CEB8-8B4A-11D0-8D11-00A0C91BC942}") = "audio_processing_sse2", "..\modules\audio_processing_sse2_win10_x86.vcxproj", "{4FE096DA-0246-0DD5-E6B9-556F743B140D}"
EndProject
Project("{8BC9CEB8-8B4A-11D0-8D11-00A0C91BC942}") = "audioproc_debug_proto", "..\modules\audioproc_debug_proto_win10_x86.vcxproj", "{3143BFA5-B1FE-967A-8657-D1EC078D4F4A}"
EndProject
Project("{8BC9CEB8-8B4A-11D0-8D11-00A0C91BC942}") = "bitrate_controller", "..\modules\bitrate_controller_win10_x86.vcxproj", "{42879437-5961-03A9-BDD8-C2F4682AA034}"
EndProject
Project("{8BC9CEB8-8B4A-11D0-8D11-00A0C91BC942}") = "builtin_audio_decoder_factory", "..\modules\builtin_audio_decoder_factory_win10_x86.vcxproj", "{2509DBEF-1629-3993-3694-E62F54D49C30}"
EndProject
Project("{8BC9CEB8-8B4A-11D0-8D11-00A0C91BC942}") = "call_api", "..\api\call_api_win10_x86.vcxproj", "{C3C0869F-2EAE-9945-4E5C-4B821371DB3B}"
EndProject
Project("{8BC9CEB8-8B4A-11D0-8D11-00A0C91BC942}") = "channel_transport", "..\test\channel_transport_win10_x86.vcxproj", "{91DDC57B-3917-D1D0-81C1-B696EF60394F}"
EndProject
Project("{8BC9CEB8-8B4A-11D0-8D11-00A0C91BC942}") = "cng", "..\modules\cng_win10_x86.vcxproj", "{4B397FBD-5C6D-62A0-01DD-21AB3419BE92}"
EndProject
Project("{8BC9CEB8-8B4A-11D0-8D11-00A0C91BC942}") = "command_line_parser", "command_line_parser_win10_x86.vcxproj", "{14070B05-1189-520B-3BDC-5350BEDEBDE0}"
EndProject
Project("{8BC9CEB8-8B4A-11D0-8D11-00A0C91BC942}") = "common_audio", "..\common_audio\common_audio_win10_x86.vcxproj", "{EB6B5123-04D7-BA9A-ACE0-D99E175FD1A0}"
EndProject
Project("{8BC9CEB8-8B4A-11D0-8D11-00A0C91BC942}") = "common_audio_sse2", "..\common_audio\common_audio_sse2_win10_x86.vcxproj", "{E3C8CA0D-5656-1A41-C38B-5B3340271F6C}"
EndProject
Project("{8BC9CEB8-8B4A-11D0-8D11-00A0C91BC942}") = "common_video", "..\common_video\common_video_win10_x86.vcxproj", "{765B9C18-EAB0-AB56-4F08-7C81912FCEE9}"
EndProject
Project("{8BC9CEB8-8B4A-11D0-8D11-00A0C91BC942}") = "congestion_controller", "..\modules\congestion_controller_win10_x86.vcxproj", "{CF577E21-DDE8-166A-9228-98A09935F044}"
EndProject
Project("{8BC9CEB8-8B4A-11D0-8D11-00A0C91BC942}") = "event_log_visualizer", "event_log_visualizer_win10_x86.vcxproj", "{5EDB3F67-A8B1-B51A-3F2E-459CD8DFA876}"
EndProject
Project("{8BC9CEB8-8B4A-11D0-8D11-00A0C91BC942}") = "event_log_visualizer_utils", "event_log_visualizer_utils_win10_x86.vcxproj", "{2D91A63B-6738-8207-7318-E62D60627276}"
EndProject
Project("{8BC9CEB8-8B4A-11D0-8D11-00A0C91BC942}") = "field_trial", "..\test\field_trial_win10_x86.vcxproj", "{22F6437D-D2F5-CC49-2BEC-A99943F98ED8}"
EndProject
Project("{8BC9CEB8-8B4A-11D0-8D11-00A0C91BC942}") = "field_trial_default", "..\system_wrappers\field_trial_default_win10_x86.vcxproj", "{7E59CDD1-404A-3976-00AB-C9F422506FAC}"
EndProject
Project("{8BC9CEB8-8B4A-11D0-8D11-00A0C91BC942}") = "force_mic_volume_max", "force_mic_volume_max_win10_x86.vcxproj", "{342FF765-48DF-CC5A-B246-4C9DBE4D8082}"
EndProject
Project("{8BC9CEB8-8B4A-11D0-8D11-00A0C91BC942}") = "frame_analyzer", "frame_analyzer_win10_x86.vcxproj", "{1D18DDF0-EF1E-6C2E-1D49-3A5C7AFEC601}"
EndProject
Project("{8BC9CEB8-8B4A-11D0-8D11-00A0C91BC942}") = "frame_editing_lib", "frame_editing_lib_win10_x86.vcxproj", "{C76FACE7-A360-6485-8906-F82C389904D8}"
EndProject
Project("{8BC9CEB8-8B4A-11D0-8D11-00A0C91BC942}") = "frame_editor", "frame_editor_win10_x86.vcxproj", "{CE48FE4E-FC22-2234-294A-0E2CE7EFB77A}"
EndProject
Project("{8BC9CEB8-8B4A-11D0-8D11-00A0C91BC942}") = "g711", "..\modules\g711_win10_x86.vcxproj", "{F5A0D287-CADB-2613-BFAD-6B32808EF61B}"
EndProject
Project("{8BC9CEB8-8B4A-11D0-8D11-00A0C91BC942}") = "g722", "..\modules\g722_win10_x86.vcxproj", "{DF29BC11-3DCB-BBBC-EA42-67798666184F}"
EndProject
Project("{8BC9CEB8-8B4A-11D0-8D11-00A0C91BC942}") = "gflags", "..\..\third_party\gflags\gflags_win10_x86.vcxproj", "{6EA39524-7B8D-A55A-35B4-82D4354914D1}"
EndProject
Project("{8BC9CEB8-8B4A-11D0-8D11-00A0C91BC942}") = "gmock", "..\..\testing\gmock_win10_x86.vcxproj", "{59A613E6-8AC5-D055-EFC7-D6EAA5F153CF}"
EndProject
Project("{8BC9CEB8-8B4A-11D0-8D11-00A0C91BC942}") = "graph_proto", "graph_proto_win10_x86.vcxproj", "{493D4F80-F86E-6D70-0F4E-36BEDDC28FAB}"
EndProject
Project("{8BC9CEB8-8B4A-11D0-8D11-00A0C91BC942}") = "gtest", "..\..\testing\gtest_win10_x86.vcxproj", "{E06B59EA-2FA1-7299-CB4A-1ED98EF133BA}"
EndProject
Project("{8BC9CEB8-8B4A-11D0-8D11-00A0C91BC942}") = "gtest_prod", "..\..\testing\gtest_prod_win10_x86.vcxproj", "{971C979A-D81E-75DD-DFC6-CCD04C250F01}"
EndProject
Project("{8BC9CEB8-8B4A-11D0-8D11-00A0C91BC942}") = "gtest_prod", "..\base\gtest_prod_win10_x86.vcxproj", "{A6B5C1C0-94DD-DCC4-CEF8-FA543E860473}"
EndProject
Project("{8BC9CEB8-8B4A-11D0-8D11-00A0C91BC942}") = "ilbc", "..\modules\ilbc_win10_x86.vcxproj", "{538ED9C3-3171-C37F-1D33-3CD637C75365}"
EndProject
Project("{8BC9CEB8-8B4A-11D0-8D11-00A0C91BC942}") = "isac", "..\modules\isac_win10_x86.vcxproj", "{C6E19BA5-67DE-830B-9AEF-26E54A15CC16}"
EndProject
Project("{8BC9CEB8-8B4A-11D0-8D11-00A0C91BC942}") = "isac_common", "..\modules\isac_common_win10_x86.vcxproj", "{0F191EA3-A953-A8EE-E634-BE0BCD378A42}"
EndProject
Project("{8BC9CEB8-8B4A-11D0-8D11-00A0C91BC942}") = "level_indicator", "..\voice_engine\level_indicator_win10_x86.vcxproj", "{C145FA47-FE4C-DBAB-9FD8-56E2AC793F2B}"
EndProject
Project("{8BC9CEB8-8B4A-11D0-8D11-00A0C91BC942}") = "libjpeg", "..\..\third_party\libjpeg_turbo\libjpeg_win10_x86.vcxproj", "{0309311E-A51B-57B8-A527-4EE433DBE95B}"
EndProject
Project("{8BC9CEB8-8B4A-11D0-8D11-00A0C91BC942}") = "libyuv", "..\..\third_party\libyuv\libyuv_win10_x86.vcxproj", "{E2C2F025-6299-71CE-B160-339987D245E9}"
EndProject
Project("{8BC9CEB8-8B4A-11D0-8D11-00A0C91BC942}") = "media_file", "..\modules\media_file_win10_x86.vcxproj", "{EB3A75E1-2B69-134E-2CD9-5ABE5AF396B2}"
EndProject
Project("{8BC9CEB8-8B4A-11D0-8D11-00A0C91BC942}") = "metrics_default", "..\system_wrappers\metrics_default_win10_x86.vcxproj", "{4C337D33-2784-A379-A8C9-7A3ADE7B4077}"
EndProject
Project("{8BC9CEB8-8B4A-11D0-8D11-00A0C91BC942}") = "neteq", "..\modules\neteq_win10_x86.vcxproj", "{719BA3B9-FB29-29B6-1265-FC4FEC3F5F02}"
EndProject
Project("{8BC9CEB8-8B4A-11D0-8D11-00A0C91BC942}") = "openmax_dl", "..\..\third_party\openmax_dl\dl\openmax_dl_win10_x86.vcxproj", "{4E2C07EB-0F37-9C7D-6E50-415B49FEE226}"
EndProject
Project("{8BC9CEB8-8B4A-11D0-8D11-00A0C91BC942}") = "opus", "..\..\third_party\opus\opus_win10_x86.vcxproj", "{9648734C-711C-BEFD-965D-C9676B7B1FEC}"
EndProject
Project("{8BC9CEB8-8B4A-11D0-8D11-00A0C91BC942}") = "paced_sender", "..\modules\paced_sender_win10_x86.vcxproj", "{09729E92-A89D-9C92-CC6E-740958E23CAB}"
EndProject
Project("{8BC9CEB8-8B4A-11D0-8D11-00A0C91BC942}") = "pcm16b", "..\modules\pcm16b_win10_x86.vcxproj", "{3BD28527-BB31-A86C-7C50-5DD025578536}"
EndProject
Project("{8BC9CEB8-8B4A-11D0-8D11-00A0C91BC942}") = "protobuf_full_do_not_use", "..\..\third_party\protobuf\protobuf_full_do_not_use_win10_x86.vcxproj", "{37114D17-DFC9-C0E9-18AE-C01C954A1898}"
EndProject
Project("{8BC9CEB8-8B4A-11D0-8D11-00A0C91BC942}") = "protobuf_lite", "..\..\third_party\protobuf\protobuf_lite_win10_x86.vcxproj", "{2116BCF3-DA08-7E5D-4E28-5FF20A2A7206}"
EndProject
Project("{8BC9CEB8-8B4A-11D0-8D11-00A0C91BC942}") = "protoc", "..\..\third_party\protobuf\protoc_win10_x86.vcxproj", "{6EB478F0-E56B-F852-7F9C-F8E7426C9BE1}"
	ProjectSection(ProjectDependencies) = postProject
		{B49022D7-8D2D-E820-9AD9-A640F2F78CA4} = {B49022D7-8D2D-E820-9AD9-A640F2F78CA4}
		{37114D17-DFC9-C0E9-18AE-C01C954A1898} = {37114D17-DFC9-C0E9-18AE-C01C954A1898}
	EndProjectSection
EndProject
Project("{8BC9CEB8-8B4A-11D0-8D11-00A0C91BC942}") = "protoc_lib", "..\..\third_party\protobuf\protoc_lib_win10_x86.vcxproj", "{B49022D7-8D2D-E820-9AD9-A640F2F78CA4}"
EndProject
Project("{8BC9CEB8-8B4A-11D0-8D11-00A0C91BC942}") = "psnr_ssim_analyzer", "psnr_ssim_analyzer_win10_x86.vcxproj", "{0466E844-8F9D-1126-5986-B05B42D06C4C}"
EndProject
Project("{8BC9CEB8-8B4A-11D0-8D11-00A0C91BC942}") = "red", "..\modules\red_win10_x86.vcxproj", "{2E4783F6-E0D5-31F4-4B73-01E65127146C}"
EndProject
Project("{8BC9CEB8-8B4A-11D0-8D11-00A0C91BC942}") = "remote_bitrate_estimator", "..\modules\remote_bitrate_estimator_win10_x86.vcxproj", "{4876DA71-8A8F-9494-9BB5-3744B77CBB79}"
EndProject
Project("{8BC9CEB8-8B4A-11D0-8D11-00A0C91BC942}") = "rent_a_codec", "..\modules\rent_a_codec_win10_x86.vcxproj", "{BF559648-27E7-D670-CDC3-9B5EFF0FC2C9}"
EndProject
Project("{8BC9CEB8-8B4A-11D0-8D11-00A0C91BC942}") = "rgba_to_i420_converter", "rgba_to_i420_converter_win10_x86.vcxproj", "{8643858A-57F5-B07D-A5FE-27D347B99DE8}"
EndProject
Project("{8BC9CEB8-8B4A-11D0-8D11-00A0C91BC942}") = "rtc_base_approved", "..\base\rtc_base_approved_win10_x86.vcxproj", "{25F0CBE3-9BE1-6F07-A956-8C528463DD7B}"
EndProject
Project("{8BC9CEB8-8B4A-11D0-8D11-00A0C91BC942}") = "rtc_event_log", "..\rtc_event_log_win10_x86.vcxproj", "{7CB110CC-EBB1-487B-1B08-E4347730074E}"
EndProject
Project("{8BC9CEB8-8B4A-11D0-8D11-00A0C91BC942}") = "rtc_event_log_parser", "..\rtc_event_log_parser_win10_x86.vcxproj", "{34D1DA01-FC20-5F46-2CB0-96C9B8DFC49C}"
EndProject
Project("{8BC9CEB8-8B4A-11D0-8D11-00A0C91BC942}") = "rtc_event_log_proto", "..\rtc_event_log_proto_win10_x86.vcxproj", "{A1C039FA-1019-FB4D-FA14-B54983A0692E}"
EndProject
Project("{8BC9CEB8-8B4A-11D0-8D11-00A0C91BC942}") = "rtc_task_queue", "..\base\rtc_task_queue_win10_x86.vcxproj", "{366961F3-C58E-987B-CDB0-BE8602F93BF1}"
EndProject
Project("{8BC9CEB8-8B4A-11D0-8D11-00A0C91BC942}") = "rtp_analyzer", "rtp_analyzer_win10_x86.vcxproj", "{ECE33047-73D7-2A12-EAD0-B975E6839B77}"
EndProject
Project("{8BC9CEB8-8B4A-11D0-8D11-00A0C91BC942}") = "rtp_rtcp", "..\modules\rtp_rtcp_win10_x86.vcxproj", "{8136E184-B374-4A04-6906-15F48A3C670A}"
EndProject
Project("{8BC9CEB8-8B4A-11D0-8D11-00A0C91BC942}") = "system_wrappers", "..\system_wrappers\system_wrappers_win10_x86.vcxproj", "{DCB62A8E-FF6C-BF1B-C15E-DEA5DBEE4163}"
EndProject
Project("{8BC9CEB8-8B4A-11D0-8D11-00A0C91BC942}") = "system_wrappers_default", "..\system_wrappers\system_wrappers_default_win10_x86.vcxproj", "{C7B2FBE3-7AC7-EE15-9391-07E454EE1E3B}"
EndProject
Project("{8BC9CEB8-8B4A-11D0-8D11-00A0C91BC942}") = "test_support", "..\test\test_support_win10_x86.vcxproj", "{2E19B205-3C1E-E9EE-8C12-87415EEEC3EA}"
EndProject
Project("{8BC9CEB8-8B4A-11D0-8D11-00A0C91BC942}") = "test_support_main", "..\test\test_support_main_win10_x86.vcxproj", "{5FBAC88F-FA5D-F82A-F10D-0F78793CFD83}"
EndProject
Project("{8BC9CEB8-8B4A-11D0-8D11-00A0C91BC942}") = "tools_unittests", "tools_unittests_win10_x86.vcxproj", "{8097AD61-19E3-71A9-ED01-3D8508E57489}"
EndProject
Project("{8BC9CEB8-8B4A-11D0-8D11-00A0C91BC942}") = "tools_unittests_run", "tools_unittests_run_win10_x86.vcxproj", "{30A44B5A-A618-CB10-0B44-26CF2927BE03}"
EndProject
Project("{8BC9CEB8-8B4A-11D0-8D11-00A0C91BC942}") = "video_quality_analysis", "video_quality_analysis_win10_x86.vcxproj", "{1916C520-53CC-7DFE-7D7E-AB8BC8DCCC8D}"
EndProject
Project("{8BC9CEB8-8B4A-11D0-8D11-00A0C91BC942}") = "voice_engine", "..\voice_engine\voice_engine_win10_x86.vcxproj", "{4DD354C1-37B0-FCDD-B101-E4F50F4187C5}"
EndProject
Project("{8BC9CEB8-8B4A-11D0-8D11-00A0C91BC942}") = "webrtc_common", "..\webrtc_common_win10_x86.vcxproj", "{19EC41DA-85D8-2E9C-FDFD-7A03CF9192F1}"
EndProject
Project("{8BC9CEB8-8B4A-11D0-8D11-00A0C91BC942}") = "webrtc_opus", "..\modules\webrtc_opus_win10_x86.vcxproj", "{077898BF-665F-93CD-0154-4275F5B5BFAE}"
EndProject
Project("{8BC9CEB8-8B4A-11D0-8D11-00A0C91BC942}") = "webrtc_utility", "..\modules\webrtc_utility_win10_x86.vcxproj", "{C37B55D3-B81A-E770-2FA8-0F73E8544F4B}"
EndProject
Global
	GlobalSection(SolutionConfigurationPlatforms) = preSolution
		Debug|Win32 = Debug|Win32
		Debug|x64 = Debug|x64
		Debug|ARM = Debug|ARM
		Release|ARM = Release|ARM
		Release|x64 = Release|x64
		Release|Win32 = Release|Win32
	EndGlobalSection
	GlobalSection(ProjectConfigurationPlatforms) = postSolution
		{0309311E-A51B-57B8-A527-4EE433DBE95B}.Debug|Win32.ActiveCfg = Debug|Win32
		{0309311E-A51B-57B8-A527-4EE433DBE95B}.Debug|Win32.Build.0 = Debug|Win32
		{0309311E-A51B-57B8-A527-4EE433DBE95B}.Debug|x64.ActiveCfg = Debug|x64
		{0309311E-A51B-57B8-A527-4EE433DBE95B}.Debug|x64.Build.0 = Debug|x64
		{0309311E-A51B-57B8-A527-4EE433DBE95B}.Debug|ARM.ActiveCfg = Debug|ARM
		{0309311E-A51B-57B8-A527-4EE433DBE95B}.Debug|ARM.Build.0 = Debug|ARM
		{0309311E-A51B-57B8-A527-4EE433DBE95B}.Release|ARM.ActiveCfg = Release|ARM
		{0309311E-A51B-57B8-A527-4EE433DBE95B}.Release|ARM.Build.0 = Release|ARM
		{0309311E-A51B-57B8-A527-4EE433DBE95B}.Release|x64.ActiveCfg = Release|x64
		{0309311E-A51B-57B8-A527-4EE433DBE95B}.Release|x64.Build.0 = Release|x64
		{0309311E-A51B-57B8-A527-4EE433DBE95B}.Release|Win32.ActiveCfg = Release|Win32
		{0309311E-A51B-57B8-A527-4EE433DBE95B}.Release|Win32.Build.0 = Release|Win32
		{0466E844-8F9D-1126-5986-B05B42D06C4C}.Debug|Win32.ActiveCfg = Debug|Win32
		{0466E844-8F9D-1126-5986-B05B42D06C4C}.Debug|Win32.Build.0 = Debug|Win32
		{0466E844-8F9D-1126-5986-B05B42D06C4C}.Debug|Win32.Deploy.0 = Debug|Win32
		{0466E844-8F9D-1126-5986-B05B42D06C4C}.Debug|x64.ActiveCfg = Debug|x64
		{0466E844-8F9D-1126-5986-B05B42D06C4C}.Debug|x64.Build.0 = Debug|x64
		{0466E844-8F9D-1126-5986-B05B42D06C4C}.Debug|x64.Deploy.0 = Debug|x64
		{0466E844-8F9D-1126-5986-B05B42D06C4C}.Debug|ARM.ActiveCfg = Debug|ARM
		{0466E844-8F9D-1126-5986-B05B42D06C4C}.Debug|ARM.Build.0 = Debug|ARM
		{0466E844-8F9D-1126-5986-B05B42D06C4C}.Debug|ARM.Deploy.0 = Debug|ARM
		{0466E844-8F9D-1126-5986-B05B42D06C4C}.Release|ARM.ActiveCfg = Release|ARM
		{0466E844-8F9D-1126-5986-B05B42D06C4C}.Release|ARM.Build.0 = Release|ARM
		{0466E844-8F9D-1126-5986-B05B42D06C4C}.Release|ARM.Deploy.0 = Release|ARM
		{0466E844-8F9D-1126-5986-B05B42D06C4C}.Release|x64.ActiveCfg = Release|x64
		{0466E844-8F9D-1126-5986-B05B42D06C4C}.Release|x64.Build.0 = Release|x64
		{0466E844-8F9D-1126-5986-B05B42D06C4C}.Release|x64.Deploy.0 = Release|x64
		{0466E844-8F9D-1126-5986-B05B42D06C4C}.Release|Win32.ActiveCfg = Release|Win32
		{0466E844-8F9D-1126-5986-B05B42D06C4C}.Release|Win32.Build.0 = Release|Win32
		{0466E844-8F9D-1126-5986-B05B42D06C4C}.Release|Win32.Deploy.0 = Release|Win32
		{077898BF-665F-93CD-0154-4275F5B5BFAE}.Debug|Win32.ActiveCfg = Debug|Win32
		{077898BF-665F-93CD-0154-4275F5B5BFAE}.Debug|Win32.Build.0 = Debug|Win32
		{077898BF-665F-93CD-0154-4275F5B5BFAE}.Debug|x64.ActiveCfg = Debug|x64
		{077898BF-665F-93CD-0154-4275F5B5BFAE}.Debug|x64.Build.0 = Debug|x64
		{077898BF-665F-93CD-0154-4275F5B5BFAE}.Debug|ARM.ActiveCfg = Debug|ARM
		{077898BF-665F-93CD-0154-4275F5B5BFAE}.Debug|ARM.Build.0 = Debug|ARM
		{077898BF-665F-93CD-0154-4275F5B5BFAE}.Release|ARM.ActiveCfg = Release|ARM
		{077898BF-665F-93CD-0154-4275F5B5BFAE}.Release|ARM.Build.0 = Release|ARM
		{077898BF-665F-93CD-0154-4275F5B5BFAE}.Release|x64.ActiveCfg = Release|x64
		{077898BF-665F-93CD-0154-4275F5B5BFAE}.Release|x64.Build.0 = Release|x64
		{077898BF-665F-93CD-0154-4275F5B5BFAE}.Release|Win32.ActiveCfg = Release|Win32
		{077898BF-665F-93CD-0154-4275F5B5BFAE}.Release|Win32.Build.0 = Release|Win32
		{09729E92-A89D-9C92-CC6E-740958E23CAB}.Debug|Win32.ActiveCfg = Debug|Win32
		{09729E92-A89D-9C92-CC6E-740958E23CAB}.Debug|Win32.Build.0 = Debug|Win32
		{09729E92-A89D-9C92-CC6E-740958E23CAB}.Debug|x64.ActiveCfg = Debug|x64
		{09729E92-A89D-9C92-CC6E-740958E23CAB}.Debug|x64.Build.0 = Debug|x64
		{09729E92-A89D-9C92-CC6E-740958E23CAB}.Debug|ARM.ActiveCfg = Debug|ARM
		{09729E92-A89D-9C92-CC6E-740958E23CAB}.Debug|ARM.Build.0 = Debug|ARM
		{09729E92-A89D-9C92-CC6E-740958E23CAB}.Release|ARM.ActiveCfg = Release|ARM
		{09729E92-A89D-9C92-CC6E-740958E23CAB}.Release|ARM.Build.0 = Release|ARM
		{09729E92-A89D-9C92-CC6E-740958E23CAB}.Release|x64.ActiveCfg = Release|x64
		{09729E92-A89D-9C92-CC6E-740958E23CAB}.Release|x64.Build.0 = Release|x64
		{09729E92-A89D-9C92-CC6E-740958E23CAB}.Release|Win32.ActiveCfg = Release|Win32
		{09729E92-A89D-9C92-CC6E-740958E23CAB}.Release|Win32.Build.0 = Release|Win32
		{0F191EA3-A953-A8EE-E634-BE0BCD378A42}.Debug|Win32.ActiveCfg = Debug|Win32
		{0F191EA3-A953-A8EE-E634-BE0BCD378A42}.Debug|Win32.Build.0 = Debug|Win32
		{0F191EA3-A953-A8EE-E634-BE0BCD378A42}.Debug|x64.ActiveCfg = Debug|x64
		{0F191EA3-A953-A8EE-E634-BE0BCD378A42}.Debug|x64.Build.0 = Debug|x64
		{0F191EA3-A953-A8EE-E634-BE0BCD378A42}.Debug|ARM.ActiveCfg = Debug|ARM
		{0F191EA3-A953-A8EE-E634-BE0BCD378A42}.Debug|ARM.Build.0 = Debug|ARM
		{0F191EA3-A953-A8EE-E634-BE0BCD378A42}.Release|ARM.ActiveCfg = Release|ARM
		{0F191EA3-A953-A8EE-E634-BE0BCD378A42}.Release|ARM.Build.0 = Release|ARM
		{0F191EA3-A953-A8EE-E634-BE0BCD378A42}.Release|x64.ActiveCfg = Release|x64
		{0F191EA3-A953-A8EE-E634-BE0BCD378A42}.Release|x64.Build.0 = Release|x64
		{0F191EA3-A953-A8EE-E634-BE0BCD378A42}.Release|Win32.ActiveCfg = Release|Win32
		{0F191EA3-A953-A8EE-E634-BE0BCD378A42}.Release|Win32.Build.0 = Release|Win32
		{14070B05-1189-520B-3BDC-5350BEDEBDE0}.Debug|Win32.ActiveCfg = Debug|Win32
		{14070B05-1189-520B-3BDC-5350BEDEBDE0}.Debug|Win32.Build.0 = Debug|Win32
		{14070B05-1189-520B-3BDC-5350BEDEBDE0}.Debug|x64.ActiveCfg = Debug|x64
		{14070B05-1189-520B-3BDC-5350BEDEBDE0}.Debug|x64.Build.0 = Debug|x64
		{14070B05-1189-520B-3BDC-5350BEDEBDE0}.Debug|ARM.ActiveCfg = Debug|ARM
		{14070B05-1189-520B-3BDC-5350BEDEBDE0}.Debug|ARM.Build.0 = Debug|ARM
		{14070B05-1189-520B-3BDC-5350BEDEBDE0}.Release|ARM.ActiveCfg = Release|ARM
		{14070B05-1189-520B-3BDC-5350BEDEBDE0}.Release|ARM.Build.0 = Release|ARM
		{14070B05-1189-520B-3BDC-5350BEDEBDE0}.Release|x64.ActiveCfg = Release|x64
		{14070B05-1189-520B-3BDC-5350BEDEBDE0}.Release|x64.Build.0 = Release|x64
		{14070B05-1189-520B-3BDC-5350BEDEBDE0}.Release|Win32.ActiveCfg = Release|Win32
		{14070B05-1189-520B-3BDC-5350BEDEBDE0}.Release|Win32.Build.0 = Release|Win32
		{180BEDF9-75F3-8AE3-9373-3A43B47C6CFD}.Debug|Win32.ActiveCfg = Debug|Win32
		{180BEDF9-75F3-8AE3-9373-3A43B47C6CFD}.Debug|Win32.Build.0 = Debug|Win32
		{180BEDF9-75F3-8AE3-9373-3A43B47C6CFD}.Debug|x64.ActiveCfg = Debug|x64
		{180BEDF9-75F3-8AE3-9373-3A43B47C6CFD}.Debug|x64.Build.0 = Debug|x64
		{180BEDF9-75F3-8AE3-9373-3A43B47C6CFD}.Debug|ARM.ActiveCfg = Debug|ARM
		{180BEDF9-75F3-8AE3-9373-3A43B47C6CFD}.Debug|ARM.Build.0 = Debug|ARM
		{180BEDF9-75F3-8AE3-9373-3A43B47C6CFD}.Release|ARM.ActiveCfg = Release|ARM
		{180BEDF9-75F3-8AE3-9373-3A43B47C6CFD}.Release|ARM.Build.0 = Release|ARM
		{180BEDF9-75F3-8AE3-9373-3A43B47C6CFD}.Release|x64.ActiveCfg = Release|x64
		{180BEDF9-75F3-8AE3-9373-3A43B47C6CFD}.Release|x64.Build.0 = Release|x64
		{180BEDF9-75F3-8AE3-9373-3A43B47C6CFD}.Release|Win32.ActiveCfg = Release|Win32
		{180BEDF9-75F3-8AE3-9373-3A43B47C6CFD}.Release|Win32.Build.0 = Release|Win32
		{1916C520-53CC-7DFE-7D7E-AB8BC8DCCC8D}.Debug|Win32.ActiveCfg = Debug|Win32
		{1916C520-53CC-7DFE-7D7E-AB8BC8DCCC8D}.Debug|Win32.Build.0 = Debug|Win32
		{1916C520-53CC-7DFE-7D7E-AB8BC8DCCC8D}.Debug|x64.ActiveCfg = Debug|x64
		{1916C520-53CC-7DFE-7D7E-AB8BC8DCCC8D}.Debug|x64.Build.0 = Debug|x64
		{1916C520-53CC-7DFE-7D7E-AB8BC8DCCC8D}.Debug|ARM.ActiveCfg = Debug|ARM
		{1916C520-53CC-7DFE-7D7E-AB8BC8DCCC8D}.Debug|ARM.Build.0 = Debug|ARM
		{1916C520-53CC-7DFE-7D7E-AB8BC8DCCC8D}.Release|ARM.ActiveCfg = Release|ARM
		{1916C520-53CC-7DFE-7D7E-AB8BC8DCCC8D}.Release|ARM.Build.0 = Release|ARM
		{1916C520-53CC-7DFE-7D7E-AB8BC8DCCC8D}.Release|x64.ActiveCfg = Release|x64
		{1916C520-53CC-7DFE-7D7E-AB8BC8DCCC8D}.Release|x64.Build.0 = Release|x64
		{1916C520-53CC-7DFE-7D7E-AB8BC8DCCC8D}.Release|Win32.ActiveCfg = Release|Win32
		{1916C520-53CC-7DFE-7D7E-AB8BC8DCCC8D}.Release|Win32.Build.0 = Release|Win32
		{19EC41DA-85D8-2E9C-FDFD-7A03CF9192F1}.Debug|Win32.ActiveCfg = Debug|Win32
		{19EC41DA-85D8-2E9C-FDFD-7A03CF9192F1}.Debug|Win32.Build.0 = Debug|Win32
		{19EC41DA-85D8-2E9C-FDFD-7A03CF9192F1}.Debug|x64.ActiveCfg = Debug|x64
		{19EC41DA-85D8-2E9C-FDFD-7A03CF9192F1}.Debug|x64.Build.0 = Debug|x64
		{19EC41DA-85D8-2E9C-FDFD-7A03CF9192F1}.Debug|ARM.ActiveCfg = Debug|ARM
		{19EC41DA-85D8-2E9C-FDFD-7A03CF9192F1}.Debug|ARM.Build.0 = Debug|ARM
		{19EC41DA-85D8-2E9C-FDFD-7A03CF9192F1}.Release|ARM.ActiveCfg = Release|ARM
		{19EC41DA-85D8-2E9C-FDFD-7A03CF9192F1}.Release|ARM.Build.0 = Release|ARM
		{19EC41DA-85D8-2E9C-FDFD-7A03CF9192F1}.Release|x64.ActiveCfg = Release|x64
		{19EC41DA-85D8-2E9C-FDFD-7A03CF9192F1}.Release|x64.Build.0 = Release|x64
		{19EC41DA-85D8-2E9C-FDFD-7A03CF9192F1}.Release|Win32.ActiveCfg = Release|Win32
		{19EC41DA-85D8-2E9C-FDFD-7A03CF9192F1}.Release|Win32.Build.0 = Release|Win32
		{1D18DDF0-EF1E-6C2E-1D49-3A5C7AFEC601}.Debug|Win32.ActiveCfg = Debug|Win32
		{1D18DDF0-EF1E-6C2E-1D49-3A5C7AFEC601}.Debug|Win32.Build.0 = Debug|Win32
		{1D18DDF0-EF1E-6C2E-1D49-3A5C7AFEC601}.Debug|Win32.Deploy.0 = Debug|Win32
		{1D18DDF0-EF1E-6C2E-1D49-3A5C7AFEC601}.Debug|x64.ActiveCfg = Debug|x64
		{1D18DDF0-EF1E-6C2E-1D49-3A5C7AFEC601}.Debug|x64.Build.0 = Debug|x64
		{1D18DDF0-EF1E-6C2E-1D49-3A5C7AFEC601}.Debug|x64.Deploy.0 = Debug|x64
		{1D18DDF0-EF1E-6C2E-1D49-3A5C7AFEC601}.Debug|ARM.ActiveCfg = Debug|ARM
		{1D18DDF0-EF1E-6C2E-1D49-3A5C7AFEC601}.Debug|ARM.Build.0 = Debug|ARM
		{1D18DDF0-EF1E-6C2E-1D49-3A5C7AFEC601}.Debug|ARM.Deploy.0 = Debug|ARM
		{1D18DDF0-EF1E-6C2E-1D49-3A5C7AFEC601}.Release|ARM.ActiveCfg = Release|ARM
		{1D18DDF0-EF1E-6C2E-1D49-3A5C7AFEC601}.Release|ARM.Build.0 = Release|ARM
		{1D18DDF0-EF1E-6C2E-1D49-3A5C7AFEC601}.Release|ARM.Deploy.0 = Release|ARM
		{1D18DDF0-EF1E-6C2E-1D49-3A5C7AFEC601}.Release|x64.ActiveCfg = Release|x64
		{1D18DDF0-EF1E-6C2E-1D49-3A5C7AFEC601}.Release|x64.Build.0 = Release|x64
		{1D18DDF0-EF1E-6C2E-1D49-3A5C7AFEC601}.Release|x64.Deploy.0 = Release|x64
		{1D18DDF0-EF1E-6C2E-1D49-3A5C7AFEC601}.Release|Win32.ActiveCfg = Release|Win32
		{1D18DDF0-EF1E-6C2E-1D49-3A5C7AFEC601}.Release|Win32.Build.0 = Release|Win32
		{1D18DDF0-EF1E-6C2E-1D49-3A5C7AFEC601}.Release|Win32.Deploy.0 = Release|Win32
		{2116BCF3-DA08-7E5D-4E28-5FF20A2A7206}.Debug|Win32.ActiveCfg = Debug|Win32
		{2116BCF3-DA08-7E5D-4E28-5FF20A2A7206}.Debug|Win32.Build.0 = Debug|Win32
		{2116BCF3-DA08-7E5D-4E28-5FF20A2A7206}.Debug|x64.ActiveCfg = Debug|x64
		{2116BCF3-DA08-7E5D-4E28-5FF20A2A7206}.Debug|x64.Build.0 = Debug|x64
		{2116BCF3-DA08-7E5D-4E28-5FF20A2A7206}.Debug|ARM.ActiveCfg = Debug|ARM
		{2116BCF3-DA08-7E5D-4E28-5FF20A2A7206}.Debug|ARM.Build.0 = Debug|ARM
		{2116BCF3-DA08-7E5D-4E28-5FF20A2A7206}.Release|ARM.ActiveCfg = Release|ARM
		{2116BCF3-DA08-7E5D-4E28-5FF20A2A7206}.Release|ARM.Build.0 = Release|ARM
		{2116BCF3-DA08-7E5D-4E28-5FF20A2A7206}.Release|x64.ActiveCfg = Release|x64
		{2116BCF3-DA08-7E5D-4E28-5FF20A2A7206}.Release|x64.Build.0 = Release|x64
		{2116BCF3-DA08-7E5D-4E28-5FF20A2A7206}.Release|Win32.ActiveCfg = Release|Win32
		{2116BCF3-DA08-7E5D-4E28-5FF20A2A7206}.Release|Win32.Build.0 = Release|Win32
		{22F6437D-D2F5-CC49-2BEC-A99943F98ED8}.Debug|Win32.ActiveCfg = Debug|Win32
		{22F6437D-D2F5-CC49-2BEC-A99943F98ED8}.Debug|Win32.Build.0 = Debug|Win32
		{22F6437D-D2F5-CC49-2BEC-A99943F98ED8}.Debug|x64.ActiveCfg = Debug|x64
		{22F6437D-D2F5-CC49-2BEC-A99943F98ED8}.Debug|x64.Build.0 = Debug|x64
		{22F6437D-D2F5-CC49-2BEC-A99943F98ED8}.Debug|ARM.ActiveCfg = Debug|ARM
		{22F6437D-D2F5-CC49-2BEC-A99943F98ED8}.Debug|ARM.Build.0 = Debug|ARM
		{22F6437D-D2F5-CC49-2BEC-A99943F98ED8}.Release|ARM.ActiveCfg = Release|ARM
		{22F6437D-D2F5-CC49-2BEC-A99943F98ED8}.Release|ARM.Build.0 = Release|ARM
		{22F6437D-D2F5-CC49-2BEC-A99943F98ED8}.Release|x64.ActiveCfg = Release|x64
		{22F6437D-D2F5-CC49-2BEC-A99943F98ED8}.Release|x64.Build.0 = Release|x64
		{22F6437D-D2F5-CC49-2BEC-A99943F98ED8}.Release|Win32.ActiveCfg = Release|Win32
		{22F6437D-D2F5-CC49-2BEC-A99943F98ED8}.Release|Win32.Build.0 = Release|Win32
		{23A0DAAA-1C47-41CB-E5ED-53B5358E2953}.Debug|Win32.ActiveCfg = Debug|Win32
		{23A0DAAA-1C47-41CB-E5ED-53B5358E2953}.Debug|Win32.Build.0 = Debug|Win32
		{23A0DAAA-1C47-41CB-E5ED-53B5358E2953}.Debug|x64.ActiveCfg = Debug|x64
		{23A0DAAA-1C47-41CB-E5ED-53B5358E2953}.Debug|x64.Build.0 = Debug|x64
		{23A0DAAA-1C47-41CB-E5ED-53B5358E2953}.Debug|ARM.ActiveCfg = Debug|ARM
		{23A0DAAA-1C47-41CB-E5ED-53B5358E2953}.Debug|ARM.Build.0 = Debug|ARM
		{23A0DAAA-1C47-41CB-E5ED-53B5358E2953}.Release|ARM.ActiveCfg = Release|ARM
		{23A0DAAA-1C47-41CB-E5ED-53B5358E2953}.Release|ARM.Build.0 = Release|ARM
		{23A0DAAA-1C47-41CB-E5ED-53B5358E2953}.Release|x64.ActiveCfg = Release|x64
		{23A0DAAA-1C47-41CB-E5ED-53B5358E2953}.Release|x64.Build.0 = Release|x64
		{23A0DAAA-1C47-41CB-E5ED-53B5358E2953}.Release|Win32.ActiveCfg = Release|Win32
		{23A0DAAA-1C47-41CB-E5ED-53B5358E2953}.Release|Win32.Build.0 = Release|Win32
		{24227BEA-29F1-2297-3586-32C0EEA38B39}.Debug|Win32.ActiveCfg = Debug|Win32
		{24227BEA-29F1-2297-3586-32C0EEA38B39}.Debug|Win32.Build.0 = Debug|Win32
		{24227BEA-29F1-2297-3586-32C0EEA38B39}.Debug|x64.ActiveCfg = Debug|x64
		{24227BEA-29F1-2297-3586-32C0EEA38B39}.Debug|x64.Build.0 = Debug|x64
		{24227BEA-29F1-2297-3586-32C0EEA38B39}.Debug|ARM.ActiveCfg = Debug|ARM
		{24227BEA-29F1-2297-3586-32C0EEA38B39}.Debug|ARM.Build.0 = Debug|ARM
		{24227BEA-29F1-2297-3586-32C0EEA38B39}.Release|ARM.ActiveCfg = Release|ARM
		{24227BEA-29F1-2297-3586-32C0EEA38B39}.Release|ARM.Build.0 = Release|ARM
		{24227BEA-29F1-2297-3586-32C0EEA38B39}.Release|x64.ActiveCfg = Release|x64
		{24227BEA-29F1-2297-3586-32C0EEA38B39}.Release|x64.Build.0 = Release|x64
		{24227BEA-29F1-2297-3586-32C0EEA38B39}.Release|Win32.ActiveCfg = Release|Win32
		{24227BEA-29F1-2297-3586-32C0EEA38B39}.Release|Win32.Build.0 = Release|Win32
		{2509DBEF-1629-3993-3694-E62F54D49C30}.Debug|Win32.ActiveCfg = Debug|Win32
		{2509DBEF-1629-3993-3694-E62F54D49C30}.Debug|Win32.Build.0 = Debug|Win32
		{2509DBEF-1629-3993-3694-E62F54D49C30}.Debug|x64.ActiveCfg = Debug|x64
		{2509DBEF-1629-3993-3694-E62F54D49C30}.Debug|x64.Build.0 = Debug|x64
		{2509DBEF-1629-3993-3694-E62F54D49C30}.Debug|ARM.ActiveCfg = Debug|ARM
		{2509DBEF-1629-3993-3694-E62F54D49C30}.Debug|ARM.Build.0 = Debug|ARM
		{2509DBEF-1629-3993-3694-E62F54D49C30}.Release|ARM.ActiveCfg = Release|ARM
		{2509DBEF-1629-3993-3694-E62F54D49C30}.Release|ARM.Build.0 = Release|ARM
		{2509DBEF-1629-3993-3694-E62F54D49C30}.Release|x64.ActiveCfg = Release|x64
		{2509DBEF-1629-3993-3694-E62F54D49C30}.Release|x64.Build.0 = Release|x64
		{2509DBEF-1629-3993-3694-E62F54D49C30}.Release|Win32.ActiveCfg = Release|Win32
		{2509DBEF-1629-3993-3694-E62F54D49C30}.Release|Win32.Build.0 = Release|Win32
		{25F0CBE3-9BE1-6F07-A956-8C528463DD7B}.Debug|Win32.ActiveCfg = Debug|Win32
		{25F0CBE3-9BE1-6F07-A956-8C528463DD7B}.Debug|Win32.Build.0 = Debug|Win32
		{25F0CBE3-9BE1-6F07-A956-8C528463DD7B}.Debug|x64.ActiveCfg = Debug|x64
		{25F0CBE3-9BE1-6F07-A956-8C528463DD7B}.Debug|x64.Build.0 = Debug|x64
		{25F0CBE3-9BE1-6F07-A956-8C528463DD7B}.Debug|ARM.ActiveCfg = Debug|ARM
		{25F0CBE3-9BE1-6F07-A956-8C528463DD7B}.Debug|ARM.Build.0 = Debug|ARM
		{25F0CBE3-9BE1-6F07-A956-8C528463DD7B}.Release|ARM.ActiveCfg = Release|ARM
		{25F0CBE3-9BE1-6F07-A956-8C528463DD7B}.Release|ARM.Build.0 = Release|ARM
		{25F0CBE3-9BE1-6F07-A956-8C528463DD7B}.Release|x64.ActiveCfg = Release|x64
		{25F0CBE3-9BE1-6F07-A956-8C528463DD7B}.Release|x64.Build.0 = Release|x64
		{25F0CBE3-9BE1-6F07-A956-8C528463DD7B}.Release|Win32.ActiveCfg = Release|Win32
		{25F0CBE3-9BE1-6F07-A956-8C528463DD7B}.Release|Win32.Build.0 = Release|Win32
		{2925D66C-E538-10F6-DEE8-FD97E62DA699}.Debug|Win32.ActiveCfg = Debug|Win32
		{2925D66C-E538-10F6-DEE8-FD97E62DA699}.Debug|Win32.Build.0 = Debug|Win32
		{2925D66C-E538-10F6-DEE8-FD97E62DA699}.Debug|x64.ActiveCfg = Debug|x64
		{2925D66C-E538-10F6-DEE8-FD97E62DA699}.Debug|x64.Build.0 = Debug|x64
		{2925D66C-E538-10F6-DEE8-FD97E62DA699}.Debug|ARM.ActiveCfg = Debug|ARM
		{2925D66C-E538-10F6-DEE8-FD97E62DA699}.Debug|ARM.Build.0 = Debug|ARM
		{2925D66C-E538-10F6-DEE8-FD97E62DA699}.Release|ARM.ActiveCfg = Release|ARM
		{2925D66C-E538-10F6-DEE8-FD97E62DA699}.Release|ARM.Build.0 = Release|ARM
		{2925D66C-E538-10F6-DEE8-FD97E62DA699}.Release|x64.ActiveCfg = Release|x64
		{2925D66C-E538-10F6-DEE8-FD97E62DA699}.Release|x64.Build.0 = Release|x64
		{2925D66C-E538-10F6-DEE8-FD97E62DA699}.Release|Win32.ActiveCfg = Release|Win32
		{2925D66C-E538-10F6-DEE8-FD97E62DA699}.Release|Win32.Build.0 = Release|Win32
		{2D91A63B-6738-8207-7318-E62D60627276}.Debug|Win32.ActiveCfg = Debug|Win32
		{2D91A63B-6738-8207-7318-E62D60627276}.Debug|Win32.Build.0 = Debug|Win32
		{2D91A63B-6738-8207-7318-E62D60627276}.Debug|x64.ActiveCfg = Debug|x64
		{2D91A63B-6738-8207-7318-E62D60627276}.Debug|x64.Build.0 = Debug|x64
		{2D91A63B-6738-8207-7318-E62D60627276}.Debug|ARM.ActiveCfg = Debug|ARM
		{2D91A63B-6738-8207-7318-E62D60627276}.Debug|ARM.Build.0 = Debug|ARM
		{2D91A63B-6738-8207-7318-E62D60627276}.Release|ARM.ActiveCfg = Release|ARM
		{2D91A63B-6738-8207-7318-E62D60627276}.Release|ARM.Build.0 = Release|ARM
		{2D91A63B-6738-8207-7318-E62D60627276}.Release|x64.ActiveCfg = Release|x64
		{2D91A63B-6738-8207-7318-E62D60627276}.Release|x64.Build.0 = Release|x64
		{2D91A63B-6738-8207-7318-E62D60627276}.Release|Win32.ActiveCfg = Release|Win32
		{2D91A63B-6738-8207-7318-E62D60627276}.Release|Win32.Build.0 = Release|Win32
		{2E19B205-3C1E-E9EE-8C12-87415EEEC3EA}.Debug|Win32.ActiveCfg = Debug|Win32
		{2E19B205-3C1E-E9EE-8C12-87415EEEC3EA}.Debug|Win32.Build.0 = Debug|Win32
		{2E19B205-3C1E-E9EE-8C12-87415EEEC3EA}.Debug|x64.ActiveCfg = Debug|x64
		{2E19B205-3C1E-E9EE-8C12-87415EEEC3EA}.Debug|x64.Build.0 = Debug|x64
		{2E19B205-3C1E-E9EE-8C12-87415EEEC3EA}.Debug|ARM.ActiveCfg = Debug|ARM
		{2E19B205-3C1E-E9EE-8C12-87415EEEC3EA}.Debug|ARM.Build.0 = Debug|ARM
		{2E19B205-3C1E-E9EE-8C12-87415EEEC3EA}.Release|ARM.ActiveCfg = Release|ARM
		{2E19B205-3C1E-E9EE-8C12-87415EEEC3EA}.Release|ARM.Build.0 = Release|ARM
		{2E19B205-3C1E-E9EE-8C12-87415EEEC3EA}.Release|x64.ActiveCfg = Release|x64
		{2E19B205-3C1E-E9EE-8C12-87415EEEC3EA}.Release|x64.Build.0 = Release|x64
		{2E19B205-3C1E-E9EE-8C12-87415EEEC3EA}.Release|Win32.ActiveCfg = Release|Win32
		{2E19B205-3C1E-E9EE-8C12-87415EEEC3EA}.Release|Win32.Build.0 = Release|Win32
		{2E4783F6-E0D5-31F4-4B73-01E65127146C}.Debug|Win32.ActiveCfg = Debug|Win32
		{2E4783F6-E0D5-31F4-4B73-01E65127146C}.Debug|Win32.Build.0 = Debug|Win32
		{2E4783F6-E0D5-31F4-4B73-01E65127146C}.Debug|x64.ActiveCfg = Debug|x64
		{2E4783F6-E0D5-31F4-4B73-01E65127146C}.Debug|x64.Build.0 = Debug|x64
		{2E4783F6-E0D5-31F4-4B73-01E65127146C}.Debug|ARM.ActiveCfg = Debug|ARM
		{2E4783F6-E0D5-31F4-4B73-01E65127146C}.Debug|ARM.Build.0 = Debug|ARM
		{2E4783F6-E0D5-31F4-4B73-01E65127146C}.Release|ARM.ActiveCfg = Release|ARM
		{2E4783F6-E0D5-31F4-4B73-01E65127146C}.Release|ARM.Build.0 = Release|ARM
		{2E4783F6-E0D5-31F4-4B73-01E65127146C}.Release|x64.ActiveCfg = Release|x64
		{2E4783F6-E0D5-31F4-4B73-01E65127146C}.Release|x64.Build.0 = Release|x64
		{2E4783F6-E0D5-31F4-4B73-01E65127146C}.Release|Win32.ActiveCfg = Release|Win32
		{2E4783F6-E0D5-31F4-4B73-01E65127146C}.Release|Win32.Build.0 = Release|Win32
		{30A44B5A-A618-CB10-0B44-26CF2927BE03}.Debug|Win32.ActiveCfg = Debug|Win32
		{30A44B5A-A618-CB10-0B44-26CF2927BE03}.Debug|Win32.Build.0 = Debug|Win32
		{30A44B5A-A618-CB10-0B44-26CF2927BE03}.Debug|x64.ActiveCfg = Debug|x64
		{30A44B5A-A618-CB10-0B44-26CF2927BE03}.Debug|x64.Build.0 = Debug|x64
		{30A44B5A-A618-CB10-0B44-26CF2927BE03}.Debug|ARM.ActiveCfg = Debug|ARM
		{30A44B5A-A618-CB10-0B44-26CF2927BE03}.Debug|ARM.Build.0 = Debug|ARM
		{30A44B5A-A618-CB10-0B44-26CF2927BE03}.Release|ARM.ActiveCfg = Release|ARM
		{30A44B5A-A618-CB10-0B44-26CF2927BE03}.Release|ARM.Build.0 = Release|ARM
		{30A44B5A-A618-CB10-0B44-26CF2927BE03}.Release|x64.ActiveCfg = Release|x64
		{30A44B5A-A618-CB10-0B44-26CF2927BE03}.Release|x64.Build.0 = Release|x64
		{30A44B5A-A618-CB10-0B44-26CF2927BE03}.Release|Win32.ActiveCfg = Release|Win32
		{30A44B5A-A618-CB10-0B44-26CF2927BE03}.Release|Win32.Build.0 = Release|Win32
		{3143BFA5-B1FE-967A-8657-D1EC078D4F4A}.Debug|Win32.ActiveCfg = Debug|Win32
		{3143BFA5-B1FE-967A-8657-D1EC078D4F4A}.Debug|Win32.Build.0 = Debug|Win32
		{3143BFA5-B1FE-967A-8657-D1EC078D4F4A}.Debug|x64.ActiveCfg = Debug|x64
		{3143BFA5-B1FE-967A-8657-D1EC078D4F4A}.Debug|x64.Build.0 = Debug|x64
		{3143BFA5-B1FE-967A-8657-D1EC078D4F4A}.Debug|ARM.ActiveCfg = Debug|ARM
		{3143BFA5-B1FE-967A-8657-D1EC078D4F4A}.Debug|ARM.Build.0 = Debug|ARM
		{3143BFA5-B1FE-967A-8657-D1EC078D4F4A}.Release|ARM.ActiveCfg = Release|ARM
		{3143BFA5-B1FE-967A-8657-D1EC078D4F4A}.Release|ARM.Build.0 = Release|ARM
		{3143BFA5-B1FE-967A-8657-D1EC078D4F4A}.Release|x64.ActiveCfg = Release|x64
		{3143BFA5-B1FE-967A-8657-D1EC078D4F4A}.Release|x64.Build.0 = Release|x64
		{3143BFA5-B1FE-967A-8657-D1EC078D4F4A}.Release|Win32.ActiveCfg = Release|Win32
		{3143BFA5-B1FE-967A-8657-D1EC078D4F4A}.Release|Win32.Build.0 = Release|Win32
		{342FF765-48DF-CC5A-B246-4C9DBE4D8082}.Debug|Win32.ActiveCfg = Debug|Win32
		{342FF765-48DF-CC5A-B246-4C9DBE4D8082}.Debug|Win32.Build.0 = Debug|Win32
		{342FF765-48DF-CC5A-B246-4C9DBE4D8082}.Debug|Win32.Deploy.0 = Debug|Win32
		{342FF765-48DF-CC5A-B246-4C9DBE4D8082}.Debug|x64.ActiveCfg = Debug|x64
		{342FF765-48DF-CC5A-B246-4C9DBE4D8082}.Debug|x64.Build.0 = Debug|x64
		{342FF765-48DF-CC5A-B246-4C9DBE4D8082}.Debug|x64.Deploy.0 = Debug|x64
		{342FF765-48DF-CC5A-B246-4C9DBE4D8082}.Debug|ARM.ActiveCfg = Debug|ARM
		{342FF765-48DF-CC5A-B246-4C9DBE4D8082}.Debug|ARM.Build.0 = Debug|ARM
		{342FF765-48DF-CC5A-B246-4C9DBE4D8082}.Debug|ARM.Deploy.0 = Debug|ARM
		{342FF765-48DF-CC5A-B246-4C9DBE4D8082}.Release|ARM.ActiveCfg = Release|ARM
		{342FF765-48DF-CC5A-B246-4C9DBE4D8082}.Release|ARM.Build.0 = Release|ARM
		{342FF765-48DF-CC5A-B246-4C9DBE4D8082}.Release|ARM.Deploy.0 = Release|ARM
		{342FF765-48DF-CC5A-B246-4C9DBE4D8082}.Release|x64.ActiveCfg = Release|x64
		{342FF765-48DF-CC5A-B246-4C9DBE4D8082}.Release|x64.Build.0 = Release|x64
		{342FF765-48DF-CC5A-B246-4C9DBE4D8082}.Release|x64.Deploy.0 = Release|x64
		{342FF765-48DF-CC5A-B246-4C9DBE4D8082}.Release|Win32.ActiveCfg = Release|Win32
		{342FF765-48DF-CC5A-B246-4C9DBE4D8082}.Release|Win32.Build.0 = Release|Win32
		{342FF765-48DF-CC5A-B246-4C9DBE4D8082}.Release|Win32.Deploy.0 = Release|Win32
		{34D1DA01-FC20-5F46-2CB0-96C9B8DFC49C}.Debug|Win32.ActiveCfg = Debug|Win32
		{34D1DA01-FC20-5F46-2CB0-96C9B8DFC49C}.Debug|Win32.Build.0 = Debug|Win32
		{34D1DA01-FC20-5F46-2CB0-96C9B8DFC49C}.Debug|x64.ActiveCfg = Debug|x64
		{34D1DA01-FC20-5F46-2CB0-96C9B8DFC49C}.Debug|x64.Build.0 = Debug|x64
		{34D1DA01-FC20-5F46-2CB0-96C9B8DFC49C}.Debug|ARM.ActiveCfg = Debug|ARM
		{34D1DA01-FC20-5F46-2CB0-96C9B8DFC49C}.Debug|ARM.Build.0 = Debug|ARM
		{34D1DA01-FC20-5F46-2CB0-96C9B8DFC49C}.Release|ARM.ActiveCfg = Release|ARM
		{34D1DA01-FC20-5F46-2CB0-96C9B8DFC49C}.Release|ARM.Build.0 = Release|ARM
		{34D1DA01-FC20-5F46-2CB0-96C9B8DFC49C}.Release|x64.ActiveCfg = Release|x64
		{34D1DA01-FC20-5F46-2CB0-96C9B8DFC49C}.Release|x64.Build.0 = Release|x64
		{34D1DA01-FC20-5F46-2CB0-96C9B8DFC49C}.Release|Win32.ActiveCfg = Release|Win32
		{34D1DA01-FC20-5F46-2CB0-96C9B8DFC49C}.Release|Win32.Build.0 = Release|Win32
		{366961F3-C58E-987B-CDB0-BE8602F93BF1}.Debug|Win32.ActiveCfg = Debug|Win32
		{366961F3-C58E-987B-CDB0-BE8602F93BF1}.Debug|Win32.Build.0 = Debug|Win32
		{366961F3-C58E-987B-CDB0-BE8602F93BF1}.Debug|x64.ActiveCfg = Debug|x64
		{366961F3-C58E-987B-CDB0-BE8602F93BF1}.Debug|x64.Build.0 = Debug|x64
		{366961F3-C58E-987B-CDB0-BE8602F93BF1}.Debug|ARM.ActiveCfg = Debug|ARM
		{366961F3-C58E-987B-CDB0-BE8602F93BF1}.Debug|ARM.Build.0 = Debug|ARM
		{366961F3-C58E-987B-CDB0-BE8602F93BF1}.Release|ARM.ActiveCfg = Release|ARM
		{366961F3-C58E-987B-CDB0-BE8602F93BF1}.Release|ARM.Build.0 = Release|ARM
		{366961F3-C58E-987B-CDB0-BE8602F93BF1}.Release|x64.ActiveCfg = Release|x64
		{366961F3-C58E-987B-CDB0-BE8602F93BF1}.Release|x64.Build.0 = Release|x64
		{366961F3-C58E-987B-CDB0-BE8602F93BF1}.Release|Win32.ActiveCfg = Release|Win32
		{366961F3-C58E-987B-CDB0-BE8602F93BF1}.Release|Win32.Build.0 = Release|Win32
		{37114D17-DFC9-C0E9-18AE-C01C954A1898}.Debug|Win32.ActiveCfg = Debug|Win32
		{37114D17-DFC9-C0E9-18AE-C01C954A1898}.Debug|Win32.Build.0 = Debug|Win32
		{37114D17-DFC9-C0E9-18AE-C01C954A1898}.Debug|x64.ActiveCfg = Debug|x64
		{37114D17-DFC9-C0E9-18AE-C01C954A1898}.Debug|x64.Build.0 = Debug|x64
		{37114D17-DFC9-C0E9-18AE-C01C954A1898}.Debug|ARM.ActiveCfg = Debug|ARM
		{37114D17-DFC9-C0E9-18AE-C01C954A1898}.Debug|ARM.Build.0 = Debug|ARM
		{37114D17-DFC9-C0E9-18AE-C01C954A1898}.Release|ARM.ActiveCfg = Release|ARM
		{37114D17-DFC9-C0E9-18AE-C01C954A1898}.Release|ARM.Build.0 = Release|ARM
		{37114D17-DFC9-C0E9-18AE-C01C954A1898}.Release|x64.ActiveCfg = Release|x64
		{37114D17-DFC9-C0E9-18AE-C01C954A1898}.Release|x64.Build.0 = Release|x64
		{37114D17-DFC9-C0E9-18AE-C01C954A1898}.Release|Win32.ActiveCfg = Release|Win32
		{37114D17-DFC9-C0E9-18AE-C01C954A1898}.Release|Win32.Build.0 = Release|Win32
		{3BD28527-BB31-A86C-7C50-5DD025578536}.Debug|Win32.ActiveCfg = Debug|Win32
		{3BD28527-BB31-A86C-7C50-5DD025578536}.Debug|Win32.Build.0 = Debug|Win32
		{3BD28527-BB31-A86C-7C50-5DD025578536}.Debug|x64.ActiveCfg = Debug|x64
		{3BD28527-BB31-A86C-7C50-5DD025578536}.Debug|x64.Build.0 = Debug|x64
		{3BD28527-BB31-A86C-7C50-5DD025578536}.Debug|ARM.ActiveCfg = Debug|ARM
		{3BD28527-BB31-A86C-7C50-5DD025578536}.Debug|ARM.Build.0 = Debug|ARM
		{3BD28527-BB31-A86C-7C50-5DD025578536}.Release|ARM.ActiveCfg = Release|ARM
		{3BD28527-BB31-A86C-7C50-5DD025578536}.Release|ARM.Build.0 = Release|ARM
		{3BD28527-BB31-A86C-7C50-5DD025578536}.Release|x64.ActiveCfg = Release|x64
		{3BD28527-BB31-A86C-7C50-5DD025578536}.Release|x64.Build.0 = Release|x64
		{3BD28527-BB31-A86C-7C50-5DD025578536}.Release|Win32.ActiveCfg = Release|Win32
		{3BD28527-BB31-A86C-7C50-5DD025578536}.Release|Win32.Build.0 = Release|Win32
		{424AAF27-088A-1E10-5362-C8EBE31A6AD3}.Debug|Win32.ActiveCfg = Debug|Win32
		{424AAF27-088A-1E10-5362-C8EBE31A6AD3}.Debug|Win32.Build.0 = Debug|Win32
		{424AAF27-088A-1E10-5362-C8EBE31A6AD3}.Debug|Win32.Deploy.0 = Debug|Win32
		{424AAF27-088A-1E10-5362-C8EBE31A6AD3}.Debug|x64.ActiveCfg = Debug|x64
		{424AAF27-088A-1E10-5362-C8EBE31A6AD3}.Debug|x64.Build.0 = Debug|x64
		{424AAF27-088A-1E10-5362-C8EBE31A6AD3}.Debug|x64.Deploy.0 = Debug|x64
		{424AAF27-088A-1E10-5362-C8EBE31A6AD3}.Debug|ARM.ActiveCfg = Debug|ARM
		{424AAF27-088A-1E10-5362-C8EBE31A6AD3}.Debug|ARM.Build.0 = Debug|ARM
		{424AAF27-088A-1E10-5362-C8EBE31A6AD3}.Debug|ARM.Deploy.0 = Debug|ARM
		{424AAF27-088A-1E10-5362-C8EBE31A6AD3}.Release|ARM.ActiveCfg = Release|ARM
		{424AAF27-088A-1E10-5362-C8EBE31A6AD3}.Release|ARM.Build.0 = Release|ARM
		{424AAF27-088A-1E10-5362-C8EBE31A6AD3}.Release|ARM.Deploy.0 = Release|ARM
		{424AAF27-088A-1E10-5362-C8EBE31A6AD3}.Release|x64.ActiveCfg = Release|x64
		{424AAF27-088A-1E10-5362-C8EBE31A6AD3}.Release|x64.Build.0 = Release|x64
		{424AAF27-088A-1E10-5362-C8EBE31A6AD3}.Release|x64.Deploy.0 = Release|x64
		{424AAF27-088A-1E10-5362-C8EBE31A6AD3}.Release|Win32.ActiveCfg = Release|Win32
		{424AAF27-088A-1E10-5362-C8EBE31A6AD3}.Release|Win32.Build.0 = Release|Win32
		{424AAF27-088A-1E10-5362-C8EBE31A6AD3}.Release|Win32.Deploy.0 = Release|Win32
		{42879437-5961-03A9-BDD8-C2F4682AA034}.Debug|Win32.ActiveCfg = Debug|Win32
		{42879437-5961-03A9-BDD8-C2F4682AA034}.Debug|Win32.Build.0 = Debug|Win32
		{42879437-5961-03A9-BDD8-C2F4682AA034}.Debug|x64.ActiveCfg = Debug|x64
		{42879437-5961-03A9-BDD8-C2F4682AA034}.Debug|x64.Build.0 = Debug|x64
		{42879437-5961-03A9-BDD8-C2F4682AA034}.Debug|ARM.ActiveCfg = Debug|ARM
		{42879437-5961-03A9-BDD8-C2F4682AA034}.Debug|ARM.Build.0 = Debug|ARM
		{42879437-5961-03A9-BDD8-C2F4682AA034}.Release|ARM.ActiveCfg = Release|ARM
		{42879437-5961-03A9-BDD8-C2F4682AA034}.Release|ARM.Build.0 = Release|ARM
		{42879437-5961-03A9-BDD8-C2F4682AA034}.Release|x64.ActiveCfg = Release|x64
		{42879437-5961-03A9-BDD8-C2F4682AA034}.Release|x64.Build.0 = Release|x64
		{42879437-5961-03A9-BDD8-C2F4682AA034}.Release|Win32.ActiveCfg = Release|Win32
		{42879437-5961-03A9-BDD8-C2F4682AA034}.Release|Win32.Build.0 = Release|Win32
		{4876DA71-8A8F-9494-9BB5-3744B77CBB79}.Debug|Win32.ActiveCfg = Debug|Win32
		{4876DA71-8A8F-9494-9BB5-3744B77CBB79}.Debug|Win32.Build.0 = Debug|Win32
		{4876DA71-8A8F-9494-9BB5-3744B77CBB79}.Debug|x64.ActiveCfg = Debug|x64
		{4876DA71-8A8F-9494-9BB5-3744B77CBB79}.Debug|x64.Build.0 = Debug|x64
		{4876DA71-8A8F-9494-9BB5-3744B77CBB79}.Debug|ARM.ActiveCfg = Debug|ARM
		{4876DA71-8A8F-9494-9BB5-3744B77CBB79}.Debug|ARM.Build.0 = Debug|ARM
		{4876DA71-8A8F-9494-9BB5-3744B77CBB79}.Release|ARM.ActiveCfg = Release|ARM
		{4876DA71-8A8F-9494-9BB5-3744B77CBB79}.Release|ARM.Build.0 = Release|ARM
		{4876DA71-8A8F-9494-9BB5-3744B77CBB79}.Release|x64.ActiveCfg = Release|x64
		{4876DA71-8A8F-9494-9BB5-3744B77CBB79}.Release|x64.Build.0 = Release|x64
		{4876DA71-8A8F-9494-9BB5-3744B77CBB79}.Release|Win32.ActiveCfg = Release|Win32
		{4876DA71-8A8F-9494-9BB5-3744B77CBB79}.Release|Win32.Build.0 = Release|Win32
		{493D4F80-F86E-6D70-0F4E-36BEDDC28FAB}.Debug|Win32.ActiveCfg = Debug|Win32
		{493D4F80-F86E-6D70-0F4E-36BEDDC28FAB}.Debug|Win32.Build.0 = Debug|Win32
		{493D4F80-F86E-6D70-0F4E-36BEDDC28FAB}.Debug|x64.ActiveCfg = Debug|x64
		{493D4F80-F86E-6D70-0F4E-36BEDDC28FAB}.Debug|x64.Build.0 = Debug|x64
		{493D4F80-F86E-6D70-0F4E-36BEDDC28FAB}.Debug|ARM.ActiveCfg = Debug|ARM
		{493D4F80-F86E-6D70-0F4E-36BEDDC28FAB}.Debug|ARM.Build.0 = Debug|ARM
		{493D4F80-F86E-6D70-0F4E-36BEDDC28FAB}.Release|ARM.ActiveCfg = Release|ARM
		{493D4F80-F86E-6D70-0F4E-36BEDDC28FAB}.Release|ARM.Build.0 = Release|ARM
		{493D4F80-F86E-6D70-0F4E-36BEDDC28FAB}.Release|x64.ActiveCfg = Release|x64
		{493D4F80-F86E-6D70-0F4E-36BEDDC28FAB}.Release|x64.Build.0 = Release|x64
		{493D4F80-F86E-6D70-0F4E-36BEDDC28FAB}.Release|Win32.ActiveCfg = Release|Win32
		{493D4F80-F86E-6D70-0F4E-36BEDDC28FAB}.Release|Win32.Build.0 = Release|Win32
		{4B397FBD-5C6D-62A0-01DD-21AB3419BE92}.Debug|Win32.ActiveCfg = Debug|Win32
		{4B397FBD-5C6D-62A0-01DD-21AB3419BE92}.Debug|Win32.Build.0 = Debug|Win32
		{4B397FBD-5C6D-62A0-01DD-21AB3419BE92}.Debug|x64.ActiveCfg = Debug|x64
		{4B397FBD-5C6D-62A0-01DD-21AB3419BE92}.Debug|x64.Build.0 = Debug|x64
		{4B397FBD-5C6D-62A0-01DD-21AB3419BE92}.Debug|ARM.ActiveCfg = Debug|ARM
		{4B397FBD-5C6D-62A0-01DD-21AB3419BE92}.Debug|ARM.Build.0 = Debug|ARM
		{4B397FBD-5C6D-62A0-01DD-21AB3419BE92}.Release|ARM.ActiveCfg = Release|ARM
		{4B397FBD-5C6D-62A0-01DD-21AB3419BE92}.Release|ARM.Build.0 = Release|ARM
		{4B397FBD-5C6D-62A0-01DD-21AB3419BE92}.Release|x64.ActiveCfg = Release|x64
		{4B397FBD-5C6D-62A0-01DD-21AB3419BE92}.Release|x64.Build.0 = Release|x64
		{4B397FBD-5C6D-62A0-01DD-21AB3419BE92}.Release|Win32.ActiveCfg = Release|Win32
		{4B397FBD-5C6D-62A0-01DD-21AB3419BE92}.Release|Win32.Build.0 = Release|Win32
		{4C337D33-2784-A379-A8C9-7A3ADE7B4077}.Debug|Win32.ActiveCfg = Debug|Win32
		{4C337D33-2784-A379-A8C9-7A3ADE7B4077}.Debug|Win32.Build.0 = Debug|Win32
		{4C337D33-2784-A379-A8C9-7A3ADE7B4077}.Debug|x64.ActiveCfg = Debug|x64
		{4C337D33-2784-A379-A8C9-7A3ADE7B4077}.Debug|x64.Build.0 = Debug|x64
		{4C337D33-2784-A379-A8C9-7A3ADE7B4077}.Debug|ARM.ActiveCfg = Debug|ARM
		{4C337D33-2784-A379-A8C9-7A3ADE7B4077}.Debug|ARM.Build.0 = Debug|ARM
		{4C337D33-2784-A379-A8C9-7A3ADE7B4077}.Release|ARM.ActiveCfg = Release|ARM
		{4C337D33-2784-A379-A8C9-7A3ADE7B4077}.Release|ARM.Build.0 = Release|ARM
		{4C337D33-2784-A379-A8C9-7A3ADE7B4077}.Release|x64.ActiveCfg = Release|x64
		{4C337D33-2784-A379-A8C9-7A3ADE7B4077}.Release|x64.Build.0 = Release|x64
		{4C337D33-2784-A379-A8C9-7A3ADE7B4077}.Release|Win32.ActiveCfg = Release|Win32
		{4C337D33-2784-A379-A8C9-7A3ADE7B4077}.Release|Win32.Build.0 = Release|Win32
		{4DD354C1-37B0-FCDD-B101-E4F50F4187C5}.Debug|Win32.ActiveCfg = Debug|Win32
		{4DD354C1-37B0-FCDD-B101-E4F50F4187C5}.Debug|Win32.Build.0 = Debug|Win32
		{4DD354C1-37B0-FCDD-B101-E4F50F4187C5}.Debug|x64.ActiveCfg = Debug|x64
		{4DD354C1-37B0-FCDD-B101-E4F50F4187C5}.Debug|x64.Build.0 = Debug|x64
		{4DD354C1-37B0-FCDD-B101-E4F50F4187C5}.Debug|ARM.ActiveCfg = Debug|ARM
		{4DD354C1-37B0-FCDD-B101-E4F50F4187C5}.Debug|ARM.Build.0 = Debug|ARM
		{4DD354C1-37B0-FCDD-B101-E4F50F4187C5}.Release|ARM.ActiveCfg = Release|ARM
		{4DD354C1-37B0-FCDD-B101-E4F50F4187C5}.Release|ARM.Build.0 = Release|ARM
		{4DD354C1-37B0-FCDD-B101-E4F50F4187C5}.Release|x64.ActiveCfg = Release|x64
		{4DD354C1-37B0-FCDD-B101-E4F50F4187C5}.Release|x64.Build.0 = Release|x64
		{4DD354C1-37B0-FCDD-B101-E4F50F4187C5}.Release|Win32.ActiveCfg = Release|Win32
		{4DD354C1-37B0-FCDD-B101-E4F50F4187C5}.Release|Win32.Build.0 = Release|Win32
		{4E2C07EB-0F37-9C7D-6E50-415B49FEE226}.Debug|Win32.ActiveCfg = Debug|Win32
		{4E2C07EB-0F37-9C7D-6E50-415B49FEE226}.Debug|Win32.Build.0 = Debug|Win32
		{4E2C07EB-0F37-9C7D-6E50-415B49FEE226}.Debug|x64.ActiveCfg = Debug|x64
		{4E2C07EB-0F37-9C7D-6E50-415B49FEE226}.Debug|x64.Build.0 = Debug|x64
		{4E2C07EB-0F37-9C7D-6E50-415B49FEE226}.Debug|ARM.ActiveCfg = Debug|ARM
		{4E2C07EB-0F37-9C7D-6E50-415B49FEE226}.Debug|ARM.Build.0 = Debug|ARM
		{4E2C07EB-0F37-9C7D-6E50-415B49FEE226}.Release|ARM.ActiveCfg = Release|ARM
		{4E2C07EB-0F37-9C7D-6E50-415B49FEE226}.Release|ARM.Build.0 = Release|ARM
		{4E2C07EB-0F37-9C7D-6E50-415B49FEE226}.Release|x64.ActiveCfg = Release|x64
		{4E2C07EB-0F37-9C7D-6E50-415B49FEE226}.Release|x64.Build.0 = Release|x64
		{4E2C07EB-0F37-9C7D-6E50-415B49FEE226}.Release|Win32.ActiveCfg = Release|Win32
		{4E2C07EB-0F37-9C7D-6E50-415B49FEE226}.Release|Win32.Build.0 = Release|Win32
		{4FE096DA-0246-0DD5-E6B9-556F743B140D}.Debug|Win32.ActiveCfg = Debug|Win32
		{4FE096DA-0246-0DD5-E6B9-556F743B140D}.Debug|Win32.Build.0 = Debug|Win32
		{4FE096DA-0246-0DD5-E6B9-556F743B140D}.Debug|x64.ActiveCfg = Debug|x64
		{4FE096DA-0246-0DD5-E6B9-556F743B140D}.Debug|x64.Build.0 = Debug|x64
		{4FE096DA-0246-0DD5-E6B9-556F743B140D}.Debug|ARM.ActiveCfg = Debug|ARM
		{4FE096DA-0246-0DD5-E6B9-556F743B140D}.Debug|ARM.Build.0 = Debug|ARM
		{4FE096DA-0246-0DD5-E6B9-556F743B140D}.Release|ARM.ActiveCfg = Release|ARM
		{4FE096DA-0246-0DD5-E6B9-556F743B140D}.Release|ARM.Build.0 = Release|ARM
		{4FE096DA-0246-0DD5-E6B9-556F743B140D}.Release|x64.ActiveCfg = Release|x64
		{4FE096DA-0246-0DD5-E6B9-556F743B140D}.Release|x64.Build.0 = Release|x64
		{4FE096DA-0246-0DD5-E6B9-556F743B140D}.Release|Win32.ActiveCfg = Release|Win32
		{4FE096DA-0246-0DD5-E6B9-556F743B140D}.Release|Win32.Build.0 = Release|Win32
		{538ED9C3-3171-C37F-1D33-3CD637C75365}.Debug|Win32.ActiveCfg = Debug|Win32
		{538ED9C3-3171-C37F-1D33-3CD637C75365}.Debug|Win32.Build.0 = Debug|Win32
		{538ED9C3-3171-C37F-1D33-3CD637C75365}.Debug|x64.ActiveCfg = Debug|x64
		{538ED9C3-3171-C37F-1D33-3CD637C75365}.Debug|x64.Build.0 = Debug|x64
		{538ED9C3-3171-C37F-1D33-3CD637C75365}.Debug|ARM.ActiveCfg = Debug|ARM
		{538ED9C3-3171-C37F-1D33-3CD637C75365}.Debug|ARM.Build.0 = Debug|ARM
		{538ED9C3-3171-C37F-1D33-3CD637C75365}.Release|ARM.ActiveCfg = Release|ARM
		{538ED9C3-3171-C37F-1D33-3CD637C75365}.Release|ARM.Build.0 = Release|ARM
		{538ED9C3-3171-C37F-1D33-3CD637C75365}.Release|x64.ActiveCfg = Release|x64
		{538ED9C3-3171-C37F-1D33-3CD637C75365}.Release|x64.Build.0 = Release|x64
		{538ED9C3-3171-C37F-1D33-3CD637C75365}.Release|Win32.ActiveCfg = Release|Win32
		{538ED9C3-3171-C37F-1D33-3CD637C75365}.Release|Win32.Build.0 = Release|Win32
		{56AF352A-E665-76DE-39C2-FFF834C50015}.Debug|Win32.ActiveCfg = Debug|Win32
		{56AF352A-E665-76DE-39C2-FFF834C50015}.Debug|Win32.Build.0 = Debug|Win32
		{56AF352A-E665-76DE-39C2-FFF834C50015}.Debug|x64.ActiveCfg = Debug|x64
		{56AF352A-E665-76DE-39C2-FFF834C50015}.Debug|x64.Build.0 = Debug|x64
		{56AF352A-E665-76DE-39C2-FFF834C50015}.Debug|ARM.ActiveCfg = Debug|ARM
		{56AF352A-E665-76DE-39C2-FFF834C50015}.Debug|ARM.Build.0 = Debug|ARM
		{56AF352A-E665-76DE-39C2-FFF834C50015}.Release|ARM.ActiveCfg = Release|ARM
		{56AF352A-E665-76DE-39C2-FFF834C50015}.Release|ARM.Build.0 = Release|ARM
		{56AF352A-E665-76DE-39C2-FFF834C50015}.Release|x64.ActiveCfg = Release|x64
		{56AF352A-E665-76DE-39C2-FFF834C50015}.Release|x64.Build.0 = Release|x64
		{56AF352A-E665-76DE-39C2-FFF834C50015}.Release|Win32.ActiveCfg = Release|Win32
		{56AF352A-E665-76DE-39C2-FFF834C50015}.Release|Win32.Build.0 = Release|Win32
		{590C2B03-363E-1643-0554-AFCDB7B341D1}.Debug|Win32.ActiveCfg = Debug|Win32
		{590C2B03-363E-1643-0554-AFCDB7B341D1}.Debug|Win32.Build.0 = Debug|Win32
		{590C2B03-363E-1643-0554-AFCDB7B341D1}.Debug|Win32.Deploy.0 = Debug|Win32
		{590C2B03-363E-1643-0554-AFCDB7B341D1}.Debug|x64.ActiveCfg = Debug|x64
		{590C2B03-363E-1643-0554-AFCDB7B341D1}.Debug|x64.Build.0 = Debug|x64
		{590C2B03-363E-1643-0554-AFCDB7B341D1}.Debug|x64.Deploy.0 = Debug|x64
		{590C2B03-363E-1643-0554-AFCDB7B341D1}.Debug|ARM.ActiveCfg = Debug|ARM
		{590C2B03-363E-1643-0554-AFCDB7B341D1}.Debug|ARM.Build.0 = Debug|ARM
		{590C2B03-363E-1643-0554-AFCDB7B341D1}.Debug|ARM.Deploy.0 = Debug|ARM
		{590C2B03-363E-1643-0554-AFCDB7B341D1}.Release|ARM.ActiveCfg = Release|ARM
		{590C2B03-363E-1643-0554-AFCDB7B341D1}.Release|ARM.Build.0 = Release|ARM
		{590C2B03-363E-1643-0554-AFCDB7B341D1}.Release|ARM.Deploy.0 = Release|ARM
		{590C2B03-363E-1643-0554-AFCDB7B341D1}.Release|x64.ActiveCfg = Release|x64
		{590C2B03-363E-1643-0554-AFCDB7B341D1}.Release|x64.Build.0 = Release|x64
		{590C2B03-363E-1643-0554-AFCDB7B341D1}.Release|x64.Deploy.0 = Release|x64
		{590C2B03-363E-1643-0554-AFCDB7B341D1}.Release|Win32.ActiveCfg = Release|Win32
		{590C2B03-363E-1643-0554-AFCDB7B341D1}.Release|Win32.Build.0 = Release|Win32
		{590C2B03-363E-1643-0554-AFCDB7B341D1}.Release|Win32.Deploy.0 = Release|Win32
		{59A613E6-8AC5-D055-EFC7-D6EAA5F153CF}.Debug|Win32.ActiveCfg = Debug|Win32
		{59A613E6-8AC5-D055-EFC7-D6EAA5F153CF}.Debug|Win32.Build.0 = Debug|Win32
		{59A613E6-8AC5-D055-EFC7-D6EAA5F153CF}.Debug|x64.ActiveCfg = Debug|x64
		{59A613E6-8AC5-D055-EFC7-D6EAA5F153CF}.Debug|x64.Build.0 = Debug|x64
		{59A613E6-8AC5-D055-EFC7-D6EAA5F153CF}.Debug|ARM.ActiveCfg = Debug|ARM
		{59A613E6-8AC5-D055-EFC7-D6EAA5F153CF}.Debug|ARM.Build.0 = Debug|ARM
		{59A613E6-8AC5-D055-EFC7-D6EAA5F153CF}.Release|ARM.ActiveCfg = Release|ARM
		{59A613E6-8AC5-D055-EFC7-D6EAA5F153CF}.Release|ARM.Build.0 = Release|ARM
		{59A613E6-8AC5-D055-EFC7-D6EAA5F153CF}.Release|x64.ActiveCfg = Release|x64
		{59A613E6-8AC5-D055-EFC7-D6EAA5F153CF}.Release|x64.Build.0 = Release|x64
		{59A613E6-8AC5-D055-EFC7-D6EAA5F153CF}.Release|Win32.ActiveCfg = Release|Win32
		{59A613E6-8AC5-D055-EFC7-D6EAA5F153CF}.Release|Win32.Build.0 = Release|Win32
		{5EDB3F67-A8B1-B51A-3F2E-459CD8DFA876}.Debug|Win32.ActiveCfg = Debug|Win32
		{5EDB3F67-A8B1-B51A-3F2E-459CD8DFA876}.Debug|Win32.Build.0 = Debug|Win32
		{5EDB3F67-A8B1-B51A-3F2E-459CD8DFA876}.Debug|Win32.Deploy.0 = Debug|Win32
		{5EDB3F67-A8B1-B51A-3F2E-459CD8DFA876}.Debug|x64.ActiveCfg = Debug|x64
		{5EDB3F67-A8B1-B51A-3F2E-459CD8DFA876}.Debug|x64.Build.0 = Debug|x64
		{5EDB3F67-A8B1-B51A-3F2E-459CD8DFA876}.Debug|x64.Deploy.0 = Debug|x64
		{5EDB3F67-A8B1-B51A-3F2E-459CD8DFA876}.Debug|ARM.ActiveCfg = Debug|ARM
		{5EDB3F67-A8B1-B51A-3F2E-459CD8DFA876}.Debug|ARM.Build.0 = Debug|ARM
		{5EDB3F67-A8B1-B51A-3F2E-459CD8DFA876}.Debug|ARM.Deploy.0 = Debug|ARM
		{5EDB3F67-A8B1-B51A-3F2E-459CD8DFA876}.Release|ARM.ActiveCfg = Release|ARM
		{5EDB3F67-A8B1-B51A-3F2E-459CD8DFA876}.Release|ARM.Build.0 = Release|ARM
		{5EDB3F67-A8B1-B51A-3F2E-459CD8DFA876}.Release|ARM.Deploy.0 = Release|ARM
		{5EDB3F67-A8B1-B51A-3F2E-459CD8DFA876}.Release|x64.ActiveCfg = Release|x64
		{5EDB3F67-A8B1-B51A-3F2E-459CD8DFA876}.Release|x64.Build.0 = Release|x64
		{5EDB3F67-A8B1-B51A-3F2E-459CD8DFA876}.Release|x64.Deploy.0 = Release|x64
		{5EDB3F67-A8B1-B51A-3F2E-459CD8DFA876}.Release|Win32.ActiveCfg = Release|Win32
		{5EDB3F67-A8B1-B51A-3F2E-459CD8DFA876}.Release|Win32.Build.0 = Release|Win32
		{5EDB3F67-A8B1-B51A-3F2E-459CD8DFA876}.Release|Win32.Deploy.0 = Release|Win32
		{5FBAC88F-FA5D-F82A-F10D-0F78793CFD83}.Debug|Win32.ActiveCfg = Debug|Win32
		{5FBAC88F-FA5D-F82A-F10D-0F78793CFD83}.Debug|Win32.Build.0 = Debug|Win32
		{5FBAC88F-FA5D-F82A-F10D-0F78793CFD83}.Debug|x64.ActiveCfg = Debug|x64
		{5FBAC88F-FA5D-F82A-F10D-0F78793CFD83}.Debug|x64.Build.0 = Debug|x64
		{5FBAC88F-FA5D-F82A-F10D-0F78793CFD83}.Debug|ARM.ActiveCfg = Debug|ARM
		{5FBAC88F-FA5D-F82A-F10D-0F78793CFD83}.Debug|ARM.Build.0 = Debug|ARM
		{5FBAC88F-FA5D-F82A-F10D-0F78793CFD83}.Release|ARM.ActiveCfg = Release|ARM
		{5FBAC88F-FA5D-F82A-F10D-0F78793CFD83}.Release|ARM.Build.0 = Release|ARM
		{5FBAC88F-FA5D-F82A-F10D-0F78793CFD83}.Release|x64.ActiveCfg = Release|x64
		{5FBAC88F-FA5D-F82A-F10D-0F78793CFD83}.Release|x64.Build.0 = Release|x64
		{5FBAC88F-FA5D-F82A-F10D-0F78793CFD83}.Release|Win32.ActiveCfg = Release|Win32
		{5FBAC88F-FA5D-F82A-F10D-0F78793CFD83}.Release|Win32.Build.0 = Release|Win32
		{6043B576-0265-F252-BC86-2A420BD2EA8C}.Debug|Win32.ActiveCfg = Debug|Win32
		{6043B576-0265-F252-BC86-2A420BD2EA8C}.Debug|Win32.Build.0 = Debug|Win32
		{6043B576-0265-F252-BC86-2A420BD2EA8C}.Debug|x64.ActiveCfg = Debug|x64
		{6043B576-0265-F252-BC86-2A420BD2EA8C}.Debug|x64.Build.0 = Debug|x64
		{6043B576-0265-F252-BC86-2A420BD2EA8C}.Debug|ARM.ActiveCfg = Debug|ARM
		{6043B576-0265-F252-BC86-2A420BD2EA8C}.Debug|ARM.Build.0 = Debug|ARM
		{6043B576-0265-F252-BC86-2A420BD2EA8C}.Release|ARM.ActiveCfg = Release|ARM
		{6043B576-0265-F252-BC86-2A420BD2EA8C}.Release|ARM.Build.0 = Release|ARM
		{6043B576-0265-F252-BC86-2A420BD2EA8C}.Release|x64.ActiveCfg = Release|x64
		{6043B576-0265-F252-BC86-2A420BD2EA8C}.Release|x64.Build.0 = Release|x64
		{6043B576-0265-F252-BC86-2A420BD2EA8C}.Release|Win32.ActiveCfg = Release|Win32
		{6043B576-0265-F252-BC86-2A420BD2EA8C}.Release|Win32.Build.0 = Release|Win32
		{6EA39524-7B8D-A55A-35B4-82D4354914D1}.Debug|Win32.ActiveCfg = Debug|Win32
		{6EA39524-7B8D-A55A-35B4-82D4354914D1}.Debug|Win32.Build.0 = Debug|Win32
		{6EA39524-7B8D-A55A-35B4-82D4354914D1}.Debug|x64.ActiveCfg = Debug|x64
		{6EA39524-7B8D-A55A-35B4-82D4354914D1}.Debug|x64.Build.0 = Debug|x64
		{6EA39524-7B8D-A55A-35B4-82D4354914D1}.Debug|ARM.ActiveCfg = Debug|ARM
		{6EA39524-7B8D-A55A-35B4-82D4354914D1}.Debug|ARM.Build.0 = Debug|ARM
		{6EA39524-7B8D-A55A-35B4-82D4354914D1}.Release|ARM.ActiveCfg = Release|ARM
		{6EA39524-7B8D-A55A-35B4-82D4354914D1}.Release|ARM.Build.0 = Release|ARM
		{6EA39524-7B8D-A55A-35B4-82D4354914D1}.Release|x64.ActiveCfg = Release|x64
		{6EA39524-7B8D-A55A-35B4-82D4354914D1}.Release|x64.Build.0 = Release|x64
		{6EA39524-7B8D-A55A-35B4-82D4354914D1}.Release|Win32.ActiveCfg = Release|Win32
		{6EA39524-7B8D-A55A-35B4-82D4354914D1}.Release|Win32.Build.0 = Release|Win32
		{6EB478F0-E56B-F852-7F9C-F8E7426C9BE1}.Debug|Win32.ActiveCfg = Debug|Win32
		{6EB478F0-E56B-F852-7F9C-F8E7426C9BE1}.Debug|Win32.Build.0 = Debug|Win32
		{6EB478F0-E56B-F852-7F9C-F8E7426C9BE1}.Debug|x64.ActiveCfg = Debug|x64
		{6EB478F0-E56B-F852-7F9C-F8E7426C9BE1}.Debug|x64.Build.0 = Debug|x64
		{6EB478F0-E56B-F852-7F9C-F8E7426C9BE1}.Debug|ARM.ActiveCfg = Debug|ARM
		{6EB478F0-E56B-F852-7F9C-F8E7426C9BE1}.Debug|ARM.Build.0 = Debug|ARM
		{6EB478F0-E56B-F852-7F9C-F8E7426C9BE1}.Release|ARM.ActiveCfg = Release|ARM
		{6EB478F0-E56B-F852-7F9C-F8E7426C9BE1}.Release|ARM.Build.0 = Release|ARM
		{6EB478F0-E56B-F852-7F9C-F8E7426C9BE1}.Release|x64.ActiveCfg = Release|x64
		{6EB478F0-E56B-F852-7F9C-F8E7426C9BE1}.Release|x64.Build.0 = Release|x64
		{6EB478F0-E56B-F852-7F9C-F8E7426C9BE1}.Release|Win32.ActiveCfg = Release|Win32
		{6EB478F0-E56B-F852-7F9C-F8E7426C9BE1}.Release|Win32.Build.0 = Release|Win32
		{719BA3B9-FB29-29B6-1265-FC4FEC3F5F02}.Debug|Win32.ActiveCfg = Debug|Win32
		{719BA3B9-FB29-29B6-1265-FC4FEC3F5F02}.Debug|Win32.Build.0 = Debug|Win32
		{719BA3B9-FB29-29B6-1265-FC4FEC3F5F02}.Debug|x64.ActiveCfg = Debug|x64
		{719BA3B9-FB29-29B6-1265-FC4FEC3F5F02}.Debug|x64.Build.0 = Debug|x64
		{719BA3B9-FB29-29B6-1265-FC4FEC3F5F02}.Debug|ARM.ActiveCfg = Debug|ARM
		{719BA3B9-FB29-29B6-1265-FC4FEC3F5F02}.Debug|ARM.Build.0 = Debug|ARM
		{719BA3B9-FB29-29B6-1265-FC4FEC3F5F02}.Release|ARM.ActiveCfg = Release|ARM
		{719BA3B9-FB29-29B6-1265-FC4FEC3F5F02}.Release|ARM.Build.0 = Release|ARM
		{719BA3B9-FB29-29B6-1265-FC4FEC3F5F02}.Release|x64.ActiveCfg = Release|x64
		{719BA3B9-FB29-29B6-1265-FC4FEC3F5F02}.Release|x64.Build.0 = Release|x64
		{719BA3B9-FB29-29B6-1265-FC4FEC3F5F02}.Release|Win32.ActiveCfg = Release|Win32
		{719BA3B9-FB29-29B6-1265-FC4FEC3F5F02}.Release|Win32.Build.0 = Release|Win32
		{765B9C18-EAB0-AB56-4F08-7C81912FCEE9}.Debug|Win32.ActiveCfg = Debug|Win32
		{765B9C18-EAB0-AB56-4F08-7C81912FCEE9}.Debug|Win32.Build.0 = Debug|Win32
		{765B9C18-EAB0-AB56-4F08-7C81912FCEE9}.Debug|x64.ActiveCfg = Debug|x64
		{765B9C18-EAB0-AB56-4F08-7C81912FCEE9}.Debug|x64.Build.0 = Debug|x64
		{765B9C18-EAB0-AB56-4F08-7C81912FCEE9}.Debug|ARM.ActiveCfg = Debug|ARM
		{765B9C18-EAB0-AB56-4F08-7C81912FCEE9}.Debug|ARM.Build.0 = Debug|ARM
		{765B9C18-EAB0-AB56-4F08-7C81912FCEE9}.Release|ARM.ActiveCfg = Release|ARM
		{765B9C18-EAB0-AB56-4F08-7C81912FCEE9}.Release|ARM.Build.0 = Release|ARM
		{765B9C18-EAB0-AB56-4F08-7C81912FCEE9}.Release|x64.ActiveCfg = Release|x64
		{765B9C18-EAB0-AB56-4F08-7C81912FCEE9}.Release|x64.Build.0 = Release|x64
		{765B9C18-EAB0-AB56-4F08-7C81912FCEE9}.Release|Win32.ActiveCfg = Release|Win32
		{765B9C18-EAB0-AB56-4F08-7C81912FCEE9}.Release|Win32.Build.0 = Release|Win32
		{7CB110CC-EBB1-487B-1B08-E4347730074E}.Debug|Win32.ActiveCfg = Debug|Win32
		{7CB110CC-EBB1-487B-1B08-E4347730074E}.Debug|Win32.Build.0 = Debug|Win32
		{7CB110CC-EBB1-487B-1B08-E4347730074E}.Debug|x64.ActiveCfg = Debug|x64
		{7CB110CC-EBB1-487B-1B08-E4347730074E}.Debug|x64.Build.0 = Debug|x64
		{7CB110CC-EBB1-487B-1B08-E4347730074E}.Debug|ARM.ActiveCfg = Debug|ARM
		{7CB110CC-EBB1-487B-1B08-E4347730074E}.Debug|ARM.Build.0 = Debug|ARM
		{7CB110CC-EBB1-487B-1B08-E4347730074E}.Release|ARM.ActiveCfg = Release|ARM
		{7CB110CC-EBB1-487B-1B08-E4347730074E}.Release|ARM.Build.0 = Release|ARM
		{7CB110CC-EBB1-487B-1B08-E4347730074E}.Release|x64.ActiveCfg = Release|x64
		{7CB110CC-EBB1-487B-1B08-E4347730074E}.Release|x64.Build.0 = Release|x64
		{7CB110CC-EBB1-487B-1B08-E4347730074E}.Release|Win32.ActiveCfg = Release|Win32
		{7CB110CC-EBB1-487B-1B08-E4347730074E}.Release|Win32.Build.0 = Release|Win32
		{7E59CDD1-404A-3976-00AB-C9F422506FAC}.Debug|Win32.ActiveCfg = Debug|Win32
		{7E59CDD1-404A-3976-00AB-C9F422506FAC}.Debug|Win32.Build.0 = Debug|Win32
		{7E59CDD1-404A-3976-00AB-C9F422506FAC}.Debug|x64.ActiveCfg = Debug|x64
		{7E59CDD1-404A-3976-00AB-C9F422506FAC}.Debug|x64.Build.0 = Debug|x64
		{7E59CDD1-404A-3976-00AB-C9F422506FAC}.Debug|ARM.ActiveCfg = Debug|ARM
		{7E59CDD1-404A-3976-00AB-C9F422506FAC}.Debug|ARM.Build.0 = Debug|ARM
		{7E59CDD1-404A-3976-00AB-C9F422506FAC}.Release|ARM.ActiveCfg = Release|ARM
		{7E59CDD1-404A-3976-00AB-C9F422506FAC}.Release|ARM.Build.0 = Release|ARM
		{7E59CDD1-404A-3976-00AB-C9F422506FAC}.Release|x64.ActiveCfg = Release|x64
		{7E59CDD1-404A-3976-00AB-C9F422506FAC}.Release|x64.Build.0 = Release|x64
		{7E59CDD1-404A-3976-00AB-C9F422506FAC}.Release|Win32.ActiveCfg = Release|Win32
		{7E59CDD1-404A-3976-00AB-C9F422506FAC}.Release|Win32.Build.0 = Release|Win32
		{8097AD61-19E3-71A9-ED01-3D8508E57489}.Debug|Win32.ActiveCfg = Debug|Win32
		{8097AD61-19E3-71A9-ED01-3D8508E57489}.Debug|Win32.Build.0 = Debug|Win32
		{8097AD61-19E3-71A9-ED01-3D8508E57489}.Debug|x64.ActiveCfg = Debug|x64
		{8097AD61-19E3-71A9-ED01-3D8508E57489}.Debug|x64.Build.0 = Debug|x64
		{8097AD61-19E3-71A9-ED01-3D8508E57489}.Debug|ARM.ActiveCfg = Debug|ARM
		{8097AD61-19E3-71A9-ED01-3D8508E57489}.Debug|ARM.Build.0 = Debug|ARM
		{8097AD61-19E3-71A9-ED01-3D8508E57489}.Release|ARM.ActiveCfg = Release|ARM
		{8097AD61-19E3-71A9-ED01-3D8508E57489}.Release|ARM.Build.0 = Release|ARM
		{8097AD61-19E3-71A9-ED01-3D8508E57489}.Release|x64.ActiveCfg = Release|x64
		{8097AD61-19E3-71A9-ED01-3D8508E57489}.Release|x64.Build.0 = Release|x64
		{8097AD61-19E3-71A9-ED01-3D8508E57489}.Release|Win32.ActiveCfg = Release|Win32
		{8097AD61-19E3-71A9-ED01-3D8508E57489}.Release|Win32.Build.0 = Release|Win32
		{8136E184-B374-4A04-6906-15F48A3C670A}.Debug|Win32.ActiveCfg = Debug|Win32
		{8136E184-B374-4A04-6906-15F48A3C670A}.Debug|Win32.Build.0 = Debug|Win32
		{8136E184-B374-4A04-6906-15F48A3C670A}.Debug|x64.ActiveCfg = Debug|x64
		{8136E184-B374-4A04-6906-15F48A3C670A}.Debug|x64.Build.0 = Debug|x64
		{8136E184-B374-4A04-6906-15F48A3C670A}.Debug|ARM.ActiveCfg = Debug|ARM
		{8136E184-B374-4A04-6906-15F48A3C670A}.Debug|ARM.Build.0 = Debug|ARM
		{8136E184-B374-4A04-6906-15F48A3C670A}.Release|ARM.ActiveCfg = Release|ARM
		{8136E184-B374-4A04-6906-15F48A3C670A}.Release|ARM.Build.0 = Release|ARM
		{8136E184-B374-4A04-6906-15F48A3C670A}.Release|x64.ActiveCfg = Release|x64
		{8136E184-B374-4A04-6906-15F48A3C670A}.Release|x64.Build.0 = Release|x64
		{8136E184-B374-4A04-6906-15F48A3C670A}.Release|Win32.ActiveCfg = Release|Win32
		{8136E184-B374-4A04-6906-15F48A3C670A}.Release|Win32.Build.0 = Release|Win32
		{8643858A-57F5-B07D-A5FE-27D347B99DE8}.Debug|Win32.ActiveCfg = Debug|Win32
		{8643858A-57F5-B07D-A5FE-27D347B99DE8}.Debug|Win32.Build.0 = Debug|Win32
		{8643858A-57F5-B07D-A5FE-27D347B99DE8}.Debug|Win32.Deploy.0 = Debug|Win32
		{8643858A-57F5-B07D-A5FE-27D347B99DE8}.Debug|x64.ActiveCfg = Debug|x64
		{8643858A-57F5-B07D-A5FE-27D347B99DE8}.Debug|x64.Build.0 = Debug|x64
		{8643858A-57F5-B07D-A5FE-27D347B99DE8}.Debug|x64.Deploy.0 = Debug|x64
		{8643858A-57F5-B07D-A5FE-27D347B99DE8}.Debug|ARM.ActiveCfg = Debug|ARM
		{8643858A-57F5-B07D-A5FE-27D347B99DE8}.Debug|ARM.Build.0 = Debug|ARM
		{8643858A-57F5-B07D-A5FE-27D347B99DE8}.Debug|ARM.Deploy.0 = Debug|ARM
		{8643858A-57F5-B07D-A5FE-27D347B99DE8}.Release|ARM.ActiveCfg = Release|ARM
		{8643858A-57F5-B07D-A5FE-27D347B99DE8}.Release|ARM.Build.0 = Release|ARM
		{8643858A-57F5-B07D-A5FE-27D347B99DE8}.Release|ARM.Deploy.0 = Release|ARM
		{8643858A-57F5-B07D-A5FE-27D347B99DE8}.Release|x64.ActiveCfg = Release|x64
		{8643858A-57F5-B07D-A5FE-27D347B99DE8}.Release|x64.Build.0 = Release|x64
		{8643858A-57F5-B07D-A5FE-27D347B99DE8}.Release|x64.Deploy.0 = Release|x64
		{8643858A-57F5-B07D-A5FE-27D347B99DE8}.Release|Win32.ActiveCfg = Release|Win32
		{8643858A-57F5-B07D-A5FE-27D347B99DE8}.Release|Win32.Build.0 = Release|Win32
		{8643858A-57F5-B07D-A5FE-27D347B99DE8}.Release|Win32.Deploy.0 = Release|Win32
		{91DDC57B-3917-D1D0-81C1-B696EF60394F}.Debug|Win32.ActiveCfg = Debug|Win32
		{91DDC57B-3917-D1D0-81C1-B696EF60394F}.Debug|Win32.Build.0 = Debug|Win32
		{91DDC57B-3917-D1D0-81C1-B696EF60394F}.Debug|x64.ActiveCfg = Debug|x64
		{91DDC57B-3917-D1D0-81C1-B696EF60394F}.Debug|x64.Build.0 = Debug|x64
		{91DDC57B-3917-D1D0-81C1-B696EF60394F}.Debug|ARM.ActiveCfg = Debug|ARM
		{91DDC57B-3917-D1D0-81C1-B696EF60394F}.Debug|ARM.Build.0 = Debug|ARM
		{91DDC57B-3917-D1D0-81C1-B696EF60394F}.Release|ARM.ActiveCfg = Release|ARM
		{91DDC57B-3917-D1D0-81C1-B696EF60394F}.Release|ARM.Build.0 = Release|ARM
		{91DDC57B-3917-D1D0-81C1-B696EF60394F}.Release|x64.ActiveCfg = Release|x64
		{91DDC57B-3917-D1D0-81C1-B696EF60394F}.Release|x64.Build.0 = Release|x64
		{91DDC57B-3917-D1D0-81C1-B696EF60394F}.Release|Win32.ActiveCfg = Release|Win32
		{91DDC57B-3917-D1D0-81C1-B696EF60394F}.Release|Win32.Build.0 = Release|Win32
		{9648734C-711C-BEFD-965D-C9676B7B1FEC}.Debug|Win32.ActiveCfg = Debug|Win32
		{9648734C-711C-BEFD-965D-C9676B7B1FEC}.Debug|Win32.Build.0 = Debug|Win32
		{9648734C-711C-BEFD-965D-C9676B7B1FEC}.Debug|x64.ActiveCfg = Debug|x64
		{9648734C-711C-BEFD-965D-C9676B7B1FEC}.Debug|x64.Build.0 = Debug|x64
		{9648734C-711C-BEFD-965D-C9676B7B1FEC}.Debug|ARM.ActiveCfg = Debug|ARM
		{9648734C-711C-BEFD-965D-C9676B7B1FEC}.Debug|ARM.Build.0 = Debug|ARM
		{9648734C-711C-BEFD-965D-C9676B7B1FEC}.Release|ARM.ActiveCfg = Release|ARM
		{9648734C-711C-BEFD-965D-C9676B7B1FEC}.Release|ARM.Build.0 = Release|ARM
		{9648734C-711C-BEFD-965D-C9676B7B1FEC}.Release|x64.ActiveCfg = Release|x64
		{9648734C-711C-BEFD-965D-C9676B7B1FEC}.Release|x64.Build.0 = Release|x64
		{9648734C-711C-BEFD-965D-C9676B7B1FEC}.Release|Win32.ActiveCfg = Release|Win32
		{9648734C-711C-BEFD-965D-C9676B7B1FEC}.Release|Win32.Build.0 = Release|Win32
		{971C979A-D81E-75DD-DFC6-CCD04C250F01}.Debug|Win32.ActiveCfg = Debug|Win32
		{971C979A-D81E-75DD-DFC6-CCD04C250F01}.Debug|Win32.Build.0 = Debug|Win32
		{971C979A-D81E-75DD-DFC6-CCD04C250F01}.Debug|x64.ActiveCfg = Debug|x64
		{971C979A-D81E-75DD-DFC6-CCD04C250F01}.Debug|x64.Build.0 = Debug|x64
		{971C979A-D81E-75DD-DFC6-CCD04C250F01}.Debug|ARM.ActiveCfg = Debug|ARM
		{971C979A-D81E-75DD-DFC6-CCD04C250F01}.Debug|ARM.Build.0 = Debug|ARM
		{971C979A-D81E-75DD-DFC6-CCD04C250F01}.Release|ARM.ActiveCfg = Release|ARM
		{971C979A-D81E-75DD-DFC6-CCD04C250F01}.Release|ARM.Build.0 = Release|ARM
		{971C979A-D81E-75DD-DFC6-CCD04C250F01}.Release|x64.ActiveCfg = Release|x64
		{971C979A-D81E-75DD-DFC6-CCD04C250F01}.Release|x64.Build.0 = Release|x64
		{971C979A-D81E-75DD-DFC6-CCD04C250F01}.Release|Win32.ActiveCfg = Release|Win32
		{971C979A-D81E-75DD-DFC6-CCD04C250F01}.Release|Win32.Build.0 = Release|Win32
		{A1C039FA-1019-FB4D-FA14-B54983A0692E}.Debug|Win32.ActiveCfg = Debug|Win32
		{A1C039FA-1019-FB4D-FA14-B54983A0692E}.Debug|Win32.Build.0 = Debug|Win32
		{A1C039FA-1019-FB4D-FA14-B54983A0692E}.Debug|x64.ActiveCfg = Debug|x64
		{A1C039FA-1019-FB4D-FA14-B54983A0692E}.Debug|x64.Build.0 = Debug|x64
		{A1C039FA-1019-FB4D-FA14-B54983A0692E}.Debug|ARM.ActiveCfg = Debug|ARM
		{A1C039FA-1019-FB4D-FA14-B54983A0692E}.Debug|ARM.Build.0 = Debug|ARM
		{A1C039FA-1019-FB4D-FA14-B54983A0692E}.Release|ARM.ActiveCfg = Release|ARM
		{A1C039FA-1019-FB4D-FA14-B54983A0692E}.Release|ARM.Build.0 = Release|ARM
		{A1C039FA-1019-FB4D-FA14-B54983A0692E}.Release|x64.ActiveCfg = Release|x64
		{A1C039FA-1019-FB4D-FA14-B54983A0692E}.Release|x64.Build.0 = Release|x64
		{A1C039FA-1019-FB4D-FA14-B54983A0692E}.Release|Win32.ActiveCfg = Release|Win32
		{A1C039FA-1019-FB4D-FA14-B54983A0692E}.Release|Win32.Build.0 = Release|Win32
		{A6B5C1C0-94DD-DCC4-CEF8-FA543E860473}.Debug|Win32.ActiveCfg = Debug|Win32
		{A6B5C1C0-94DD-DCC4-CEF8-FA543E860473}.Debug|Win32.Build.0 = Debug|Win32
		{A6B5C1C0-94DD-DCC4-CEF8-FA543E860473}.Debug|x64.ActiveCfg = Debug|x64
		{A6B5C1C0-94DD-DCC4-CEF8-FA543E860473}.Debug|x64.Build.0 = Debug|x64
		{A6B5C1C0-94DD-DCC4-CEF8-FA543E860473}.Debug|ARM.ActiveCfg = Debug|ARM
		{A6B5C1C0-94DD-DCC4-CEF8-FA543E860473}.Debug|ARM.Build.0 = Debug|ARM
		{A6B5C1C0-94DD-DCC4-CEF8-FA543E860473}.Release|ARM.ActiveCfg = Release|ARM
		{A6B5C1C0-94DD-DCC4-CEF8-FA543E860473}.Release|ARM.Build.0 = Release|ARM
		{A6B5C1C0-94DD-DCC4-CEF8-FA543E860473}.Release|x64.ActiveCfg = Release|x64
		{A6B5C1C0-94DD-DCC4-CEF8-FA543E860473}.Release|x64.Build.0 = Release|x64
		{A6B5C1C0-94DD-DCC4-CEF8-FA543E860473}.Release|Win32.ActiveCfg = Release|Win32
		{A6B5C1C0-94DD-DCC4-CEF8-FA543E860473}.Release|Win32.Build.0 = Release|Win32
		{B49022D7-8D2D-E820-9AD9-A640F2F78CA4}.Debug|Win32.ActiveCfg = Debug|Win32
		{B49022D7-8D2D-E820-9AD9-A640F2F78CA4}.Debug|Win32.Build.0 = Debug|Win32
		{B49022D7-8D2D-E820-9AD9-A640F2F78CA4}.Debug|x64.ActiveCfg = Debug|x64
		{B49022D7-8D2D-E820-9AD9-A640F2F78CA4}.Debug|x64.Build.0 = Debug|x64
		{B49022D7-8D2D-E820-9AD9-A640F2F78CA4}.Debug|ARM.ActiveCfg = Debug|ARM
		{B49022D7-8D2D-E820-9AD9-A640F2F78CA4}.Debug|ARM.Build.0 = Debug|ARM
		{B49022D7-8D2D-E820-9AD9-A640F2F78CA4}.Release|ARM.ActiveCfg = Release|ARM
		{B49022D7-8D2D-E820-9AD9-A640F2F78CA4}.Release|ARM.Build.0 = Release|ARM
		{B49022D7-8D2D-E820-9AD9-A640F2F78CA4}.Release|x64.ActiveCfg = Release|x64
		{B49022D7-8D2D-E820-9AD9-A640F2F78CA4}.Release|x64.Build.0 = Release|x64
		{B49022D7-8D2D-E820-9AD9-A640F2F78CA4}.Release|Win32.ActiveCfg = Release|Win32
		{B49022D7-8D2D-E820-9AD9-A640F2F78CA4}.Release|Win32.Build.0 = Release|Win32
		{BF559648-27E7-D670-CDC3-9B5EFF0FC2C9}.Debug|Win32.ActiveCfg = Debug|Win32
		{BF559648-27E7-D670-CDC3-9B5EFF0FC2C9}.Debug|Win32.Build.0 = Debug|Win32
		{BF559648-27E7-D670-CDC3-9B5EFF0FC2C9}.Debug|x64.ActiveCfg = Debug|x64
		{BF559648-27E7-D670-CDC3-9B5EFF0FC2C9}.Debug|x64.Build.0 = Debug|x64
		{BF559648-27E7-D670-CDC3-9B5EFF0FC2C9}.Debug|ARM.ActiveCfg = Debug|ARM
		{BF559648-27E7-D670-CDC3-9B5EFF0FC2C9}.Debug|ARM.Build.0 = Debug|ARM
		{BF559648-27E7-D670-CDC3-9B5EFF0FC2C9}.Release|ARM.ActiveCfg = Release|ARM
		{BF559648-27E7-D670-CDC3-9B5EFF0FC2C9}.Release|ARM.Build.0 = Release|ARM
		{BF559648-27E7-D670-CDC3-9B5EFF0FC2C9}.Release|x64.ActiveCfg = Release|x64
		{BF559648-27E7-D670-CDC3-9B5EFF0FC2C9}.Release|x64.Build.0 = Release|x64
		{BF559648-27E7-D670-CDC3-9B5EFF0FC2C9}.Release|Win32.ActiveCfg = Release|Win32
		{BF559648-27E7-D670-CDC3-9B5EFF0FC2C9}.Release|Win32.Build.0 = Release|Win32
		{C145FA47-FE4C-DBAB-9FD8-56E2AC793F2B}.Debug|Win32.ActiveCfg = Debug|Win32
		{C145FA47-FE4C-DBAB-9FD8-56E2AC793F2B}.Debug|Win32.Build.0 = Debug|Win32
		{C145FA47-FE4C-DBAB-9FD8-56E2AC793F2B}.Debug|x64.ActiveCfg = Debug|x64
		{C145FA47-FE4C-DBAB-9FD8-56E2AC793F2B}.Debug|x64.Build.0 = Debug|x64
		{C145FA47-FE4C-DBAB-9FD8-56E2AC793F2B}.Debug|ARM.ActiveCfg = Debug|ARM
		{C145FA47-FE4C-DBAB-9FD8-56E2AC793F2B}.Debug|ARM.Build.0 = Debug|ARM
		{C145FA47-FE4C-DBAB-9FD8-56E2AC793F2B}.Release|ARM.ActiveCfg = Release|ARM
		{C145FA47-FE4C-DBAB-9FD8-56E2AC793F2B}.Release|ARM.Build.0 = Release|ARM
		{C145FA47-FE4C-DBAB-9FD8-56E2AC793F2B}.Release|x64.ActiveCfg = Release|x64
		{C145FA47-FE4C-DBAB-9FD8-56E2AC793F2B}.Release|x64.Build.0 = Release|x64
		{C145FA47-FE4C-DBAB-9FD8-56E2AC793F2B}.Release|Win32.ActiveCfg = Release|Win32
		{C145FA47-FE4C-DBAB-9FD8-56E2AC793F2B}.Release|Win32.Build.0 = Release|Win32
		{C37B55D3-B81A-E770-2FA8-0F73E8544F4B}.Debug|Win32.ActiveCfg = Debug|Win32
		{C37B55D3-B81A-E770-2FA8-0F73E8544F4B}.Debug|Win32.Build.0 = Debug|Win32
		{C37B55D3-B81A-E770-2FA8-0F73E8544F4B}.Debug|x64.ActiveCfg = Debug|x64
		{C37B55D3-B81A-E770-2FA8-0F73E8544F4B}.Debug|x64.Build.0 = Debug|x64
		{C37B55D3-B81A-E770-2FA8-0F73E8544F4B}.Debug|ARM.ActiveCfg = Debug|ARM
		{C37B55D3-B81A-E770-2FA8-0F73E8544F4B}.Debug|ARM.Build.0 = Debug|ARM
		{C37B55D3-B81A-E770-2FA8-0F73E8544F4B}.Release|ARM.ActiveCfg = Release|ARM
		{C37B55D3-B81A-E770-2FA8-0F73E8544F4B}.Release|ARM.Build.0 = Release|ARM
		{C37B55D3-B81A-E770-2FA8-0F73E8544F4B}.Release|x64.ActiveCfg = Release|x64
		{C37B55D3-B81A-E770-2FA8-0F73E8544F4B}.Release|x64.Build.0 = Release|x64
		{C37B55D3-B81A-E770-2FA8-0F73E8544F4B}.Release|Win32.ActiveCfg = Release|Win32
		{C37B55D3-B81A-E770-2FA8-0F73E8544F4B}.Release|Win32.Build.0 = Release|Win32
		{C3C0869F-2EAE-9945-4E5C-4B821371DB3B}.Debug|Win32.ActiveCfg = Debug|Win32
		{C3C0869F-2EAE-9945-4E5C-4B821371DB3B}.Debug|Win32.Build.0 = Debug|Win32
		{C3C0869F-2EAE-9945-4E5C-4B821371DB3B}.Debug|x64.ActiveCfg = Debug|x64
		{C3C0869F-2EAE-9945-4E5C-4B821371DB3B}.Debug|x64.Build.0 = Debug|x64
		{C3C0869F-2EAE-9945-4E5C-4B821371DB3B}.Debug|ARM.ActiveCfg = Debug|ARM
		{C3C0869F-2EAE-9945-4E5C-4B821371DB3B}.Debug|ARM.Build.0 = Debug|ARM
		{C3C0869F-2EAE-9945-4E5C-4B821371DB3B}.Release|ARM.ActiveCfg = Release|ARM
		{C3C0869F-2EAE-9945-4E5C-4B821371DB3B}.Release|ARM.Build.0 = Release|ARM
		{C3C0869F-2EAE-9945-4E5C-4B821371DB3B}.Release|x64.ActiveCfg = Release|x64
		{C3C0869F-2EAE-9945-4E5C-4B821371DB3B}.Release|x64.Build.0 = Release|x64
		{C3C0869F-2EAE-9945-4E5C-4B821371DB3B}.Release|Win32.ActiveCfg = Release|Win32
		{C3C0869F-2EAE-9945-4E5C-4B821371DB3B}.Release|Win32.Build.0 = Release|Win32
		{C6E19BA5-67DE-830B-9AEF-26E54A15CC16}.Debug|Win32.ActiveCfg = Debug|Win32
		{C6E19BA5-67DE-830B-9AEF-26E54A15CC16}.Debug|Win32.Build.0 = Debug|Win32
		{C6E19BA5-67DE-830B-9AEF-26E54A15CC16}.Debug|x64.ActiveCfg = Debug|x64
		{C6E19BA5-67DE-830B-9AEF-26E54A15CC16}.Debug|x64.Build.0 = Debug|x64
		{C6E19BA5-67DE-830B-9AEF-26E54A15CC16}.Debug|ARM.ActiveCfg = Debug|ARM
		{C6E19BA5-67DE-830B-9AEF-26E54A15CC16}.Debug|ARM.Build.0 = Debug|ARM
		{C6E19BA5-67DE-830B-9AEF-26E54A15CC16}.Release|ARM.ActiveCfg = Release|ARM
		{C6E19BA5-67DE-830B-9AEF-26E54A15CC16}.Release|ARM.Build.0 = Release|ARM
		{C6E19BA5-67DE-830B-9AEF-26E54A15CC16}.Release|x64.ActiveCfg = Release|x64
		{C6E19BA5-67DE-830B-9AEF-26E54A15CC16}.Release|x64.Build.0 = Release|x64
		{C6E19BA5-67DE-830B-9AEF-26E54A15CC16}.Release|Win32.ActiveCfg = Release|Win32
		{C6E19BA5-67DE-830B-9AEF-26E54A15CC16}.Release|Win32.Build.0 = Release|Win32
		{C76FACE7-A360-6485-8906-F82C389904D8}.Debug|Win32.ActiveCfg = Debug|Win32
		{C76FACE7-A360-6485-8906-F82C389904D8}.Debug|Win32.Build.0 = Debug|Win32
		{C76FACE7-A360-6485-8906-F82C389904D8}.Debug|x64.ActiveCfg = Debug|x64
		{C76FACE7-A360-6485-8906-F82C389904D8}.Debug|x64.Build.0 = Debug|x64
		{C76FACE7-A360-6485-8906-F82C389904D8}.Debug|ARM.ActiveCfg = Debug|ARM
		{C76FACE7-A360-6485-8906-F82C389904D8}.Debug|ARM.Build.0 = Debug|ARM
		{C76FACE7-A360-6485-8906-F82C389904D8}.Release|ARM.ActiveCfg = Release|ARM
		{C76FACE7-A360-6485-8906-F82C389904D8}.Release|ARM.Build.0 = Release|ARM
		{C76FACE7-A360-6485-8906-F82C389904D8}.Release|x64.ActiveCfg = Release|x64
		{C76FACE7-A360-6485-8906-F82C389904D8}.Release|x64.Build.0 = Release|x64
		{C76FACE7-A360-6485-8906-F82C389904D8}.Release|Win32.ActiveCfg = Release|Win32
		{C76FACE7-A360-6485-8906-F82C389904D8}.Release|Win32.Build.0 = Release|Win32
		{C7B2FBE3-7AC7-EE15-9391-07E454EE1E3B}.Debug|Win32.ActiveCfg = Debug|Win32
		{C7B2FBE3-7AC7-EE15-9391-07E454EE1E3B}.Debug|Win32.Build.0 = Debug|Win32
		{C7B2FBE3-7AC7-EE15-9391-07E454EE1E3B}.Debug|x64.ActiveCfg = Debug|x64
		{C7B2FBE3-7AC7-EE15-9391-07E454EE1E3B}.Debug|x64.Build.0 = Debug|x64
		{C7B2FBE3-7AC7-EE15-9391-07E454EE1E3B}.Debug|ARM.ActiveCfg = Debug|ARM
		{C7B2FBE3-7AC7-EE15-9391-07E454EE1E3B}.Debug|ARM.Build.0 = Debug|ARM
		{C7B2FBE3-7AC7-EE15-9391-07E454EE1E3B}.Release|ARM.ActiveCfg = Release|ARM
		{C7B2FBE3-7AC7-EE15-9391-07E454EE1E3B}.Release|ARM.Build.0 = Release|ARM
		{C7B2FBE3-7AC7-EE15-9391-07E454EE1E3B}.Release|x64.ActiveCfg = Release|x64
		{C7B2FBE3-7AC7-EE15-9391-07E454EE1E3B}.Release|x64.Build.0 = Release|x64
		{C7B2FBE3-7AC7-EE15-9391-07E454EE1E3B}.Release|Win32.ActiveCfg = Release|Win32
		{C7B2FBE3-7AC7-EE15-9391-07E454EE1E3B}.Release|Win32.Build.0 = Release|Win32
		{CE48FE4E-FC22-2234-294A-0E2CE7EFB77A}.Debug|Win32.ActiveCfg = Debug|Win32
		{CE48FE4E-FC22-2234-294A-0E2CE7EFB77A}.Debug|Win32.Build.0 = Debug|Win32
		{CE48FE4E-FC22-2234-294A-0E2CE7EFB77A}.Debug|Win32.Deploy.0 = Debug|Win32
		{CE48FE4E-FC22-2234-294A-0E2CE7EFB77A}.Debug|x64.ActiveCfg = Debug|x64
		{CE48FE4E-FC22-2234-294A-0E2CE7EFB77A}.Debug|x64.Build.0 = Debug|x64
		{CE48FE4E-FC22-2234-294A-0E2CE7EFB77A}.Debug|x64.Deploy.0 = Debug|x64
		{CE48FE4E-FC22-2234-294A-0E2CE7EFB77A}.Debug|ARM.ActiveCfg = Debug|ARM
		{CE48FE4E-FC22-2234-294A-0E2CE7EFB77A}.Debug|ARM.Build.0 = Debug|ARM
		{CE48FE4E-FC22-2234-294A-0E2CE7EFB77A}.Debug|ARM.Deploy.0 = Debug|ARM
		{CE48FE4E-FC22-2234-294A-0E2CE7EFB77A}.Release|ARM.ActiveCfg = Release|ARM
		{CE48FE4E-FC22-2234-294A-0E2CE7EFB77A}.Release|ARM.Build.0 = Release|ARM
		{CE48FE4E-FC22-2234-294A-0E2CE7EFB77A}.Release|ARM.Deploy.0 = Release|ARM
		{CE48FE4E-FC22-2234-294A-0E2CE7EFB77A}.Release|x64.ActiveCfg = Release|x64
		{CE48FE4E-FC22-2234-294A-0E2CE7EFB77A}.Release|x64.Build.0 = Release|x64
		{CE48FE4E-FC22-2234-294A-0E2CE7EFB77A}.Release|x64.Deploy.0 = Release|x64
		{CE48FE4E-FC22-2234-294A-0E2CE7EFB77A}.Release|Win32.ActiveCfg = Release|Win32
		{CE48FE4E-FC22-2234-294A-0E2CE7EFB77A}.Release|Win32.Build.0 = Release|Win32
		{CE48FE4E-FC22-2234-294A-0E2CE7EFB77A}.Release|Win32.Deploy.0 = Release|Win32
		{CF577E21-DDE8-166A-9228-98A09935F044}.Debug|Win32.ActiveCfg = Debug|Win32
		{CF577E21-DDE8-166A-9228-98A09935F044}.Debug|Win32.Build.0 = Debug|Win32
		{CF577E21-DDE8-166A-9228-98A09935F044}.Debug|x64.ActiveCfg = Debug|x64
		{CF577E21-DDE8-166A-9228-98A09935F044}.Debug|x64.Build.0 = Debug|x64
		{CF577E21-DDE8-166A-9228-98A09935F044}.Debug|ARM.ActiveCfg = Debug|ARM
		{CF577E21-DDE8-166A-9228-98A09935F044}.Debug|ARM.Build.0 = Debug|ARM
		{CF577E21-DDE8-166A-9228-98A09935F044}.Release|ARM.ActiveCfg = Release|ARM
		{CF577E21-DDE8-166A-9228-98A09935F044}.Release|ARM.Build.0 = Release|ARM
		{CF577E21-DDE8-166A-9228-98A09935F044}.Release|x64.ActiveCfg = Release|x64
		{CF577E21-DDE8-166A-9228-98A09935F044}.Release|x64.Build.0 = Release|x64
		{CF577E21-DDE8-166A-9228-98A09935F044}.Release|Win32.ActiveCfg = Release|Win32
		{CF577E21-DDE8-166A-9228-98A09935F044}.Release|Win32.Build.0 = Release|Win32
		{D852648A-1324-8C59-30D3-9367FB7B6089}.Debug|Win32.ActiveCfg = Debug|Win32
		{D852648A-1324-8C59-30D3-9367FB7B6089}.Debug|Win32.Build.0 = Debug|Win32
		{D852648A-1324-8C59-30D3-9367FB7B6089}.Debug|x64.ActiveCfg = Debug|x64
		{D852648A-1324-8C59-30D3-9367FB7B6089}.Debug|x64.Build.0 = Debug|x64
		{D852648A-1324-8C59-30D3-9367FB7B6089}.Debug|ARM.ActiveCfg = Debug|ARM
		{D852648A-1324-8C59-30D3-9367FB7B6089}.Debug|ARM.Build.0 = Debug|ARM
		{D852648A-1324-8C59-30D3-9367FB7B6089}.Release|ARM.ActiveCfg = Release|ARM
		{D852648A-1324-8C59-30D3-9367FB7B6089}.Release|ARM.Build.0 = Release|ARM
		{D852648A-1324-8C59-30D3-9367FB7B6089}.Release|x64.ActiveCfg = Release|x64
		{D852648A-1324-8C59-30D3-9367FB7B6089}.Release|x64.Build.0 = Release|x64
		{D852648A-1324-8C59-30D3-9367FB7B6089}.Release|Win32.ActiveCfg = Release|Win32
		{D852648A-1324-8C59-30D3-9367FB7B6089}.Release|Win32.Build.0 = Release|Win32
		{DCB62A8E-FF6C-BF1B-C15E-DEA5DBEE4163}.Debug|Win32.ActiveCfg = Debug|Win32
		{DCB62A8E-FF6C-BF1B-C15E-DEA5DBEE4163}.Debug|Win32.Build.0 = Debug|Win32
		{DCB62A8E-FF6C-BF1B-C15E-DEA5DBEE4163}.Debug|x64.ActiveCfg = Debug|x64
		{DCB62A8E-FF6C-BF1B-C15E-DEA5DBEE4163}.Debug|x64.Build.0 = Debug|x64
		{DCB62A8E-FF6C-BF1B-C15E-DEA5DBEE4163}.Debug|ARM.ActiveCfg = Debug|ARM
		{DCB62A8E-FF6C-BF1B-C15E-DEA5DBEE4163}.Debug|ARM.Build.0 = Debug|ARM
		{DCB62A8E-FF6C-BF1B-C15E-DEA5DBEE4163}.Release|ARM.ActiveCfg = Release|ARM
		{DCB62A8E-FF6C-BF1B-C15E-DEA5DBEE4163}.Release|ARM.Build.0 = Release|ARM
		{DCB62A8E-FF6C-BF1B-C15E-DEA5DBEE4163}.Release|x64.ActiveCfg = Release|x64
		{DCB62A8E-FF6C-BF1B-C15E-DEA5DBEE4163}.Release|x64.Build.0 = Release|x64
		{DCB62A8E-FF6C-BF1B-C15E-DEA5DBEE4163}.Release|Win32.ActiveCfg = Release|Win32
		{DCB62A8E-FF6C-BF1B-C15E-DEA5DBEE4163}.Release|Win32.Build.0 = Release|Win32
		{DF29BC11-3DCB-BBBC-EA42-67798666184F}.Debug|Win32.ActiveCfg = Debug|Win32
		{DF29BC11-3DCB-BBBC-EA42-67798666184F}.Debug|Win32.Build.0 = Debug|Win32
		{DF29BC11-3DCB-BBBC-EA42-67798666184F}.Debug|x64.ActiveCfg = Debug|x64
		{DF29BC11-3DCB-BBBC-EA42-67798666184F}.Debug|x64.Build.0 = Debug|x64
		{DF29BC11-3DCB-BBBC-EA42-67798666184F}.Debug|ARM.ActiveCfg = Debug|ARM
		{DF29BC11-3DCB-BBBC-EA42-67798666184F}.Debug|ARM.Build.0 = Debug|ARM
		{DF29BC11-3DCB-BBBC-EA42-67798666184F}.Release|ARM.ActiveCfg = Release|ARM
		{DF29BC11-3DCB-BBBC-EA42-67798666184F}.Release|ARM.Build.0 = Release|ARM
		{DF29BC11-3DCB-BBBC-EA42-67798666184F}.Release|x64.ActiveCfg = Release|x64
		{DF29BC11-3DCB-BBBC-EA42-67798666184F}.Release|x64.Build.0 = Release|x64
		{DF29BC11-3DCB-BBBC-EA42-67798666184F}.Release|Win32.ActiveCfg = Release|Win32
		{DF29BC11-3DCB-BBBC-EA42-67798666184F}.Release|Win32.Build.0 = Release|Win32
		{E06B59EA-2FA1-7299-CB4A-1ED98EF133BA}.Debug|Win32.ActiveCfg = Debug|Win32
		{E06B59EA-2FA1-7299-CB4A-1ED98EF133BA}.Debug|Win32.Build.0 = Debug|Win32
		{E06B59EA-2FA1-7299-CB4A-1ED98EF133BA}.Debug|x64.ActiveCfg = Debug|x64
		{E06B59EA-2FA1-7299-CB4A-1ED98EF133BA}.Debug|x64.Build.0 = Debug|x64
		{E06B59EA-2FA1-7299-CB4A-1ED98EF133BA}.Debug|ARM.ActiveCfg = Debug|ARM
		{E06B59EA-2FA1-7299-CB4A-1ED98EF133BA}.Debug|ARM.Build.0 = Debug|ARM
		{E06B59EA-2FA1-7299-CB4A-1ED98EF133BA}.Release|ARM.ActiveCfg = Release|ARM
		{E06B59EA-2FA1-7299-CB4A-1ED98EF133BA}.Release|ARM.Build.0 = Release|ARM
		{E06B59EA-2FA1-7299-CB4A-1ED98EF133BA}.Release|x64.ActiveCfg = Release|x64
		{E06B59EA-2FA1-7299-CB4A-1ED98EF133BA}.Release|x64.Build.0 = Release|x64
		{E06B59EA-2FA1-7299-CB4A-1ED98EF133BA}.Release|Win32.ActiveCfg = Release|Win32
		{E06B59EA-2FA1-7299-CB4A-1ED98EF133BA}.Release|Win32.Build.0 = Release|Win32
		{E2C2F025-6299-71CE-B160-339987D245E9}.Debug|Win32.ActiveCfg = Debug|Win32
		{E2C2F025-6299-71CE-B160-339987D245E9}.Debug|Win32.Build.0 = Debug|Win32
		{E2C2F025-6299-71CE-B160-339987D245E9}.Debug|x64.ActiveCfg = Debug|x64
		{E2C2F025-6299-71CE-B160-339987D245E9}.Debug|x64.Build.0 = Debug|x64
		{E2C2F025-6299-71CE-B160-339987D245E9}.Debug|ARM.ActiveCfg = Debug|ARM
		{E2C2F025-6299-71CE-B160-339987D245E9}.Debug|ARM.Build.0 = Debug|ARM
		{E2C2F025-6299-71CE-B160-339987D245E9}.Release|ARM.ActiveCfg = Release|ARM
		{E2C2F025-6299-71CE-B160-339987D245E9}.Release|ARM.Build.0 = Release|ARM
		{E2C2F025-6299-71CE-B160-339987D245E9}.Release|x64.ActiveCfg = Release|x64
		{E2C2F025-6299-71CE-B160-339987D245E9}.Release|x64.Build.0 = Release|x64
		{E2C2F025-6299-71CE-B160-339987D245E9}.Release|Win32.ActiveCfg = Release|Win32
		{E2C2F025-6299-71CE-B160-339987D245E9}.Release|Win32.Build.0 = Release|Win32
		{E3C8CA0D-5656-1A41-C38B-5B3340271F6C}.Debug|Win32.ActiveCfg = Debug|Win32
		{E3C8CA0D-5656-1A41-C38B-5B3340271F6C}.Debug|Win32.Build.0 = Debug|Win32
		{E3C8CA0D-5656-1A41-C38B-5B3340271F6C}.Debug|x64.ActiveCfg = Debug|x64
		{E3C8CA0D-5656-1A41-C38B-5B3340271F6C}.Debug|x64.Build.0 = Debug|x64
		{E3C8CA0D-5656-1A41-C38B-5B3340271F6C}.Debug|ARM.ActiveCfg = Debug|ARM
		{E3C8CA0D-5656-1A41-C38B-5B3340271F6C}.Debug|ARM.Build.0 = Debug|ARM
		{E3C8CA0D-5656-1A41-C38B-5B3340271F6C}.Release|ARM.ActiveCfg = Release|ARM
		{E3C8CA0D-5656-1A41-C38B-5B3340271F6C}.Release|ARM.Build.0 = Release|ARM
		{E3C8CA0D-5656-1A41-C38B-5B3340271F6C}.Release|x64.ActiveCfg = Release|x64
		{E3C8CA0D-5656-1A41-C38B-5B3340271F6C}.Release|x64.Build.0 = Release|x64
		{E3C8CA0D-5656-1A41-C38B-5B3340271F6C}.Release|Win32.ActiveCfg = Release|Win32
		{E3C8CA0D-5656-1A41-C38B-5B3340271F6C}.Release|Win32.Build.0 = Release|Win32
		{EB3A75E1-2B69-134E-2CD9-5ABE5AF396B2}.Debug|Win32.ActiveCfg = Debug|Win32
		{EB3A75E1-2B69-134E-2CD9-5ABE5AF396B2}.Debug|Win32.Build.0 = Debug|Win32
		{EB3A75E1-2B69-134E-2CD9-5ABE5AF396B2}.Debug|x64.ActiveCfg = Debug|x64
		{EB3A75E1-2B69-134E-2CD9-5ABE5AF396B2}.Debug|x64.Build.0 = Debug|x64
		{EB3A75E1-2B69-134E-2CD9-5ABE5AF396B2}.Debug|ARM.ActiveCfg = Debug|ARM
		{EB3A75E1-2B69-134E-2CD9-5ABE5AF396B2}.Debug|ARM.Build.0 = Debug|ARM
		{EB3A75E1-2B69-134E-2CD9-5ABE5AF396B2}.Release|ARM.ActiveCfg = Release|ARM
		{EB3A75E1-2B69-134E-2CD9-5ABE5AF396B2}.Release|ARM.Build.0 = Release|ARM
		{EB3A75E1-2B69-134E-2CD9-5ABE5AF396B2}.Release|x64.ActiveCfg = Release|x64
		{EB3A75E1-2B69-134E-2CD9-5ABE5AF396B2}.Release|x64.Build.0 = Release|x64
		{EB3A75E1-2B69-134E-2CD9-5ABE5AF396B2}.Release|Win32.ActiveCfg = Release|Win32
		{EB3A75E1-2B69-134E-2CD9-5ABE5AF396B2}.Release|Win32.Build.0 = Release|Win32
		{EB6B5123-04D7-BA9A-ACE0-D99E175FD1A0}.Debug|Win32.ActiveCfg = Debug|Win32
		{EB6B5123-04D7-BA9A-ACE0-D99E175FD1A0}.Debug|Win32.Build.0 = Debug|Win32
		{EB6B5123-04D7-BA9A-ACE0-D99E175FD1A0}.Debug|x64.ActiveCfg = Debug|x64
		{EB6B5123-04D7-BA9A-ACE0-D99E175FD1A0}.Debug|x64.Build.0 = Debug|x64
		{EB6B5123-04D7-BA9A-ACE0-D99E175FD1A0}.Debug|ARM.ActiveCfg = Debug|ARM
		{EB6B5123-04D7-BA9A-ACE0-D99E175FD1A0}.Debug|ARM.Build.0 = Debug|ARM
		{EB6B5123-04D7-BA9A-ACE0-D99E175FD1A0}.Release|ARM.ActiveCfg = Release|ARM
		{EB6B5123-04D7-BA9A-ACE0-D99E175FD1A0}.Release|ARM.Build.0 = Release|ARM
		{EB6B5123-04D7-BA9A-ACE0-D99E175FD1A0}.Release|x64.ActiveCfg = Release|x64
		{EB6B5123-04D7-BA9A-ACE0-D99E175FD1A0}.Release|x64.Build.0 = Release|x64
		{EB6B5123-04D7-BA9A-ACE0-D99E175FD1A0}.Release|Win32.ActiveCfg = Release|Win32
		{EB6B5123-04D7-BA9A-ACE0-D99E175FD1A0}.Release|Win32.Build.0 = Release|Win32
		{ECE33047-73D7-2A12-EAD0-B975E6839B77}.Debug|Win32.ActiveCfg = Debug|Win32
		{ECE33047-73D7-2A12-EAD0-B975E6839B77}.Debug|Win32.Build.0 = Debug|Win32
		{ECE33047-73D7-2A12-EAD0-B975E6839B77}.Debug|x64.ActiveCfg = Debug|x64
		{ECE33047-73D7-2A12-EAD0-B975E6839B77}.Debug|x64.Build.0 = Debug|x64
		{ECE33047-73D7-2A12-EAD0-B975E6839B77}.Debug|ARM.ActiveCfg = Debug|ARM
		{ECE33047-73D7-2A12-EAD0-B975E6839B77}.Debug|ARM.Build.0 = Debug|ARM
		{ECE33047-73D7-2A12-EAD0-B975E6839B77}.Release|ARM.ActiveCfg = Release|ARM
		{ECE33047-73D7-2A12-EAD0-B975E6839B77}.Release|ARM.Build.0 = Release|ARM
		{ECE33047-73D7-2A12-EAD0-B975E6839B77}.Release|x64.ActiveCfg = Release|x64
		{ECE33047-73D7-2A12-EAD0-B975E6839B77}.Release|x64.Build.0 = Release|x64
		{ECE33047-73D7-2A12-EAD0-B975E6839B77}.Release|Win32.ActiveCfg = Release|Win32
		{ECE33047-73D7-2A12-EAD0-B975E6839B77}.Release|Win32.Build.0 = Release|Win32
		{F5A0D287-CADB-2613-BFAD-6B32808EF61B}.Debug|Win32.ActiveCfg = Debug|Win32
		{F5A0D287-CADB-2613-BFAD-6B32808EF61B}.Debug|Win32.Build.0 = Debug|Win32
		{F5A0D287-CADB-2613-BFAD-6B32808EF61B}.Debug|x64.ActiveCfg = Debug|x64
		{F5A0D287-CADB-2613-BFAD-6B32808EF61B}.Debug|x64.Build.0 = Debug|x64
		{F5A0D287-CADB-2613-BFAD-6B32808EF61B}.Debug|ARM.ActiveCfg = Debug|ARM
		{F5A0D287-CADB-2613-BFAD-6B32808EF61B}.Debug|ARM.Build.0 = Debug|ARM
		{F5A0D287-CADB-2613-BFAD-6B32808EF61B}.Release|ARM.ActiveCfg = Release|ARM
		{F5A0D287-CADB-2613-BFAD-6B32808EF61B}.Release|ARM.Build.0 = Release|ARM
		{F5A0D287-CADB-2613-BFAD-6B32808EF61B}.Release|x64.ActiveCfg = Release|x64
		{F5A0D287-CADB-2613-BFAD-6B32808EF61B}.Release|x64.Build.0 = Release|x64
		{F5A0D287-CADB-2613-BFAD-6B32808EF61B}.Release|Win32.ActiveCfg = Release|Win32
		{F5A0D287-CADB-2613-BFAD-6B32808EF61B}.Release|Win32.Build.0 = Release|Win32
	EndGlobalSection
	GlobalSection(SolutionProperties) = preSolution
		HideSolutionNode = FALSE
	EndGlobalSection
	GlobalSection(NestedProjects) = preSolution
		{C3C0869F-2EAE-9945-4E5C-4B821371DB3B} = {0FC76468-820A-C7AA-2EFE-9164C69008E9}
		{A6B5C1C0-94DD-DCC4-CEF8-FA543E860473} = {1AF5C76A-46B7-C085-8BC3-35371233CE99}
		{25F0CBE3-9BE1-6F07-A956-8C528463DD7B} = {1AF5C76A-46B7-C085-8BC3-35371233CE99}
		{366961F3-C58E-987B-CDB0-BE8602F93BF1} = {1AF5C76A-46B7-C085-8BC3-35371233CE99}
		{EB6B5123-04D7-BA9A-ACE0-D99E175FD1A0} = {F4DBC581-D1BC-0F15-B59D-4DD93B16A165}
		{E3C8CA0D-5656-1A41-C38B-5B3340271F6C} = {F4DBC581-D1BC-0F15-B59D-4DD93B16A165}
		{4E2C07EB-0F37-9C7D-6E50-415B49FEE226} = {1D5C8A62-FC74-1322-F0E7-34A42BF8DFF2}
		{0309311E-A51B-57B8-A527-4EE433DBE95B} = {A9EB8559-7015-13E0-0462-D9901FC693FD}
		{180BEDF9-75F3-8AE3-9373-3A43B47C6CFD} = {D7F6AEC4-7DF6-3BA0-9018-2938860660D1}
		{D852648A-1324-8C59-30D3-9367FB7B6089} = {D7F6AEC4-7DF6-3BA0-9018-2938860660D1}
		{56AF352A-E665-76DE-39C2-FFF834C50015} = {D7F6AEC4-7DF6-3BA0-9018-2938860660D1}
		{2925D66C-E538-10F6-DEE8-FD97E62DA699} = {D7F6AEC4-7DF6-3BA0-9018-2938860660D1}
		{6043B576-0265-F252-BC86-2A420BD2EA8C} = {D7F6AEC4-7DF6-3BA0-9018-2938860660D1}
		{23A0DAAA-1C47-41CB-E5ED-53B5358E2953} = {D7F6AEC4-7DF6-3BA0-9018-2938860660D1}
		{24227BEA-29F1-2297-3586-32C0EEA38B39} = {D7F6AEC4-7DF6-3BA0-9018-2938860660D1}
		{4FE096DA-0246-0DD5-E6B9-556F743B140D} = {D7F6AEC4-7DF6-3BA0-9018-2938860660D1}
		{3143BFA5-B1FE-967A-8657-D1EC078D4F4A} = {D7F6AEC4-7DF6-3BA0-9018-2938860660D1}
		{42879437-5961-03A9-BDD8-C2F4682AA034} = {D7F6AEC4-7DF6-3BA0-9018-2938860660D1}
		{2509DBEF-1629-3993-3694-E62F54D49C30} = {D7F6AEC4-7DF6-3BA0-9018-2938860660D1}
		{4B397FBD-5C6D-62A0-01DD-21AB3419BE92} = {D7F6AEC4-7DF6-3BA0-9018-2938860660D1}
		{CF577E21-DDE8-166A-9228-98A09935F044} = {D7F6AEC4-7DF6-3BA0-9018-2938860660D1}
		{F5A0D287-CADB-2613-BFAD-6B32808EF61B} = {D7F6AEC4-7DF6-3BA0-9018-2938860660D1}
		{DF29BC11-3DCB-BBBC-EA42-67798666184F} = {D7F6AEC4-7DF6-3BA0-9018-2938860660D1}
		{538ED9C3-3171-C37F-1D33-3CD637C75365} = {D7F6AEC4-7DF6-3BA0-9018-2938860660D1}
		{C6E19BA5-67DE-830B-9AEF-26E54A15CC16} = {D7F6AEC4-7DF6-3BA0-9018-2938860660D1}
		{0F191EA3-A953-A8EE-E634-BE0BCD378A42} = {D7F6AEC4-7DF6-3BA0-9018-2938860660D1}
		{EB3A75E1-2B69-134E-2CD9-5ABE5AF396B2} = {D7F6AEC4-7DF6-3BA0-9018-2938860660D1}
		{719BA3B9-FB29-29B6-1265-FC4FEC3F5F02} = {D7F6AEC4-7DF6-3BA0-9018-2938860660D1}
		{09729E92-A89D-9C92-CC6E-740958E23CAB} = {D7F6AEC4-7DF6-3BA0-9018-2938860660D1}
		{3BD28527-BB31-A86C-7C50-5DD025578536} = {D7F6AEC4-7DF6-3BA0-9018-2938860660D1}
		{2E4783F6-E0D5-31F4-4B73-01E65127146C} = {D7F6AEC4-7DF6-3BA0-9018-2938860660D1}
		{4876DA71-8A8F-9494-9BB5-3744B77CBB79} = {D7F6AEC4-7DF6-3BA0-9018-2938860660D1}
		{BF559648-27E7-D670-CDC3-9B5EFF0FC2C9} = {D7F6AEC4-7DF6-3BA0-9018-2938860660D1}
		{8136E184-B374-4A04-6906-15F48A3C670A} = {D7F6AEC4-7DF6-3BA0-9018-2938860660D1}
		{077898BF-665F-93CD-0154-4275F5B5BFAE} = {D7F6AEC4-7DF6-3BA0-9018-2938860660D1}
		{C37B55D3-B81A-E770-2FA8-0F73E8544F4B} = {D7F6AEC4-7DF6-3BA0-9018-2938860660D1}
		{1D5C8A62-FC74-1322-F0E7-34A42BF8DFF2} = {507E5067-1244-7038-8386-E84CBF3776CC}
		{37114D17-DFC9-C0E9-18AE-C01C954A1898} = {FF6C6E0D-F605-D848-8A79-B0ED90BBDB2F}
		{2116BCF3-DA08-7E5D-4E28-5FF20A2A7206} = {FF6C6E0D-F605-D848-8A79-B0ED90BBDB2F}
		{6EB478F0-E56B-F852-7F9C-F8E7426C9BE1} = {FF6C6E0D-F605-D848-8A79-B0ED90BBDB2F}
		{B49022D7-8D2D-E820-9AD9-A640F2F78CA4} = {FF6C6E0D-F605-D848-8A79-B0ED90BBDB2F}
		{7E59CDD1-404A-3976-00AB-C9F422506FAC} = {C22DCE09-BE8E-C79C-FFD0-C3927B546C91}
		{4C337D33-2784-A379-A8C9-7A3ADE7B4077} = {C22DCE09-BE8E-C79C-FFD0-C3927B546C91}
		{DCB62A8E-FF6C-BF1B-C15E-DEA5DBEE4163} = {C22DCE09-BE8E-C79C-FFD0-C3927B546C91}
		{C7B2FBE3-7AC7-EE15-9391-07E454EE1E3B} = {C22DCE09-BE8E-C79C-FFD0-C3927B546C91}
		{91DDC57B-3917-D1D0-81C1-B696EF60394F} = {46835DB2-71BA-66C0-5A55-04D9E2C70AA8}
		{22F6437D-D2F5-CC49-2BEC-A99943F98ED8} = {46835DB2-71BA-66C0-5A55-04D9E2C70AA8}
		{2E19B205-3C1E-E9EE-8C12-87415EEEC3EA} = {46835DB2-71BA-66C0-5A55-04D9E2C70AA8}
		{5FBAC88F-FA5D-F82A-F10D-0F78793CFD83} = {46835DB2-71BA-66C0-5A55-04D9E2C70AA8}
		{59A613E6-8AC5-D055-EFC7-D6EAA5F153CF} = {EAC80D00-01D2-3F49-A377-20B7154947F3}
		{E06B59EA-2FA1-7299-CB4A-1ED98EF133BA} = {EAC80D00-01D2-3F49-A377-20B7154947F3}
		{971C979A-D81E-75DD-DFC6-CCD04C250F01} = {EAC80D00-01D2-3F49-A377-20B7154947F3}
		{A9EB8559-7015-13E0-0462-D9901FC693FD} = {89C816A7-DD31-D54C-C69C-5A80E0C49B77}
		{507E5067-1244-7038-8386-E84CBF3776CC} = {89C816A7-DD31-D54C-C69C-5A80E0C49B77}
		{FF6C6E0D-F605-D848-8A79-B0ED90BBDB2F} = {89C816A7-DD31-D54C-C69C-5A80E0C49B77}
		{6EA39524-7B8D-A55A-35B4-82D4354914D1} = {89C816A7-DD31-D54C-C69C-5A80E0C49B77}
		{E2C2F025-6299-71CE-B160-339987D245E9} = {89C816A7-DD31-D54C-C69C-5A80E0C49B77}
		{9648734C-711C-BEFD-965D-C9676B7B1FEC} = {89C816A7-DD31-D54C-C69C-5A80E0C49B77}
		{424AAF27-088A-1E10-5362-C8EBE31A6AD3} = {2B501730-2476-898A-E866-DA2BBB5B0837}
		{590C2B03-363E-1643-0554-AFCDB7B341D1} = {2B501730-2476-898A-E866-DA2BBB5B0837}
		{14070B05-1189-520B-3BDC-5350BEDEBDE0} = {2B501730-2476-898A-E866-DA2BBB5B0837}
		{5EDB3F67-A8B1-B51A-3F2E-459CD8DFA876} = {2B501730-2476-898A-E866-DA2BBB5B0837}
		{2D91A63B-6738-8207-7318-E62D60627276} = {2B501730-2476-898A-E866-DA2BBB5B0837}
		{342FF765-48DF-CC5A-B246-4C9DBE4D8082} = {2B501730-2476-898A-E866-DA2BBB5B0837}
		{1D18DDF0-EF1E-6C2E-1D49-3A5C7AFEC601} = {2B501730-2476-898A-E866-DA2BBB5B0837}
		{C76FACE7-A360-6485-8906-F82C389904D8} = {2B501730-2476-898A-E866-DA2BBB5B0837}
		{CE48FE4E-FC22-2234-294A-0E2CE7EFB77A} = {2B501730-2476-898A-E866-DA2BBB5B0837}
		{493D4F80-F86E-6D70-0F4E-36BEDDC28FAB} = {2B501730-2476-898A-E866-DA2BBB5B0837}
		{0466E844-8F9D-1126-5986-B05B42D06C4C} = {2B501730-2476-898A-E866-DA2BBB5B0837}
		{8643858A-57F5-B07D-A5FE-27D347B99DE8} = {2B501730-2476-898A-E866-DA2BBB5B0837}
		{ECE33047-73D7-2A12-EAD0-B975E6839B77} = {2B501730-2476-898A-E866-DA2BBB5B0837}
		{8097AD61-19E3-71A9-ED01-3D8508E57489} = {2B501730-2476-898A-E866-DA2BBB5B0837}
		{30A44B5A-A618-CB10-0B44-26CF2927BE03} = {2B501730-2476-898A-E866-DA2BBB5B0837}
		{1916C520-53CC-7DFE-7D7E-AB8BC8DCCC8D} = {2B501730-2476-898A-E866-DA2BBB5B0837}
		{C145FA47-FE4C-DBAB-9FD8-56E2AC793F2B} = {C6072D03-1C5B-73BF-5FBE-CBC33489C980}
		{4DD354C1-37B0-FCDD-B101-E4F50F4187C5} = {C6072D03-1C5B-73BF-5FBE-CBC33489C980}
		{0FC76468-820A-C7AA-2EFE-9164C69008E9} = {FB3E20CC-9516-F7D2-EFF7-C27ABDCA54B9}
		{1AF5C76A-46B7-C085-8BC3-35371233CE99} = {FB3E20CC-9516-F7D2-EFF7-C27ABDCA54B9}
		{F4DBC581-D1BC-0F15-B59D-4DD93B16A165} = {FB3E20CC-9516-F7D2-EFF7-C27ABDCA54B9}
		{D7F6AEC4-7DF6-3BA0-9018-2938860660D1} = {FB3E20CC-9516-F7D2-EFF7-C27ABDCA54B9}
		{C22DCE09-BE8E-C79C-FFD0-C3927B546C91} = {FB3E20CC-9516-F7D2-EFF7-C27ABDCA54B9}
		{46835DB2-71BA-66C0-5A55-04D9E2C70AA8} = {FB3E20CC-9516-F7D2-EFF7-C27ABDCA54B9}
		{2B501730-2476-898A-E866-DA2BBB5B0837} = {FB3E20CC-9516-F7D2-EFF7-C27ABDCA54B9}
		{C6072D03-1C5B-73BF-5FBE-CBC33489C980} = {FB3E20CC-9516-F7D2-EFF7-C27ABDCA54B9}
		{765B9C18-EAB0-AB56-4F08-7C81912FCEE9} = {FB3E20CC-9516-F7D2-EFF7-C27ABDCA54B9}
		{7CB110CC-EBB1-487B-1B08-E4347730074E} = {FB3E20CC-9516-F7D2-EFF7-C27ABDCA54B9}
		{34D1DA01-FC20-5F46-2CB0-96C9B8DFC49C} = {FB3E20CC-9516-F7D2-EFF7-C27ABDCA54B9}
		{A1C039FA-1019-FB4D-FA14-B54983A0692E} = {FB3E20CC-9516-F7D2-EFF7-C27ABDCA54B9}
		{19EC41DA-85D8-2E9C-FDFD-7A03CF9192F1} = {FB3E20CC-9516-F7D2-EFF7-C27ABDCA54B9}
	EndGlobalSection
EndGlobal
