<?xml version="1.0" encoding="utf-8"?>
<Project ToolsVersion="14.0" xmlns="http://schemas.microsoft.com/developer/msbuild/2003">
  <ItemGroup>
    <Filter Include="Common">
      <UniqueIdentifier>940942fc-4657-41bc-b9c9-e2cd2e588478</UniqueIdentifier>
    </Filter>
    <Filter Include="Assets">
      <UniqueIdentifier>b1aa73a7-744a-4ee7-99d0-134adb07aeb1</UniqueIdentifier>
      <Extensions>bmp;fbx;gif;jpg;jpeg;tga;tiff;tif;png</Extensions>
    </Filter>
    <Filter Include="zsLib">
      <UniqueIdentifier>{f54c796e-4bc9-47cd-91f9-670e23031487}</UniqueIdentifier>
    </Filter>
    <Filter Include="zsLib\cpp">
      <UniqueIdentifier>{145fa654-c6be-41fd-a0fa-3d356de2bb34}</UniqueIdentifier>
    </Filter>
    <Filter Include="zsLib\eventing">
      <UniqueIdentifier>{eefe01ee-36a7-4b0b-ac58-3c343ce48762}</UniqueIdentifier>
    </Filter>
    <Filter Include="zsLib\extras">
      <UniqueIdentifier>{06462134-5569-4c6b-932a-2211c6be68b4}</UniqueIdentifier>
    </Filter>
    <Filter Include="zsLib\eventing\internal">
      <UniqueIdentifier>{b39b2ed8-89f4-489c-a18b-5632eaabe3fb}</UniqueIdentifier>
    </Filter>
    <Filter Include="zsLib\extras\win32">
      <UniqueIdentifier>{81644601-5ac0-493d-bdef-1677b2bdfc91}</UniqueIdentifier>
    </Filter>
    <Filter Include="zsLib\extras\uuid">
      <UniqueIdentifier>{5263c5ea-5b1a-455b-9070-5d1e0651f0d8}</UniqueIdentifier>
    </Filter>
    <Filter Include="zsLib\internal">
      <UniqueIdentifier>{537b804c-a0ae-47df-97e2-b02bff9dc575}</UniqueIdentifier>
    </Filter>
    <Filter Include="zsLib\eventing\cpp">
      <UniqueIdentifier>{52bfad84-c2f6-4f0c-973f-b9f5379db845}</UniqueIdentifier>
    </Filter>
    <Filter Include="zsLib\eventing\tool">
      <UniqueIdentifier>{69cbff4b-4c7c-4245-8210-1d4e6f2e57af}</UniqueIdentifier>
    </Filter>
    <Filter Include="zsLib\eventing\tool\cpp">
      <UniqueIdentifier>{797d7b92-55e3-46c6-8ce8-08985eed6270}</UniqueIdentifier>
    </Filter>
    <Filter Include="zsLib\eventing\tool\internal">
      <UniqueIdentifier>{425c7768-9c70-469c-ab64-2976083403f3}</UniqueIdentifier>
    </Filter>
    <Filter Include="zsLib\idl">
      <UniqueIdentifier>{c0ab396d-27b5-43f2-b162-cce48fa9bf77}</UniqueIdentifier>
    </Filter>
  </ItemGroup>
  <ItemGroup>
    <ApplicationDefinition Include="App.xaml" />
  </ItemGroup>
  <ItemGroup>
    <ClCompile Include="App.xaml.cpp" />
    <ClCompile Include="MainPage.xaml.cpp" />
    <ClCompile Include="pch.cpp" />
    <ClCompile Include="..\..\..\..\zsLib\zsLib\cpp\zsLib_helpers.cpp">
      <Filter>zsLib\cpp</Filter>
    </ClCompile>
    <ClCompile Include="..\..\..\..\zsLib\zsLib\cpp\zsLib_IPAddress.cpp">
      <Filter>zsLib\cpp</Filter>
    </ClCompile>
    <ClCompile Include="..\..\..\..\zsLib\zsLib\cpp\zsLib_Log.cpp">
      <Filter>zsLib\cpp</Filter>
    </ClCompile>
    <ClCompile Include="..\..\..\..\zsLib\zsLib\cpp\zsLib_MessageQueue.cpp">
      <Filter>zsLib\cpp</Filter>
    </ClCompile>
    <ClCompile Include="..\..\..\..\zsLib\zsLib\cpp\zsLib_MessageQueueThread.cpp">
      <Filter>zsLib\cpp</Filter>
    </ClCompile>
    <ClCompile Include="..\..\..\..\zsLib\zsLib\cpp\zsLib_MessageQueueThreadBasic.cpp">
      <Filter>zsLib\cpp</Filter>
    </ClCompile>
    <ClCompile Include="..\..\..\..\zsLib\zsLib\cpp\zsLib_MessageQueueThreadPool.cpp">
      <Filter>zsLib\cpp</Filter>
    </ClCompile>
    <ClCompile Include="..\..\..\..\zsLib\zsLib\cpp\zsLib_MessageQueueThreadUsingBlackberryChannels.cpp">
      <Filter>zsLib\cpp</Filter>
    </ClCompile>
    <ClCompile Include="..\..\..\..\zsLib\zsLib\cpp\zsLib_MessageQueueThreadUsingCurrentGUIMessageQueueForWindows.cpp">
      <Filter>zsLib\cpp</Filter>
    </ClCompile>
    <ClCompile Include="..\..\..\..\zsLib\zsLib\cpp\zsLib_MessageQueueThreadUsingCurrentGUIMessageQueueForWinRT.cpp">
      <Filter>zsLib\cpp</Filter>
    </ClCompile>
    <ClCompile Include="..\..\..\..\zsLib\zsLib\cpp\zsLib_MessageQueueThreadUsingMainThreadMessageQueueForApple.cpp">
      <Filter>zsLib\cpp</Filter>
    </ClCompile>
    <ClCompile Include="..\..\..\..\zsLib\zsLib\cpp\zsLib_Numeric.cpp">
      <Filter>zsLib\cpp</Filter>
    </ClCompile>
    <ClCompile Include="..\..\..\..\zsLib\zsLib\cpp\zsLib_Promise.cpp">
      <Filter>zsLib\cpp</Filter>
    </ClCompile>
    <ClCompile Include="..\..\..\..\zsLib\zsLib\cpp\zsLib_Proxy.cpp">
      <Filter>zsLib\cpp</Filter>
    </ClCompile>
    <ClCompile Include="..\..\..\..\zsLib\zsLib\cpp\zsLib_Singleton.cpp">
      <Filter>zsLib\cpp</Filter>
    </ClCompile>
    <ClCompile Include="..\..\..\..\zsLib\zsLib\cpp\zsLib_Socket.cpp">
      <Filter>zsLib\cpp</Filter>
    </ClCompile>
    <ClCompile Include="..\..\..\..\zsLib\zsLib\cpp\zsLib_SocketMonitor.cpp">
      <Filter>zsLib\cpp</Filter>
    </ClCompile>
    <ClCompile Include="..\..\..\..\zsLib\zsLib\cpp\zsLib_String.cpp">
      <Filter>zsLib\cpp</Filter>
    </ClCompile>
    <ClCompile Include="..\..\..\..\zsLib\zsLib\cpp\zsLib_Stringize.cpp">
      <Filter>zsLib\cpp</Filter>
    </ClCompile>
    <ClCompile Include="..\..\..\..\zsLib\zsLib\cpp\zsLib_Timer.cpp">
      <Filter>zsLib\cpp</Filter>
    </ClCompile>
    <ClCompile Include="..\..\..\..\zsLib\zsLib\cpp\zsLib_TimerMonitor.cpp">
      <Filter>zsLib\cpp</Filter>
    </ClCompile>
    <ClCompile Include="..\..\..\..\zsLib\zsLib\cpp\zsLib_XML.cpp">
      <Filter>zsLib\cpp</Filter>
    </ClCompile>
    <ClCompile Include="..\..\..\..\zsLib\zsLib\cpp\zsLib_XMLAttribute.cpp">
      <Filter>zsLib\cpp</Filter>
    </ClCompile>
    <ClCompile Include="..\..\..\..\zsLib\zsLib\cpp\zsLib_XMLComment.cpp">
      <Filter>zsLib\cpp</Filter>
    </ClCompile>
    <ClCompile Include="..\..\..\..\zsLib\zsLib\cpp\zsLib_XMLDeclaration.cpp">
      <Filter>zsLib\cpp</Filter>
    </ClCompile>
    <ClCompile Include="..\..\..\..\zsLib\zsLib\cpp\zsLib_XMLDocument.cpp">
      <Filter>zsLib\cpp</Filter>
    </ClCompile>
    <ClCompile Include="..\..\..\..\zsLib\zsLib\cpp\zsLib_XMLElement.cpp">
      <Filter>zsLib\cpp</Filter>
    </ClCompile>
    <ClCompile Include="..\..\..\..\zsLib\zsLib\cpp\zsLib_XMLGenerator.cpp">
      <Filter>zsLib\cpp</Filter>
    </ClCompile>
    <ClCompile Include="..\..\..\..\zsLib\zsLib\cpp\zsLib_XMLNode.cpp">
      <Filter>zsLib\cpp</Filter>
    </ClCompile>
    <ClCompile Include="..\..\..\..\zsLib\zsLib\cpp\zsLib_XMLParser.cpp">
      <Filter>zsLib\cpp</Filter>
    </ClCompile>
    <ClCompile Include="..\..\..\..\zsLib\zsLib\cpp\zsLib_XMLParserPos.cpp">
      <Filter>zsLib\cpp</Filter>
    </ClCompile>
    <ClCompile Include="..\..\..\..\zsLib\zsLib\cpp\zsLib_XMLParserWarningTypes.cpp">
      <Filter>zsLib\cpp</Filter>
    </ClCompile>
    <ClCompile Include="..\..\..\..\zsLib\zsLib\cpp\zsLib_XMLText.cpp">
      <Filter>zsLib\cpp</Filter>
    </ClCompile>
    <ClCompile Include="..\..\..\..\zsLib\zsLib\cpp\zsLib_XMLUnknown.cpp">
      <Filter>zsLib\cpp</Filter>
    </ClCompile>
    <ClCompile Include="..\..\..\..\zsLib\zsLib\cpp\zsLib.cpp">
      <Filter>zsLib\cpp</Filter>
    </ClCompile>
    <ClCompile Include="..\..\..\..\zsLib\zsLib\cpp\zsLib_Event.cpp">
      <Filter>zsLib\cpp</Filter>
    </ClCompile>
    <ClCompile Include="..\..\..\..\zsLib\zsLib\cpp\zsLib_Exception.cpp">
      <Filter>zsLib\cpp</Filter>
    </ClCompile>
    <ClCompile Include="..\..\..\..\zsLib\zsLib\extras\uuid\gen_uuid_nt.c">
      <Filter>zsLib\extras\uuid</Filter>
    </ClCompile>
    <ClCompile Include="..\..\..\..\zsLib\zsLib\extras\uuid\isnull.c">
      <Filter>zsLib\extras\uuid</Filter>
    </ClCompile>
    <ClCompile Include="..\..\..\..\zsLib\zsLib\extras\uuid\pack.c">
      <Filter>zsLib\extras\uuid</Filter>
    </ClCompile>
    <ClCompile Include="..\..\..\..\zsLib\zsLib\extras\uuid\parse.c">
      <Filter>zsLib\extras\uuid</Filter>
    </ClCompile>
    <ClCompile Include="..\..\..\..\zsLib\zsLib\extras\uuid\tst_uuid.c">
      <Filter>zsLib\extras\uuid</Filter>
    </ClCompile>
    <ClCompile Include="..\..\..\..\zsLib\zsLib\extras\uuid\unpack.c">
      <Filter>zsLib\extras\uuid</Filter>
    </ClCompile>
    <ClCompile Include="..\..\..\..\zsLib\zsLib\extras\uuid\unparse.c">
      <Filter>zsLib\extras\uuid</Filter>
    </ClCompile>
    <ClCompile Include="..\..\..\..\zsLib\zsLib\extras\uuid\uuid_time.c">
      <Filter>zsLib\extras\uuid</Filter>
    </ClCompile>
    <ClCompile Include="..\..\..\..\zsLib\zsLib\extras\uuid\clear.c">
      <Filter>zsLib\extras\uuid</Filter>
    </ClCompile>
    <ClCompile Include="..\..\..\..\zsLib\zsLib\extras\uuid\compare.c">
      <Filter>zsLib\extras\uuid</Filter>
    </ClCompile>
    <ClCompile Include="..\..\..\..\zsLib\zsLib\extras\uuid\copy.c">
      <Filter>zsLib\extras\uuid</Filter>
    </ClCompile>
    <ClCompile Include="..\..\..\..\zsLib\zsLib\extras\uuid\gen_uuid.c">
      <Filter>zsLib\extras\uuid</Filter>
    </ClCompile>
    <ClCompile Include="..\..\..\..\zsLib\zsLib\extras\win32\strptime.cpp">
      <Filter>zsLib\extras\win32</Filter>
    </ClCompile>
    <ClCompile Include="..\..\..\zsLib\eventing\cpp\zsLib_eventing_Hasher.cpp">
      <Filter>zsLib\eventing\cpp</Filter>
    </ClCompile>
    <ClCompile Include="..\..\..\zsLib\eventing\cpp\zsLib_eventing_Helper.cpp">
      <Filter>zsLib\eventing\cpp</Filter>
    </ClCompile>
    <ClCompile Include="..\..\..\zsLib\eventing\cpp\zsLib_eventing.cpp">
      <Filter>zsLib\eventing\cpp</Filter>
    </ClCompile>
    <ClCompile Include="..\..\..\zsLib\eventing\cpp\zsLib_eventing_EventingTypes.cpp">
      <Filter>zsLib\eventing\cpp</Filter>
    </ClCompile>
    <ClCompile Include="..\..\..\zsLib\eventing\tool\cpp\zsLib_eventing_tool_CommandLine.cpp">
      <Filter>zsLib\eventing\tool\cpp</Filter>
    </ClCompile>
    <ClCompile Include="..\..\..\zsLib\eventing\tool\cpp\zsLib_eventing_tool.cpp">
      <Filter>zsLib\eventing\tool\cpp</Filter>
    </ClCompile>
    <ClCompile Include="..\..\..\..\zsLib\zsLib\cpp\zsLib_Helper.cpp">
      <Filter>zsLib\cpp</Filter>
    </ClCompile>
    <ClCompile Include="..\..\..\..\zsLib\zsLib\cpp\zsLib_Settings.cpp">
      <Filter>zsLib\cpp</Filter>
    </ClCompile>
    <ClCompile Include="..\..\..\..\zsLib\zsLib\cpp\zsLib_MessageQueueManager.cpp">
      <Filter>zsLib\cpp</Filter>
    </ClCompile>
    <ClCompile Include="..\..\..\..\zsLib\zsLib\cpp\zsLib_WindowsEventProviderLogger.cpp">
      <Filter>zsLib\cpp</Filter>
    </ClCompile>
    <ClCompile Include="..\..\..\zsLib\eventing\cpp\zsLib_eventing_RemoteEventing.cpp">
      <Filter>zsLib\eventing\cpp</Filter>
    </ClCompile>
    <ClCompile Include="..\..\..\zsLib\eventing\tool\cpp\zsLib_eventing_tool_Monitor.cpp">
      <Filter>zsLib\eventing\tool\cpp</Filter>
    </ClCompile>
    <ClCompile Include="..\..\..\zsLib\eventing\tool\cpp\zsLib_eventing_tool_EventingCompiler.cpp">
      <Filter>zsLib\eventing\tool\cpp</Filter>
    </ClCompile>
    <ClCompile Include="..\..\..\zsLib\eventing\tool\cpp\zsLib_eventing_tool_IDLCompiler.cpp">
      <Filter>zsLib\eventing\tool\cpp</Filter>
    </ClCompile>
    <ClCompile Include="..\..\..\zsLib\eventing\tool\cpp\zsLib_eventing_tool_Helper.cpp">
      <Filter>zsLib\eventing\tool\cpp</Filter>
    </ClCompile>
    <ClCompile Include="..\..\..\zsLib\eventing\cpp\zsLib_eventing_IDLTypes.cpp">
      <Filter>zsLib\eventing\cpp</Filter>
    </ClCompile>
    <ClCompile Include="..\..\..\zsLib\eventing\tool\cpp\zsLib_eventing_tool_GenerateStructHeader.cpp">
      <Filter>zsLib\eventing\tool\cpp</Filter>
    </ClCompile>
    <ClCompile Include="..\..\..\zsLib\eventing\tool\cpp\zsLib_eventing_tool_GenerateStructImpHeader.cpp">
      <Filter>zsLib\eventing\tool\cpp</Filter>
    </ClCompile>
    <ClCompile Include="..\..\..\zsLib\eventing\tool\cpp\zsLib_eventing_tool_GenerateStructImplCpp.cpp">
      <Filter>zsLib\eventing\tool\cpp</Filter>
    </ClCompile>
    <ClCompile Include="..\..\..\zsLib\eventing\tool\cpp\zsLib_eventing_tool_GenerateTypesHeader.cpp">
      <Filter>zsLib\eventing\tool\cpp</Filter>
    </ClCompile>
    <ClCompile Include="..\..\..\zsLib\eventing\tool\cpp\zsLib_eventing_tool_GenerateStructCx.cpp">
      <Filter>zsLib\eventing\tool\cpp</Filter>
    </ClCompile>
    <ClCompile Include="..\..\..\zsLib\eventing\tool\cpp\zsLib_eventing_tool_GenerateHelper.cpp">
      <Filter>zsLib\eventing\tool\cpp</Filter>
    </ClCompile>
  </ItemGroup>
  <ItemGroup>
    <ClInclude Include="pch.h" />
    <ClInclude Include="App.xaml.h" />
    <ClInclude Include="MainPage.xaml.h" />
    <ClInclude Include="..\..\..\..\zsLib\zsLib\MessageQueueAssociator.h">
      <Filter>zsLib</Filter>
    </ClInclude>
    <ClInclude Include="..\..\..\..\zsLib\zsLib\Numeric.h">
      <Filter>zsLib</Filter>
    </ClInclude>
    <ClInclude Include="..\..\..\..\zsLib\zsLib\Promise.h">
      <Filter>zsLib</Filter>
    </ClInclude>
    <ClInclude Include="..\..\..\..\zsLib\zsLib\Proxy.h">
      <Filter>zsLib</Filter>
    </ClInclude>
    <ClInclude Include="..\..\..\..\zsLib\zsLib\ProxySubscriptions.h">
      <Filter>zsLib</Filter>
    </ClInclude>
    <ClInclude Include="..\..\..\..\zsLib\zsLib\SafeInt.h">
      <Filter>zsLib</Filter>
    </ClInclude>
    <ClInclude Include="..\..\..\..\zsLib\zsLib\Singleton.h">
      <Filter>zsLib</Filter>
    </ClInclude>
    <ClInclude Include="..\..\..\..\zsLib\zsLib\Socket.h">
      <Filter>zsLib</Filter>
    </ClInclude>
    <ClInclude Include="..\..\..\..\zsLib\zsLib\String.h">
      <Filter>zsLib</Filter>
    </ClInclude>
    <ClInclude Include="..\..\..\..\zsLib\zsLib\Stringize.h">
      <Filter>zsLib</Filter>
    </ClInclude>
    <ClInclude Include="..\..\..\..\zsLib\zsLib\TearAway.h">
      <Filter>zsLib</Filter>
    </ClInclude>
    <ClInclude Include="..\..\..\..\zsLib\zsLib\types.h">
      <Filter>zsLib</Filter>
    </ClInclude>
    <ClInclude Include="..\..\..\..\zsLib\zsLib\WeightedMovingAverage.h">
      <Filter>zsLib</Filter>
    </ClInclude>
    <ClInclude Include="..\..\..\..\zsLib\zsLib\XML.h">
      <Filter>zsLib</Filter>
    </ClInclude>
    <ClInclude Include="..\..\..\..\zsLib\zsLib\zsLib.h">
      <Filter>zsLib</Filter>
    </ClInclude>
    <ClInclude Include="..\..\..\..\zsLib\zsLib\date.h">
      <Filter>zsLib</Filter>
    </ClInclude>
    <ClInclude Include="..\..\..\..\zsLib\zsLib\Event.h">
      <Filter>zsLib</Filter>
    </ClInclude>
    <ClInclude Include="..\..\..\..\zsLib\zsLib\Exception.h">
      <Filter>zsLib</Filter>
    </ClInclude>
    <ClInclude Include="..\..\..\..\zsLib\zsLib\helpers.h">
      <Filter>zsLib</Filter>
    </ClInclude>
    <ClInclude Include="..\..\..\..\zsLib\zsLib\IPAddress.h">
      <Filter>zsLib</Filter>
    </ClInclude>
    <ClInclude Include="..\..\..\..\zsLib\zsLib\Log.h">
      <Filter>zsLib</Filter>
    </ClInclude>
    <ClInclude Include="..\..\..\..\zsLib\zsLib\eventing\noop.h">
      <Filter>zsLib\eventing</Filter>
    </ClInclude>
    <ClInclude Include="..\..\..\..\zsLib\zsLib\eventing\Log.h">
      <Filter>zsLib\eventing</Filter>
    </ClInclude>
    <ClInclude Include="..\..\..\..\zsLib\zsLib\eventing\internal\zsLib_eventing_Log.h">
      <Filter>zsLib\eventing\internal</Filter>
    </ClInclude>
    <ClInclude Include="..\..\..\..\zsLib\zsLib\extras\uuid\uuid.h">
      <Filter>zsLib\extras\uuid</Filter>
    </ClInclude>
    <ClInclude Include="..\..\..\..\zsLib\zsLib\extras\uuid\uuid_types.h">
      <Filter>zsLib\extras\uuid</Filter>
    </ClInclude>
    <ClInclude Include="..\..\..\..\zsLib\zsLib\extras\uuid\uuidd.h">
      <Filter>zsLib\extras\uuid</Filter>
    </ClInclude>
    <ClInclude Include="..\..\..\..\zsLib\zsLib\extras\uuid\uuidP.h">
      <Filter>zsLib\extras\uuid</Filter>
    </ClInclude>
    <ClInclude Include="..\..\..\..\zsLib\zsLib\extras\uuid\config.h">
      <Filter>zsLib\extras\uuid</Filter>
    </ClInclude>
    <ClInclude Include="..\..\..\..\zsLib\zsLib\internal\zsLib.events_win_etw.h">
      <Filter>zsLib\internal</Filter>
    </ClInclude>
    <ClInclude Include="..\..\..\..\zsLib\zsLib\internal\zsLib_Event.h">
      <Filter>zsLib\internal</Filter>
    </ClInclude>
    <ClInclude Include="..\..\..\..\zsLib\zsLib\internal\zsLib_Exception.h">
      <Filter>zsLib\internal</Filter>
    </ClInclude>
    <ClInclude Include="..\..\..\..\zsLib\zsLib\internal\zsLib_IPAddress.h">
      <Filter>zsLib\internal</Filter>
    </ClInclude>
    <ClInclude Include="..\..\..\..\zsLib\zsLib\internal\zsLib_Log.h">
      <Filter>zsLib\internal</Filter>
    </ClInclude>
    <ClInclude Include="..\..\..\..\zsLib\zsLib\internal\zsLib_MessageQueue.h">
      <Filter>zsLib\internal</Filter>
    </ClInclude>
    <ClInclude Include="..\..\..\..\zsLib\zsLib\internal\zsLib_MessageQueueThread.h">
      <Filter>zsLib\internal</Filter>
    </ClInclude>
    <ClInclude Include="..\..\..\..\zsLib\zsLib\internal\zsLib_MessageQueueThreadBasic.h">
      <Filter>zsLib\internal</Filter>
    </ClInclude>
    <ClInclude Include="..\..\..\..\zsLib\zsLib\internal\zsLib_MessageQueueThreadPool.h">
      <Filter>zsLib\internal</Filter>
    </ClInclude>
    <ClInclude Include="..\..\..\..\zsLib\zsLib\internal\zsLib_MessageQueueThreadUsingBlackberryChannels.h">
      <Filter>zsLib\internal</Filter>
    </ClInclude>
    <ClInclude Include="..\..\..\..\zsLib\zsLib\internal\zsLib_MessageQueueThreadUsingCurrentGUIMessageQueueForWindows.h">
      <Filter>zsLib\internal</Filter>
    </ClInclude>
    <ClInclude Include="..\..\..\..\zsLib\zsLib\internal\zsLib_MessageQueueThreadUsingCurrentGUIMessageQueueForWinRT.h">
      <Filter>zsLib\internal</Filter>
    </ClInclude>
    <ClInclude Include="..\..\..\..\zsLib\zsLib\internal\zsLib_MessageQueueThreadUsingMainThreadMessageQueueForApple.h">
      <Filter>zsLib\internal</Filter>
    </ClInclude>
    <ClInclude Include="..\..\..\..\zsLib\zsLib\internal\zsLib_Numeric.h">
      <Filter>zsLib\internal</Filter>
    </ClInclude>
    <ClInclude Include="..\..\..\..\zsLib\zsLib\internal\zsLib_Promise.h">
      <Filter>zsLib\internal</Filter>
    </ClInclude>
    <ClInclude Include="..\..\..\..\zsLib\zsLib\internal\zsLib_Proxy.h">
      <Filter>zsLib\internal</Filter>
    </ClInclude>
    <ClInclude Include="..\..\..\..\zsLib\zsLib\internal\zsLib_ProxyPack.h">
      <Filter>zsLib\internal</Filter>
    </ClInclude>
    <ClInclude Include="..\..\..\..\zsLib\zsLib\internal\zsLib_ProxySubscriptions.h">
      <Filter>zsLib\internal</Filter>
    </ClInclude>
    <ClInclude Include="..\..\..\..\zsLib\zsLib\internal\zsLib_Singleton.h">
      <Filter>zsLib\internal</Filter>
    </ClInclude>
    <ClInclude Include="..\..\..\..\zsLib\zsLib\internal\zsLib_Socket.h">
      <Filter>zsLib\internal</Filter>
    </ClInclude>
    <ClInclude Include="..\..\..\..\zsLib\zsLib\internal\zsLib_SocketMonitor.h">
      <Filter>zsLib\internal</Filter>
    </ClInclude>
    <ClInclude Include="..\..\..\..\zsLib\zsLib\internal\zsLib_Stringize.h">
      <Filter>zsLib\internal</Filter>
    </ClInclude>
    <ClInclude Include="..\..\..\..\zsLib\zsLib\internal\zsLib_TearAway.h">
      <Filter>zsLib\internal</Filter>
    </ClInclude>
    <ClInclude Include="..\..\..\..\zsLib\zsLib\internal\zsLib_Timer.h">
      <Filter>zsLib\internal</Filter>
    </ClInclude>
    <ClInclude Include="..\..\..\..\zsLib\zsLib\internal\zsLib_TimerMonitor.h">
      <Filter>zsLib\internal</Filter>
    </ClInclude>
    <ClInclude Include="..\..\..\..\zsLib\zsLib\internal\zsLib_XML.h">
      <Filter>zsLib\internal</Filter>
    </ClInclude>
    <ClInclude Include="..\..\..\..\zsLib\zsLib\internal\platform.h">
      <Filter>zsLib\internal</Filter>
    </ClInclude>
    <ClInclude Include="..\..\..\..\zsLib\zsLib\internal\types.h">
      <Filter>zsLib\internal</Filter>
    </ClInclude>
    <ClInclude Include="..\..\..\..\zsLib\zsLib\internal\zsLib.events.h">
      <Filter>zsLib\internal</Filter>
    </ClInclude>
    <ClInclude Include="..\..\..\..\zsLib\zsLib\internal\zsLib.events_win.h">
      <Filter>zsLib\internal</Filter>
    </ClInclude>
    <ClInclude Include="..\..\..\zsLib\eventing\IHasher.h">
      <Filter>zsLib\eventing</Filter>
    </ClInclude>
    <ClInclude Include="..\..\..\zsLib\eventing\IHelper.h">
      <Filter>zsLib\eventing</Filter>
    </ClInclude>
    <ClInclude Include="..\..\..\zsLib\eventing\types.h">
      <Filter>zsLib\eventing</Filter>
    </ClInclude>
    <ClInclude Include="..\..\..\zsLib\eventing\eventing.h">
      <Filter>zsLib\eventing</Filter>
    </ClInclude>
    <ClInclude Include="..\..\..\zsLib\eventing\IEventingTypes.h">
      <Filter>zsLib\eventing</Filter>
    </ClInclude>
    <ClInclude Include="..\..\..\zsLib\eventing\internal\zsLib_eventing_Hasher.h">
      <Filter>zsLib\eventing\internal</Filter>
    </ClInclude>
    <ClInclude Include="..\..\..\zsLib\eventing\internal\zsLib_eventing_Helper.h">
      <Filter>zsLib\eventing\internal</Filter>
    </ClInclude>
    <ClInclude Include="..\..\..\zsLib\eventing\internal\types.h">
      <Filter>zsLib\eventing\internal</Filter>
    </ClInclude>
    <ClInclude Include="..\..\..\zsLib\eventing\internal\zsLib_eventing_EventingTypes.h">
      <Filter>zsLib\eventing\internal</Filter>
    </ClInclude>
    <ClInclude Include="..\..\..\zsLib\eventing\tool\tool.h">
      <Filter>zsLib\eventing\tool</Filter>
    </ClInclude>
    <ClInclude Include="..\..\..\zsLib\eventing\tool\types.h">
      <Filter>zsLib\eventing\tool</Filter>
    </ClInclude>
    <ClInclude Include="..\..\..\zsLib\eventing\tool\ICommandLine.h">
      <Filter>zsLib\eventing\tool</Filter>
    </ClInclude>
    <ClInclude Include="..\..\..\zsLib\eventing\tool\ICompiler.h">
      <Filter>zsLib\eventing\tool</Filter>
    </ClInclude>
    <ClInclude Include="..\..\..\zsLib\eventing\tool\OutputStream.h">
      <Filter>zsLib\eventing\tool</Filter>
    </ClInclude>
    <ClInclude Include="..\..\..\zsLib\eventing\tool\internal\zsLib_eventing_tool_CommandLine.h">
      <Filter>zsLib\eventing\tool\internal</Filter>
    </ClInclude>
    <ClInclude Include="..\..\..\zsLib\eventing\tool\internal\types.h">
      <Filter>zsLib\eventing\tool\internal</Filter>
    </ClInclude>
    <ClInclude Include="..\..\..\zsLib\eventing\tool\internal\zsLib_eventing_tool.h">
      <Filter>zsLib\eventing\tool\internal</Filter>
    </ClInclude>
    <ClInclude Include="..\..\..\..\zsLib\zsLib\IStepDelegate.h">
      <Filter>zsLib</Filter>
    </ClInclude>
    <ClInclude Include="..\..\..\..\zsLib\zsLib\ITimer.h">
      <Filter>zsLib</Filter>
    </ClInclude>
    <ClInclude Include="..\..\..\..\zsLib\zsLib\IMessageQueue.h">
      <Filter>zsLib</Filter>
    </ClInclude>
    <ClInclude Include="..\..\..\..\zsLib\zsLib\IMessageQueueThread.h">
      <Filter>zsLib</Filter>
    </ClInclude>
    <ClInclude Include="..\..\..\..\zsLib\zsLib\IMessageQueueThreadPool.h">
      <Filter>zsLib</Filter>
    </ClInclude>
    <ClInclude Include="..\..\..\zsLib\eventing\IRemoteEventing.h">
      <Filter>zsLib\eventing</Filter>
    </ClInclude>
    <ClInclude Include="..\..\..\zsLib\eventing\internal\zsLib_eventing_RemoteEventing.h">
      <Filter>zsLib\eventing\internal</Filter>
    </ClInclude>
    <ClInclude Include="..\..\..\zsLib\eventing\tool\internal\zsLib_eventing_tool_Monitor.h">
      <Filter>zsLib\eventing\tool\internal</Filter>
    </ClInclude>
    <ClInclude Include="..\..\..\zsLib\eventing\tool\internal\zsLib_eventing_tool_IDLCompiler.h">
      <Filter>zsLib\eventing\tool\internal</Filter>
    </ClInclude>
    <ClInclude Include="..\..\..\zsLib\eventing\tool\internal\zsLib_eventing_tool_EventingCompiler.h">
      <Filter>zsLib\eventing\tool\internal</Filter>
    </ClInclude>
    <ClInclude Include="..\..\..\zsLib\eventing\tool\internal\zsLib_eventing_tool_Helper.h">
      <Filter>zsLib\eventing\tool\internal</Filter>
    </ClInclude>
    <ClInclude Include="..\..\..\zsLib\eventing\internal\zsLib_eventing_IDLTypes.h">
      <Filter>zsLib\eventing\internal</Filter>
    </ClInclude>
    <ClInclude Include="..\..\..\zsLib\eventing\IIDLTypes.h">
      <Filter>zsLib\eventing</Filter>
    </ClInclude>
    <ClInclude Include="..\..\..\zsLib\eventing\tool\internal\zsLib_eventing_tool_GenerateStructHeader.h">
      <Filter>zsLib\eventing\tool\internal</Filter>
    </ClInclude>
    <ClInclude Include="..\..\..\zsLib\eventing\tool\internal\zsLib_eventing_tool_GenerateStructImplCpp.h">
      <Filter>zsLib\eventing\tool\internal</Filter>
    </ClInclude>
    <ClInclude Include="..\..\..\zsLib\eventing\tool\internal\zsLib_eventing_tool_GenerateStructImplHeader.h">
      <Filter>zsLib\eventing\tool\internal</Filter>
    </ClInclude>
    <ClInclude Include="..\..\..\zsLib\eventing\tool\internal\zsLib_eventing_tool_GenerateTypesHeader.h">
      <Filter>zsLib\eventing\tool\internal</Filter>
    </ClInclude>
    <ClInclude Include="..\..\..\zsLib\eventing\tool\internal\zsLib_eventing_tool_GenerateStructCx.h">
      <Filter>zsLib\eventing\tool\internal</Filter>
    </ClInclude>
    <ClInclude Include="..\..\..\zsLib\eventing\tool\internal\zsLib_eventing_tool_GenerateHelper.h">
      <Filter>zsLib\eventing\tool\internal</Filter>
    </ClInclude>
  </ItemGroup>
  <ItemGroup>
    <Image Include="Assets\LockScreenLogo.scale-200.png">
      <Filter>Assets</Filter>
    </Image>
    <Image Include="Assets\SplashScreen.scale-200.png">
      <Filter>Assets</Filter>
    </Image>
    <Image Include="Assets\Square150x150Logo.scale-200.png">
      <Filter>Assets</Filter>
    </Image>
    <Image Include="Assets\Square44x44Logo.scale-200.png">
      <Filter>Assets</Filter>
    </Image>
    <Image Include="Assets\Square44x44Logo.targetsize-24_altform-unplated.png">
      <Filter>Assets</Filter>
    </Image>
    <Image Include="Assets\StoreLogo.png">
      <Filter>Assets</Filter>
    </Image>
    <Image Include="Assets\Wide310x150Logo.scale-200.png">
      <Filter>Assets</Filter>
    </Image>
  </ItemGroup>
  <ItemGroup>
    <AppxManifest Include="Package.appxmanifest" />
  </ItemGroup>
  <ItemGroup>
    <None Include="zsLib.Eventing.Tool.Compiler_TemporaryKey.pfx" />
    <None Include="..\..\..\..\zsLib\zsLib\cpp\zsLib.events.json">
      <Filter>zsLib\cpp</Filter>
    </None>
    <None Include="..\..\..\..\zsLib\zsLib\internal\zsLib.events_win_etw.man">
      <Filter>zsLib\internal</Filter>
    </None>
    <None Include="..\..\..\..\zsLib\zsLib\internal\zsLib.events_win_etw.wprp">
      <Filter>zsLib\internal</Filter>
    </None>
    <None Include="..\..\..\..\zsLib\zsLib\internal\zsLib.events.jman">
      <Filter>zsLib\internal</Filter>
    </None>
    <None Include="..\..\..\..\zsLib\zsLib\idl\config.json">
      <Filter>zsLib\idl</Filter>
    </None>
  </ItemGroup>
  <ItemGroup>
    <Page Include="MainPage.xaml" />
  </ItemGroup>
  <ItemGroup>
    <Text Include="..\..\..\..\zsLib\zsLib\license.txt">
      <Filter>zsLib</Filter>
    </Text>
  </ItemGroup>
  <ItemGroup>
    <Midl Include="..\..\..\..\zsLib\zsLib\idl\std.idl">
      <Filter>zsLib\idl</Filter>
    </Midl>
    <Midl Include="..\..\..\..\zsLib\zsLib\idl\zsLib.idl">
      <Filter>zsLib\idl</Filter>
    </Midl>
  </ItemGroup>
</Project>