Microsoft Visual Studio Solution File, Format Version 11.00
# Visual Studio 2010
Project("{2150E333-8FDC-42A3-9474-1A3956D46DE8}") = "(libsrtp)", "..\..\libsrtp", "{FC97F190-B196-B721-2B07-56224251BC88}"
EndProject
Project("{8BC9CEB8-8B4A-11D0-8D11-00A0C91BC942}") = "boringssl", "..\boringssl\boringssl_win10_arm.vcxproj", "{6604C6EF-B7BE-CAF0-E6FE-04A143F668A0}"
EndProject
Project("{8BC9CEB8-8B4A-11D0-8D11-00A0C91BC942}") = "libsrtp", "libsrtp_win10_arm.vcxproj", "{29C9C326-EA1B-CFE9-BF90-7C1D6B4B9B6F}"
EndProject
Project("{8BC9CEB8-8B4A-11D0-8D11-00A0C91BC942}") = "rdbx_driver", "rdbx_driver_win10_arm.vcxproj", "{2A82EFE6-133A-DDB5-BC75-CE0B30155106}"
EndProject
Project("{8BC9CEB8-8B4A-11D0-8D11-00A0C91BC942}") = "replay_driver", "replay_driver_win10_arm.vcxproj", "{6E754030-D16E-B74A-BBF1-E32CA92651BD}"
EndProject
Project("{8BC9CEB8-8B4A-11D0-8D11-00A0C91BC942}") = "roc_driver", "roc_driver_win10_arm.vcxproj", "{33232BC4-5877-7935-9671-3CAD53F223FC}"
EndProject
Project("{8BC9CEB8-8B4A-11D0-8D11-00A0C91BC942}") = "rtpw", "rtpw_win10_arm.vcxproj", "{72EEBD00-EE88-0D0F-9A39-D9F51AA13959}"
EndProject
Project("{8BC9CEB8-8B4A-11D0-8D11-00A0C91BC942}") = "srtp_driver", "srtp_driver_win10_arm.vcxproj", "{A767BA69-FF8F-4071-79D4-3327772AA246}"
EndProject
Project("{8BC9CEB8-8B4A-11D0-8D11-00A0C91BC942}") = "srtp_runtest", "srtp_runtest_win10_arm.vcxproj", "{70BE809F-ABD0-7088-9304-7E5436996B1F}"
EndProject
Project("{8BC9CEB8-8B4A-11D0-8D11-00A0C91BC942}") = "srtp_test_aes_calc", "srtp_test_aes_calc_win10_arm.vcxproj", "{F4EDC6A8-6186-B84E-6162-AA54788F58E7}"
EndProject
Project("{8BC9CEB8-8B4A-11D0-8D11-00A0C91BC942}") = "srtp_test_cipher_driver", "srtp_test_cipher_driver_win10_arm.vcxproj", "{C77D7ED5-B5A2-DD5E-15EA-0AE17681C338}"
EndProject
Project("{8BC9CEB8-8B4A-11D0-8D11-00A0C91BC942}") = "srtp_test_datatypes_driver", "srtp_test_datatypes_driver_win10_arm.vcxproj", "{377C1597-CA73-44B0-B716-EC430C905E52}"
EndProject
Project("{8BC9CEB8-8B4A-11D0-8D11-00A0C91BC942}") = "srtp_test_env", "srtp_test_env_win10_arm.vcxproj", "{04320491-1027-CBF3-EB44-696B5A86CAB7}"
EndProject
Project("{8BC9CEB8-8B4A-11D0-8D11-00A0C91BC942}") = "srtp_test_kernel_driver", "srtp_test_kernel_driver_win10_arm.vcxproj", "{86A404F8-D699-A573-7D84-CC13612F7F32}"
EndProject
Project("{8BC9CEB8-8B4A-11D0-8D11-00A0C91BC942}") = "srtp_test_rand_gen", "srtp_test_rand_gen_win10_arm.vcxproj", "{166574BB-7BA3-C8AE-3FDE-E157C5AC7572}"
EndProject
Project("{8BC9CEB8-8B4A-11D0-8D11-00A0C91BC942}") = "srtp_test_rand_gen_soak", "srtp_test_rand_gen_soak_win10_arm.vcxproj", "{42DE127A-05EF-AC39-A998-BB4EA3D1A60C}"
EndProject
Project("{8BC9CEB8-8B4A-11D0-8D11-00A0C91BC942}") = "srtp_test_sha1_driver", "srtp_test_sha1_driver_win10_arm.vcxproj", "{F03973F0-FC28-E439-61D9-5D8539BEB319}"
EndProject
Project("{8BC9CEB8-8B4A-11D0-8D11-00A0C91BC942}") = "srtp_test_stat_driver", "srtp_test_stat_driver_win10_arm.vcxproj", "{44292020-53E5-44F6-64CD-533EA9C088A0}"
EndProject
Global
	GlobalSection(SolutionConfigurationPlatforms) = preSolution
		Debug|ARM = Debug|ARM
		Debug|Win32 = Debug|Win32
		Release|ARM = Release|ARM
		Release|Win32 = Release|Win32
	EndGlobalSection
	GlobalSection(ProjectConfigurationPlatforms) = postSolution
		{04320491-1027-CBF3-EB44-696B5A86CAB7}.Debug|ARM.ActiveCfg = Debug|ARM
		{04320491-1027-CBF3-EB44-696B5A86CAB7}.Debug|ARM.Build.0 = Debug|ARM
		{04320491-1027-CBF3-EB44-696B5A86CAB7}.Debug|Win32.ActiveCfg = Debug|Win32
		{04320491-1027-CBF3-EB44-696B5A86CAB7}.Debug|Win32.Build.0 = Debug|Win32
		{04320491-1027-CBF3-EB44-696B5A86CAB7}.Release|ARM.ActiveCfg = Release|ARM
		{04320491-1027-CBF3-EB44-696B5A86CAB7}.Release|ARM.Build.0 = Release|ARM
		{04320491-1027-CBF3-EB44-696B5A86CAB7}.Release|Win32.ActiveCfg = Release|Win32
		{04320491-1027-CBF3-EB44-696B5A86CAB7}.Release|Win32.Build.0 = Release|Win32
		{166574BB-7BA3-C8AE-3FDE-E157C5AC7572}.Debug|ARM.ActiveCfg = Debug|ARM
		{166574BB-7BA3-C8AE-3FDE-E157C5AC7572}.Debug|ARM.Build.0 = Debug|ARM
		{166574BB-7BA3-C8AE-3FDE-E157C5AC7572}.Debug|Win32.ActiveCfg = Debug|Win32
		{166574BB-7BA3-C8AE-3FDE-E157C5AC7572}.Debug|Win32.Build.0 = Debug|Win32
		{166574BB-7BA3-C8AE-3FDE-E157C5AC7572}.Release|ARM.ActiveCfg = Release|ARM
		{166574BB-7BA3-C8AE-3FDE-E157C5AC7572}.Release|ARM.Build.0 = Release|ARM
		{166574BB-7BA3-C8AE-3FDE-E157C5AC7572}.Release|Win32.ActiveCfg = Release|Win32
		{166574BB-7BA3-C8AE-3FDE-E157C5AC7572}.Release|Win32.Build.0 = Release|Win32
		{29C9C326-EA1B-CFE9-BF90-7C1D6B4B9B6F}.Debug|ARM.ActiveCfg = Debug|ARM
		{29C9C326-EA1B-CFE9-BF90-7C1D6B4B9B6F}.Debug|ARM.Build.0 = Debug|ARM
		{29C9C326-EA1B-CFE9-BF90-7C1D6B4B9B6F}.Debug|Win32.ActiveCfg = Debug|Win32
		{29C9C326-EA1B-CFE9-BF90-7C1D6B4B9B6F}.Debug|Win32.Build.0 = Debug|Win32
		{29C9C326-EA1B-CFE9-BF90-7C1D6B4B9B6F}.Release|ARM.ActiveCfg = Release|ARM
		{29C9C326-EA1B-CFE9-BF90-7C1D6B4B9B6F}.Release|ARM.Build.0 = Release|ARM
		{29C9C326-EA1B-CFE9-BF90-7C1D6B4B9B6F}.Release|Win32.ActiveCfg = Release|Win32
		{29C9C326-EA1B-CFE9-BF90-7C1D6B4B9B6F}.Release|Win32.Build.0 = Release|Win32
		{2A82EFE6-133A-DDB5-BC75-CE0B30155106}.Debug|ARM.ActiveCfg = Debug|ARM
		{2A82EFE6-133A-DDB5-BC75-CE0B30155106}.Debug|ARM.Build.0 = Debug|ARM
		{2A82EFE6-133A-DDB5-BC75-CE0B30155106}.Debug|Win32.ActiveCfg = Debug|Win32
		{2A82EFE6-133A-DDB5-BC75-CE0B30155106}.Debug|Win32.Build.0 = Debug|Win32
		{2A82EFE6-133A-DDB5-BC75-CE0B30155106}.Release|ARM.ActiveCfg = Release|ARM
		{2A82EFE6-133A-DDB5-BC75-CE0B30155106}.Release|ARM.Build.0 = Release|ARM
		{2A82EFE6-133A-DDB5-BC75-CE0B30155106}.Release|Win32.ActiveCfg = Release|Win32
		{2A82EFE6-133A-DDB5-BC75-CE0B30155106}.Release|Win32.Build.0 = Release|Win32
		{33232BC4-5877-7935-9671-3CAD53F223FC}.Debug|ARM.ActiveCfg = Debug|ARM
		{33232BC4-5877-7935-9671-3CAD53F223FC}.Debug|ARM.Build.0 = Debug|ARM
		{33232BC4-5877-7935-9671-3CAD53F223FC}.Debug|Win32.ActiveCfg = Debug|Win32
		{33232BC4-5877-7935-9671-3CAD53F223FC}.Debug|Win32.Build.0 = Debug|Win32
		{33232BC4-5877-7935-9671-3CAD53F223FC}.Release|ARM.ActiveCfg = Release|ARM
		{33232BC4-5877-7935-9671-3CAD53F223FC}.Release|ARM.Build.0 = Release|ARM
		{33232BC4-5877-7935-9671-3CAD53F223FC}.Release|Win32.ActiveCfg = Release|Win32
		{33232BC4-5877-7935-9671-3CAD53F223FC}.Release|Win32.Build.0 = Release|Win32
		{377C1597-CA73-44B0-B716-EC430C905E52}.Debug|ARM.ActiveCfg = Debug|ARM
		{377C1597-CA73-44B0-B716-EC430C905E52}.Debug|ARM.Build.0 = Debug|ARM
		{377C1597-CA73-44B0-B716-EC430C905E52}.Debug|Win32.ActiveCfg = Debug|Win32
		{377C1597-CA73-44B0-B716-EC430C905E52}.Debug|Win32.Build.0 = Debug|Win32
		{377C1597-CA73-44B0-B716-EC430C905E52}.Release|ARM.ActiveCfg = Release|ARM
		{377C1597-CA73-44B0-B716-EC430C905E52}.Release|ARM.Build.0 = Release|ARM
		{377C1597-CA73-44B0-B716-EC430C905E52}.Release|Win32.ActiveCfg = Release|Win32
		{377C1597-CA73-44B0-B716-EC430C905E52}.Release|Win32.Build.0 = Release|Win32
		{42DE127A-05EF-AC39-A998-BB4EA3D1A60C}.Debug|ARM.ActiveCfg = Debug|ARM
		{42DE127A-05EF-AC39-A998-BB4EA3D1A60C}.Debug|ARM.Build.0 = Debug|ARM
		{42DE127A-05EF-AC39-A998-BB4EA3D1A60C}.Debug|Win32.ActiveCfg = Debug|Win32
		{42DE127A-05EF-AC39-A998-BB4EA3D1A60C}.Debug|Win32.Build.0 = Debug|Win32
		{42DE127A-05EF-AC39-A998-BB4EA3D1A60C}.Release|ARM.ActiveCfg = Release|ARM
		{42DE127A-05EF-AC39-A998-BB4EA3D1A60C}.Release|ARM.Build.0 = Release|ARM
		{42DE127A-05EF-AC39-A998-BB4EA3D1A60C}.Release|Win32.ActiveCfg = Release|Win32
		{42DE127A-05EF-AC39-A998-BB4EA3D1A60C}.Release|Win32.Build.0 = Release|Win32
		{44292020-53E5-44F6-64CD-533EA9C088A0}.Debug|ARM.ActiveCfg = Debug|ARM
		{44292020-53E5-44F6-64CD-533EA9C088A0}.Debug|ARM.Build.0 = Debug|ARM
		{44292020-53E5-44F6-64CD-533EA9C088A0}.Debug|Win32.ActiveCfg = Debug|Win32
		{44292020-53E5-44F6-64CD-533EA9C088A0}.Debug|Win32.Build.0 = Debug|Win32
		{44292020-53E5-44F6-64CD-533EA9C088A0}.Release|ARM.ActiveCfg = Release|ARM
		{44292020-53E5-44F6-64CD-533EA9C088A0}.Release|ARM.Build.0 = Release|ARM
		{44292020-53E5-44F6-64CD-533EA9C088A0}.Release|Win32.ActiveCfg = Release|Win32
		{44292020-53E5-44F6-64CD-533EA9C088A0}.Release|Win32.Build.0 = Release|Win32
		{6604C6EF-B7BE-CAF0-E6FE-04A143F668A0}.Debug|ARM.ActiveCfg = Debug|ARM
		{6604C6EF-B7BE-CAF0-E6FE-04A143F668A0}.Debug|ARM.Build.0 = Debug|ARM
		{6604C6EF-B7BE-CAF0-E6FE-04A143F668A0}.Debug|Win32.ActiveCfg = Debug|Win32
		{6604C6EF-B7BE-CAF0-E6FE-04A143F668A0}.Debug|Win32.Build.0 = Debug|Win32
		{6604C6EF-B7BE-CAF0-E6FE-04A143F668A0}.Release|ARM.ActiveCfg = Release|ARM
		{6604C6EF-B7BE-CAF0-E6FE-04A143F668A0}.Release|ARM.Build.0 = Release|ARM
		{6604C6EF-B7BE-CAF0-E6FE-04A143F668A0}.Release|Win32.ActiveCfg = Release|Win32
		{6604C6EF-B7BE-CAF0-E6FE-04A143F668A0}.Release|Win32.Build.0 = Release|Win32
		{6E754030-D16E-B74A-BBF1-E32CA92651BD}.Debug|ARM.ActiveCfg = Debug|ARM
		{6E754030-D16E-B74A-BBF1-E32CA92651BD}.Debug|ARM.Build.0 = Debug|ARM
		{6E754030-D16E-B74A-BBF1-E32CA92651BD}.Debug|Win32.ActiveCfg = Debug|Win32
		{6E754030-D16E-B74A-BBF1-E32CA92651BD}.Debug|Win32.Build.0 = Debug|Win32
		{6E754030-D16E-B74A-BBF1-E32CA92651BD}.Release|ARM.ActiveCfg = Release|ARM
		{6E754030-D16E-B74A-BBF1-E32CA92651BD}.Release|ARM.Build.0 = Release|ARM
		{6E754030-D16E-B74A-BBF1-E32CA92651BD}.Release|Win32.ActiveCfg = Release|Win32
		{6E754030-D16E-B74A-BBF1-E32CA92651BD}.Release|Win32.Build.0 = Release|Win32
		{70BE809F-ABD0-7088-9304-7E5436996B1F}.Debug|ARM.ActiveCfg = Debug|ARM
		{70BE809F-ABD0-7088-9304-7E5436996B1F}.Debug|ARM.Build.0 = Debug|ARM
		{70BE809F-ABD0-7088-9304-7E5436996B1F}.Debug|Win32.ActiveCfg = Debug|Win32
		{70BE809F-ABD0-7088-9304-7E5436996B1F}.Debug|Win32.Build.0 = Debug|Win32
		{70BE809F-ABD0-7088-9304-7E5436996B1F}.Release|ARM.ActiveCfg = Release|ARM
		{70BE809F-ABD0-7088-9304-7E5436996B1F}.Release|ARM.Build.0 = Release|ARM
		{70BE809F-ABD0-7088-9304-7E5436996B1F}.Release|Win32.ActiveCfg = Release|Win32
		{70BE809F-ABD0-7088-9304-7E5436996B1F}.Release|Win32.Build.0 = Release|Win32
		{72EEBD00-EE88-0D0F-9A39-D9F51AA13959}.Debug|ARM.ActiveCfg = Debug|ARM
		{72EEBD00-EE88-0D0F-9A39-D9F51AA13959}.Debug|ARM.Build.0 = Debug|ARM
		{72EEBD00-EE88-0D0F-9A39-D9F51AA13959}.Debug|Win32.ActiveCfg = Debug|Win32
		{72EEBD00-EE88-0D0F-9A39-D9F51AA13959}.Debug|Win32.Build.0 = Debug|Win32
		{72EEBD00-EE88-0D0F-9A39-D9F51AA13959}.Release|ARM.ActiveCfg = Release|ARM
		{72EEBD00-EE88-0D0F-9A39-D9F51AA13959}.Release|ARM.Build.0 = Release|ARM
		{72EEBD00-EE88-0D0F-9A39-D9F51AA13959}.Release|Win32.ActiveCfg = Release|Win32
		{72EEBD00-EE88-0D0F-9A39-D9F51AA13959}.Release|Win32.Build.0 = Release|Win32
		{86A404F8-D699-A573-7D84-CC13612F7F32}.Debug|ARM.ActiveCfg = Debug|ARM
		{86A404F8-D699-A573-7D84-CC13612F7F32}.Debug|ARM.Build.0 = Debug|ARM
		{86A404F8-D699-A573-7D84-CC13612F7F32}.Debug|Win32.ActiveCfg = Debug|Win32
		{86A404F8-D699-A573-7D84-CC13612F7F32}.Debug|Win32.Build.0 = Debug|Win32
		{86A404F8-D699-A573-7D84-CC13612F7F32}.Release|ARM.ActiveCfg = Release|ARM
		{86A404F8-D699-A573-7D84-CC13612F7F32}.Release|ARM.Build.0 = Release|ARM
		{86A404F8-D699-A573-7D84-CC13612F7F32}.Release|Win32.ActiveCfg = Release|Win32
		{86A404F8-D699-A573-7D84-CC13612F7F32}.Release|Win32.Build.0 = Release|Win32
		{A767BA69-FF8F-4071-79D4-3327772AA246}.Debug|ARM.ActiveCfg = Debug|ARM
		{A767BA69-FF8F-4071-79D4-3327772AA246}.Debug|ARM.Build.0 = Debug|ARM
		{A767BA69-FF8F-4071-79D4-3327772AA246}.Debug|Win32.ActiveCfg = Debug|Win32
		{A767BA69-FF8F-4071-79D4-3327772AA246}.Debug|Win32.Build.0 = Debug|Win32
		{A767BA69-FF8F-4071-79D4-3327772AA246}.Release|ARM.ActiveCfg = Release|ARM
		{A767BA69-FF8F-4071-79D4-3327772AA246}.Release|ARM.Build.0 = Release|ARM
		{A767BA69-FF8F-4071-79D4-3327772AA246}.Release|Win32.ActiveCfg = Release|Win32
		{A767BA69-FF8F-4071-79D4-3327772AA246}.Release|Win32.Build.0 = Release|Win32
		{C77D7ED5-B5A2-DD5E-15EA-0AE17681C338}.Debug|ARM.ActiveCfg = Debug|ARM
		{C77D7ED5-B5A2-DD5E-15EA-0AE17681C338}.Debug|ARM.Build.0 = Debug|ARM
		{C77D7ED5-B5A2-DD5E-15EA-0AE17681C338}.Debug|Win32.ActiveCfg = Debug|Win32
		{C77D7ED5-B5A2-DD5E-15EA-0AE17681C338}.Debug|Win32.Build.0 = Debug|Win32
		{C77D7ED5-B5A2-DD5E-15EA-0AE17681C338}.Release|ARM.ActiveCfg = Release|ARM
		{C77D7ED5-B5A2-DD5E-15EA-0AE17681C338}.Release|ARM.Build.0 = Release|ARM
		{C77D7ED5-B5A2-DD5E-15EA-0AE17681C338}.Release|Win32.ActiveCfg = Release|Win32
		{C77D7ED5-B5A2-DD5E-15EA-0AE17681C338}.Release|Win32.Build.0 = Release|Win32
		{F03973F0-FC28-E439-61D9-5D8539BEB319}.Debug|ARM.ActiveCfg = Debug|ARM
		{F03973F0-FC28-E439-61D9-5D8539BEB319}.Debug|ARM.Build.0 = Debug|ARM
		{F03973F0-FC28-E439-61D9-5D8539BEB319}.Debug|Win32.ActiveCfg = Debug|Win32
		{F03973F0-FC28-E439-61D9-5D8539BEB319}.Debug|Win32.Build.0 = Debug|Win32
		{F03973F0-FC28-E439-61D9-5D8539BEB319}.Release|ARM.ActiveCfg = Release|ARM
		{F03973F0-FC28-E439-61D9-5D8539BEB319}.Release|ARM.Build.0 = Release|ARM
		{F03973F0-FC28-E439-61D9-5D8539BEB319}.Release|Win32.ActiveCfg = Release|Win32
		{F03973F0-FC28-E439-61D9-5D8539BEB319}.Release|Win32.Build.0 = Release|Win32
		{F4EDC6A8-6186-B84E-6162-AA54788F58E7}.Debug|ARM.ActiveCfg = Debug|ARM
		{F4EDC6A8-6186-B84E-6162-AA54788F58E7}.Debug|ARM.Build.0 = Debug|ARM
		{F4EDC6A8-6186-B84E-6162-AA54788F58E7}.Debug|Win32.ActiveCfg = Debug|Win32
		{F4EDC6A8-6186-B84E-6162-AA54788F58E7}.Debug|Win32.Build.0 = Debug|Win32
		{F4EDC6A8-6186-B84E-6162-AA54788F58E7}.Release|ARM.ActiveCfg = Release|ARM
		{F4EDC6A8-6186-B84E-6162-AA54788F58E7}.Release|ARM.Build.0 = Release|ARM
		{F4EDC6A8-6186-B84E-6162-AA54788F58E7}.Release|Win32.ActiveCfg = Release|Win32
		{F4EDC6A8-6186-B84E-6162-AA54788F58E7}.Release|Win32.Build.0 = Release|Win32
	EndGlobalSection
	GlobalSection(SolutionProperties) = preSolution
		HideSolutionNode = FALSE
	EndGlobalSection
	GlobalSection(NestedProjects) = preSolution
		{29C9C326-EA1B-CFE9-BF90-7C1D6B4B9B6F} = {FC97F190-B196-B721-2B07-56224251BC88}
		{2A82EFE6-133A-DDB5-BC75-CE0B30155106} = {FC97F190-B196-B721-2B07-56224251BC88}
		{6E754030-D16E-B74A-BBF1-E32CA92651BD} = {FC97F190-B196-B721-2B07-56224251BC88}
		{33232BC4-5877-7935-9671-3CAD53F223FC} = {FC97F190-B196-B721-2B07-56224251BC88}
		{72EEBD00-EE88-0D0F-9A39-D9F51AA13959} = {FC97F190-B196-B721-2B07-56224251BC88}
		{A767BA69-FF8F-4071-79D4-3327772AA246} = {FC97F190-B196-B721-2B07-56224251BC88}
		{70BE809F-ABD0-7088-9304-7E5436996B1F} = {FC97F190-B196-B721-2B07-56224251BC88}
		{F4EDC6A8-6186-B84E-6162-AA54788F58E7} = {FC97F190-B196-B721-2B07-56224251BC88}
		{C77D7ED5-B5A2-DD5E-15EA-0AE17681C338} = {FC97F190-B196-B721-2B07-56224251BC88}
		{377C1597-CA73-44B0-B716-EC430C905E52} = {FC97F190-B196-B721-2B07-56224251BC88}
		{04320491-1027-CBF3-EB44-696B5A86CAB7} = {FC97F190-B196-B721-2B07-56224251BC88}
		{86A404F8-D699-A573-7D84-CC13612F7F32} = {FC97F190-B196-B721-2B07-56224251BC88}
		{166574BB-7BA3-C8AE-3FDE-E157C5AC7572} = {FC97F190-B196-B721-2B07-56224251BC88}
		{42DE127A-05EF-AC39-A998-BB4EA3D1A60C} = {FC97F190-B196-B721-2B07-56224251BC88}
		{F03973F0-FC28-E439-61D9-5D8539BEB319} = {FC97F190-B196-B721-2B07-56224251BC88}
		{44292020-53E5-44F6-64CD-533EA9C088A0} = {FC97F190-B196-B721-2B07-56224251BC88}
	EndGlobalSection
EndGlobal
