Microsoft Visual Studio Solution File, Format Version 11.00
# Visual Studio 2010
Project("{2150E333-8FDC-42A3-9474-1A3956D46DE8}") = "(base)", "..\..\base", "{1AF5C76A-46B7-C085-8BC3-35371233CE99}"
EndProject
Project("{2150E333-8FDC-42A3-9474-1A3956D46DE8}") = "(libjingle)", "..", "{2118627F-FFCC-BA94-54CD-9F223883D77D}"
EndProject
Project("{2150E333-8FDC-42A3-9474-1A3956D46DE8}") = "(third_party)", "..\..\..\third_party", "{89C816A7-DD31-D54C-C69C-5A80E0C49B77}"
EndProject
Project("{2150E333-8FDC-42A3-9474-1A3956D46DE8}") = "(webrtc)", "..\..", "{FB3E20CC-9516-F7D2-EFF7-C27ABDCA54B9}"
EndProject
Project("{2150E333-8FDC-42A3-9474-1A3956D46DE8}") = "(xmllite)", ".", "{4673DAE2-C988-A867-62D8-203174830591}"
EndProject
Project("{8BC9CEB8-8B4A-11D0-8D11-00A0C91BC942}") = "boringssl", "..\..\..\third_party\boringssl\boringssl_win10_x86.vcxproj", "{9D587D86-CDC2-F564-4BF2-B3361C4FFCB1}"
EndProject
Project("{8BC9CEB8-8B4A-11D0-8D11-00A0C91BC942}") = "expat", "..\..\..\third_party\expat\expat_win10_x86.vcxproj", "{2C3811E9-F34D-B9DD-ED8B-C0926670014C}"
EndProject
Project("{8BC9CEB8-8B4A-11D0-8D11-00A0C91BC942}") = "jsoncpp", "..\..\..\third_party\jsoncpp\jsoncpp_win10_x86.vcxproj", "{7107CA9F-EA16-AC6A-9742-2A467571009D}"
EndProject
Project("{8BC9CEB8-8B4A-11D0-8D11-00A0C91BC942}") = "rtc_base", "..\..\base\rtc_base_win10_x86.vcxproj", "{AA356CBC-3ADE-B997-2745-8ABE044F9580}"
EndProject
Project("{8BC9CEB8-8B4A-11D0-8D11-00A0C91BC942}") = "rtc_base_approved", "..\..\base\rtc_base_approved_win10_x86.vcxproj", "{25F0CBE3-9BE1-6F07-A956-8C528463DD7B}"
EndProject
Project("{8BC9CEB8-8B4A-11D0-8D11-00A0C91BC942}") = "rtc_xmllite", "rtc_xmllite_win10_x86.vcxproj", "{DDC27998-532E-9E19-2750-184732C8DFB1}"
EndProject
Project("{8BC9CEB8-8B4A-11D0-8D11-00A0C91BC942}") = "webrtc_common", "..\..\webrtc_common_win10_x86.vcxproj", "{19EC41DA-85D8-2E9C-FDFD-7A03CF9192F1}"
EndProject
Global
	GlobalSection(SolutionConfigurationPlatforms) = preSolution
		Debug|Win32 = Debug|Win32
		Debug|x64 = Debug|x64
		Debug|ARM = Debug|ARM
		Release|ARM = Release|ARM
		Release|x64 = Release|x64
		Release|Win32 = Release|Win32
	EndGlobalSection
	GlobalSection(ProjectConfigurationPlatforms) = postSolution
		{19EC41DA-85D8-2E9C-FDFD-7A03CF9192F1}.Debug|Win32.ActiveCfg = Debug|Win32
		{19EC41DA-85D8-2E9C-FDFD-7A03CF9192F1}.Debug|Win32.Build.0 = Debug|Win32
		{19EC41DA-85D8-2E9C-FDFD-7A03CF9192F1}.Debug|x64.ActiveCfg = Debug|x64
		{19EC41DA-85D8-2E9C-FDFD-7A03CF9192F1}.Debug|x64.Build.0 = Debug|x64
		{19EC41DA-85D8-2E9C-FDFD-7A03CF9192F1}.Debug|ARM.ActiveCfg = Debug|ARM
		{19EC41DA-85D8-2E9C-FDFD-7A03CF9192F1}.Debug|ARM.Build.0 = Debug|ARM
		{19EC41DA-85D8-2E9C-FDFD-7A03CF9192F1}.Release|ARM.ActiveCfg = Release|ARM
		{19EC41DA-85D8-2E9C-FDFD-7A03CF9192F1}.Release|ARM.Build.0 = Release|ARM
		{19EC41DA-85D8-2E9C-FDFD-7A03CF9192F1}.Release|x64.ActiveCfg = Release|x64
		{19EC41DA-85D8-2E9C-FDFD-7A03CF9192F1}.Release|x64.Build.0 = Release|x64
		{19EC41DA-85D8-2E9C-FDFD-7A03CF9192F1}.Release|Win32.ActiveCfg = Release|Win32
		{19EC41DA-85D8-2E9C-FDFD-7A03CF9192F1}.Release|Win32.Build.0 = Release|Win32
		{25F0CBE3-9BE1-6F07-A956-8C528463DD7B}.Debug|Win32.ActiveCfg = Debug|Win32
		{25F0CBE3-9BE1-6F07-A956-8C528463DD7B}.Debug|Win32.Build.0 = Debug|Win32
		{25F0CBE3-9BE1-6F07-A956-8C528463DD7B}.Debug|x64.ActiveCfg = Debug|x64
		{25F0CBE3-9BE1-6F07-A956-8C528463DD7B}.Debug|x64.Build.0 = Debug|x64
		{25F0CBE3-9BE1-6F07-A956-8C528463DD7B}.Debug|ARM.ActiveCfg = Debug|ARM
		{25F0CBE3-9BE1-6F07-A956-8C528463DD7B}.Debug|ARM.Build.0 = Debug|ARM
		{25F0CBE3-9BE1-6F07-A956-8C528463DD7B}.Release|ARM.ActiveCfg = Release|ARM
		{25F0CBE3-9BE1-6F07-A956-8C528463DD7B}.Release|ARM.Build.0 = Release|ARM
		{25F0CBE3-9BE1-6F07-A956-8C528463DD7B}.Release|x64.ActiveCfg = Release|x64
		{25F0CBE3-9BE1-6F07-A956-8C528463DD7B}.Release|x64.Build.0 = Release|x64
		{25F0CBE3-9BE1-6F07-A956-8C528463DD7B}.Release|Win32.ActiveCfg = Release|Win32
		{25F0CBE3-9BE1-6F07-A956-8C528463DD7B}.Release|Win32.Build.0 = Release|Win32
		{2C3811E9-F34D-B9DD-ED8B-C0926670014C}.Debug|Win32.ActiveCfg = Debug|Win32
		{2C3811E9-F34D-B9DD-ED8B-C0926670014C}.Debug|Win32.Build.0 = Debug|Win32
		{2C3811E9-F34D-B9DD-ED8B-C0926670014C}.Debug|x64.ActiveCfg = Debug|x64
		{2C3811E9-F34D-B9DD-ED8B-C0926670014C}.Debug|x64.Build.0 = Debug|x64
		{2C3811E9-F34D-B9DD-ED8B-C0926670014C}.Debug|ARM.ActiveCfg = Debug|ARM
		{2C3811E9-F34D-B9DD-ED8B-C0926670014C}.Debug|ARM.Build.0 = Debug|ARM
		{2C3811E9-F34D-B9DD-ED8B-C0926670014C}.Release|ARM.ActiveCfg = Release|ARM
		{2C3811E9-F34D-B9DD-ED8B-C0926670014C}.Release|ARM.Build.0 = Release|ARM
		{2C3811E9-F34D-B9DD-ED8B-C0926670014C}.Release|x64.ActiveCfg = Release|x64
		{2C3811E9-F34D-B9DD-ED8B-C0926670014C}.Release|x64.Build.0 = Release|x64
		{2C3811E9-F34D-B9DD-ED8B-C0926670014C}.Release|Win32.ActiveCfg = Release|Win32
		{2C3811E9-F34D-B9DD-ED8B-C0926670014C}.Release|Win32.Build.0 = Release|Win32
		{7107CA9F-EA16-AC6A-9742-2A467571009D}.Debug|Win32.ActiveCfg = Debug|Win32
		{7107CA9F-EA16-AC6A-9742-2A467571009D}.Debug|Win32.Build.0 = Debug|Win32
		{7107CA9F-EA16-AC6A-9742-2A467571009D}.Debug|x64.ActiveCfg = Debug|x64
		{7107CA9F-EA16-AC6A-9742-2A467571009D}.Debug|x64.Build.0 = Debug|x64
		{7107CA9F-EA16-AC6A-9742-2A467571009D}.Debug|ARM.ActiveCfg = Debug|ARM
		{7107CA9F-EA16-AC6A-9742-2A467571009D}.Debug|ARM.Build.0 = Debug|ARM
		{7107CA9F-EA16-AC6A-9742-2A467571009D}.Release|ARM.ActiveCfg = Release|ARM
		{7107CA9F-EA16-AC6A-9742-2A467571009D}.Release|ARM.Build.0 = Release|ARM
		{7107CA9F-EA16-AC6A-9742-2A467571009D}.Release|x64.ActiveCfg = Release|x64
		{7107CA9F-EA16-AC6A-9742-2A467571009D}.Release|x64.Build.0 = Release|x64
		{7107CA9F-EA16-AC6A-9742-2A467571009D}.Release|Win32.ActiveCfg = Release|Win32
		{7107CA9F-EA16-AC6A-9742-2A467571009D}.Release|Win32.Build.0 = Release|Win32
		{9D587D86-CDC2-F564-4BF2-B3361C4FFCB1}.Debug|Win32.ActiveCfg = Debug|Win32
		{9D587D86-CDC2-F564-4BF2-B3361C4FFCB1}.Debug|Win32.Build.0 = Debug|Win32
		{9D587D86-CDC2-F564-4BF2-B3361C4FFCB1}.Debug|x64.ActiveCfg = Debug|x64
		{9D587D86-CDC2-F564-4BF2-B3361C4FFCB1}.Debug|x64.Build.0 = Debug|x64
		{9D587D86-CDC2-F564-4BF2-B3361C4FFCB1}.Debug|ARM.ActiveCfg = Debug|ARM
		{9D587D86-CDC2-F564-4BF2-B3361C4FFCB1}.Debug|ARM.Build.0 = Debug|ARM
		{9D587D86-CDC2-F564-4BF2-B3361C4FFCB1}.Release|ARM.ActiveCfg = Release|ARM
		{9D587D86-CDC2-F564-4BF2-B3361C4FFCB1}.Release|ARM.Build.0 = Release|ARM
		{9D587D86-CDC2-F564-4BF2-B3361C4FFCB1}.Release|x64.ActiveCfg = Release|x64
		{9D587D86-CDC2-F564-4BF2-B3361C4FFCB1}.Release|x64.Build.0 = Release|x64
		{9D587D86-CDC2-F564-4BF2-B3361C4FFCB1}.Release|Win32.ActiveCfg = Release|Win32
		{9D587D86-CDC2-F564-4BF2-B3361C4FFCB1}.Release|Win32.Build.0 = Release|Win32
		{AA356CBC-3ADE-B997-2745-8ABE044F9580}.Debug|Win32.ActiveCfg = Debug|Win32
		{AA356CBC-3ADE-B997-2745-8ABE044F9580}.Debug|Win32.Build.0 = Debug|Win32
		{AA356CBC-3ADE-B997-2745-8ABE044F9580}.Debug|x64.ActiveCfg = Debug|x64
		{AA356CBC-3ADE-B997-2745-8ABE044F9580}.Debug|x64.Build.0 = Debug|x64
		{AA356CBC-3ADE-B997-2745-8ABE044F9580}.Debug|ARM.ActiveCfg = Debug|ARM
		{AA356CBC-3ADE-B997-2745-8ABE044F9580}.Debug|ARM.Build.0 = Debug|ARM
		{AA356CBC-3ADE-B997-2745-8ABE044F9580}.Release|ARM.ActiveCfg = Release|ARM
		{AA356CBC-3ADE-B997-2745-8ABE044F9580}.Release|ARM.Build.0 = Release|ARM
		{AA356CBC-3ADE-B997-2745-8ABE044F9580}.Release|x64.ActiveCfg = Release|x64
		{AA356CBC-3ADE-B997-2745-8ABE044F9580}.Release|x64.Build.0 = Release|x64
		{AA356CBC-3ADE-B997-2745-8ABE044F9580}.Release|Win32.ActiveCfg = Release|Win32
		{AA356CBC-3ADE-B997-2745-8ABE044F9580}.Release|Win32.Build.0 = Release|Win32
		{DDC27998-532E-9E19-2750-184732C8DFB1}.Debug|Win32.ActiveCfg = Debug|Win32
		{DDC27998-532E-9E19-2750-184732C8DFB1}.Debug|Win32.Build.0 = Debug|Win32
		{DDC27998-532E-9E19-2750-184732C8DFB1}.Debug|x64.ActiveCfg = Debug|x64
		{DDC27998-532E-9E19-2750-184732C8DFB1}.Debug|x64.Build.0 = Debug|x64
		{DDC27998-532E-9E19-2750-184732C8DFB1}.Debug|ARM.ActiveCfg = Debug|ARM
		{DDC27998-532E-9E19-2750-184732C8DFB1}.Debug|ARM.Build.0 = Debug|ARM
		{DDC27998-532E-9E19-2750-184732C8DFB1}.Release|ARM.ActiveCfg = Release|ARM
		{DDC27998-532E-9E19-2750-184732C8DFB1}.Release|ARM.Build.0 = Release|ARM
		{DDC27998-532E-9E19-2750-184732C8DFB1}.Release|x64.ActiveCfg = Release|x64
		{DDC27998-532E-9E19-2750-184732C8DFB1}.Release|x64.Build.0 = Release|x64
		{DDC27998-532E-9E19-2750-184732C8DFB1}.Release|Win32.ActiveCfg = Release|Win32
		{DDC27998-532E-9E19-2750-184732C8DFB1}.Release|Win32.Build.0 = Release|Win32
	EndGlobalSection
	GlobalSection(SolutionProperties) = preSolution
		HideSolutionNode = FALSE
	EndGlobalSection
	GlobalSection(NestedProjects) = preSolution
		{AA356CBC-3ADE-B997-2745-8ABE044F9580} = {1AF5C76A-46B7-C085-8BC3-35371233CE99}
		{25F0CBE3-9BE1-6F07-A956-8C528463DD7B} = {1AF5C76A-46B7-C085-8BC3-35371233CE99}
		{4673DAE2-C988-A867-62D8-203174830591} = {2118627F-FFCC-BA94-54CD-9F223883D77D}
		{9D587D86-CDC2-F564-4BF2-B3361C4FFCB1} = {89C816A7-DD31-D54C-C69C-5A80E0C49B77}
		{2C3811E9-F34D-B9DD-ED8B-C0926670014C} = {89C816A7-DD31-D54C-C69C-5A80E0C49B77}
		{7107CA9F-EA16-AC6A-9742-2A467571009D} = {89C816A7-DD31-D54C-C69C-5A80E0C49B77}
		{1AF5C76A-46B7-C085-8BC3-35371233CE99} = {FB3E20CC-9516-F7D2-EFF7-C27ABDCA54B9}
		{2118627F-FFCC-BA94-54CD-9F223883D77D} = {FB3E20CC-9516-F7D2-EFF7-C27ABDCA54B9}
		{19EC41DA-85D8-2E9C-FDFD-7A03CF9192F1} = {FB3E20CC-9516-F7D2-EFF7-C27ABDCA54B9}
		{DDC27998-532E-9E19-2750-184732C8DFB1} = {4673DAE2-C988-A867-62D8-203174830591}
	EndGlobalSection
EndGlobal
