Microsoft Visual Studio Solution File, Format Version 11.00
# Visual Studio 2010
Project("{2150E333-8FDC-42A3-9474-1A3956D46DE8}") = "(base)", "..\..\base", "{1AF5C76A-46B7-C085-8BC3-35371233CE99}"
EndProject
Project("{2150E333-8FDC-42A3-9474-1A3956D46DE8}") = "(libjingle)", "..", "{2118627F-FFCC-BA94-54CD-9F223883D77D}"
EndProject
Project("{2150E333-8FDC-42A3-9474-1A3956D46DE8}") = "(third_party)", "..\..\..\third_party", "{89C816A7-DD31-D54C-C69C-5A80E0C49B77}"
EndProject
Project("{2150E333-8FDC-42A3-9474-1A3956D46DE8}") = "(webrtc)", "..\..", "{FB3E20CC-9516-F7D2-EFF7-C27ABDCA54B9}"
EndProject
Project("{2150E333-8FDC-42A3-9474-1A3956D46DE8}") = "(xmllite)", ".", "{4673DAE2-C988-A867-62D8-203174830591}"
EndProject
Project("{8BC9CEB8-8B4A-11D0-8D11-00A0C91BC942}") = "boringssl", "..\..\..\third_party\boringssl\boringssl_win10_arm.vcxproj", "{6604C6EF-B7BE-CAF0-E6FE-04A143F668A0}"
EndProject
Project("{8BC9CEB8-8B4A-11D0-8D11-00A0C91BC942}") = "expat", "..\..\..\third_party\expat\expat_win10_arm.vcxproj", "{EF658CC2-3D3A-E4EB-70EA-13DC95E35C0E}"
EndProject
Project("{8BC9CEB8-8B4A-11D0-8D11-00A0C91BC942}") = "jsoncpp", "..\..\..\third_party\jsoncpp\jsoncpp_win10_arm.vcxproj", "{60344328-0188-1D48-DFA0-B8960830F40A}"
EndProject
Project("{8BC9CEB8-8B4A-11D0-8D11-00A0C91BC942}") = "rtc_base", "..\..\base\rtc_base_win10_arm.vcxproj", "{321DD743-C48B-C90E-1B06-D5FC55F3AB75}"
EndProject
Project("{8BC9CEB8-8B4A-11D0-8D11-00A0C91BC942}") = "rtc_base_approved", "..\..\base\rtc_base_approved_win10_arm.vcxproj", "{A2F92EA1-AF6E-7C5E-A985-E392C8BD498B}"
EndProject
Project("{8BC9CEB8-8B4A-11D0-8D11-00A0C91BC942}") = "rtc_xmllite", "rtc_xmllite_win10_arm.vcxproj", "{C11C2EF8-EA18-6B91-9A5C-A5297A52127A}"
EndProject
Project("{8BC9CEB8-8B4A-11D0-8D11-00A0C91BC942}") = "webrtc_common", "..\..\webrtc_common_win10_arm.vcxproj", "{C5B35943-9ACD-0866-771E-B481B8A3D274}"
EndProject
Global
	GlobalSection(SolutionConfigurationPlatforms) = preSolution
		Debug|ARM = Debug|ARM
		Debug|Win32 = Debug|Win32
		Release|ARM = Release|ARM
		Release|Win32 = Release|Win32
	EndGlobalSection
	GlobalSection(ProjectConfigurationPlatforms) = postSolution
		{321DD743-C48B-C90E-1B06-D5FC55F3AB75}.Debug|ARM.ActiveCfg = Debug|ARM
		{321DD743-C48B-C90E-1B06-D5FC55F3AB75}.Debug|ARM.Build.0 = Debug|ARM
		{321DD743-C48B-C90E-1B06-D5FC55F3AB75}.Debug|Win32.ActiveCfg = Debug|Win32
		{321DD743-C48B-C90E-1B06-D5FC55F3AB75}.Debug|Win32.Build.0 = Debug|Win32
		{321DD743-C48B-C90E-1B06-D5FC55F3AB75}.Release|ARM.ActiveCfg = Release|ARM
		{321DD743-C48B-C90E-1B06-D5FC55F3AB75}.Release|ARM.Build.0 = Release|ARM
		{321DD743-C48B-C90E-1B06-D5FC55F3AB75}.Release|Win32.ActiveCfg = Release|Win32
		{321DD743-C48B-C90E-1B06-D5FC55F3AB75}.Release|Win32.Build.0 = Release|Win32
		{60344328-0188-1D48-DFA0-B8960830F40A}.Debug|ARM.ActiveCfg = Debug|ARM
		{60344328-0188-1D48-DFA0-B8960830F40A}.Debug|ARM.Build.0 = Debug|ARM
		{60344328-0188-1D48-DFA0-B8960830F40A}.Debug|Win32.ActiveCfg = Debug|Win32
		{60344328-0188-1D48-DFA0-B8960830F40A}.Debug|Win32.Build.0 = Debug|Win32
		{60344328-0188-1D48-DFA0-B8960830F40A}.Release|ARM.ActiveCfg = Release|ARM
		{60344328-0188-1D48-DFA0-B8960830F40A}.Release|ARM.Build.0 = Release|ARM
		{60344328-0188-1D48-DFA0-B8960830F40A}.Release|Win32.ActiveCfg = Release|Win32
		{60344328-0188-1D48-DFA0-B8960830F40A}.Release|Win32.Build.0 = Release|Win32
		{6604C6EF-B7BE-CAF0-E6FE-04A143F668A0}.Debug|ARM.ActiveCfg = Debug|ARM
		{6604C6EF-B7BE-CAF0-E6FE-04A143F668A0}.Debug|ARM.Build.0 = Debug|ARM
		{6604C6EF-B7BE-CAF0-E6FE-04A143F668A0}.Debug|Win32.ActiveCfg = Debug|Win32
		{6604C6EF-B7BE-CAF0-E6FE-04A143F668A0}.Debug|Win32.Build.0 = Debug|Win32
		{6604C6EF-B7BE-CAF0-E6FE-04A143F668A0}.Release|ARM.ActiveCfg = Release|ARM
		{6604C6EF-B7BE-CAF0-E6FE-04A143F668A0}.Release|ARM.Build.0 = Release|ARM
		{6604C6EF-B7BE-CAF0-E6FE-04A143F668A0}.Release|Win32.ActiveCfg = Release|Win32
		{6604C6EF-B7BE-CAF0-E6FE-04A143F668A0}.Release|Win32.Build.0 = Release|Win32
		{A2F92EA1-AF6E-7C5E-A985-E392C8BD498B}.Debug|ARM.ActiveCfg = Debug|ARM
		{A2F92EA1-AF6E-7C5E-A985-E392C8BD498B}.Debug|ARM.Build.0 = Debug|ARM
		{A2F92EA1-AF6E-7C5E-A985-E392C8BD498B}.Debug|Win32.ActiveCfg = Debug|Win32
		{A2F92EA1-AF6E-7C5E-A985-E392C8BD498B}.Debug|Win32.Build.0 = Debug|Win32
		{A2F92EA1-AF6E-7C5E-A985-E392C8BD498B}.Release|ARM.ActiveCfg = Release|ARM
		{A2F92EA1-AF6E-7C5E-A985-E392C8BD498B}.Release|ARM.Build.0 = Release|ARM
		{A2F92EA1-AF6E-7C5E-A985-E392C8BD498B}.Release|Win32.ActiveCfg = Release|Win32
		{A2F92EA1-AF6E-7C5E-A985-E392C8BD498B}.Release|Win32.Build.0 = Release|Win32
		{C11C2EF8-EA18-6B91-9A5C-A5297A52127A}.Debug|ARM.ActiveCfg = Debug|ARM
		{C11C2EF8-EA18-6B91-9A5C-A5297A52127A}.Debug|ARM.Build.0 = Debug|ARM
		{C11C2EF8-EA18-6B91-9A5C-A5297A52127A}.Debug|Win32.ActiveCfg = Debug|Win32
		{C11C2EF8-EA18-6B91-9A5C-A5297A52127A}.Debug|Win32.Build.0 = Debug|Win32
		{C11C2EF8-EA18-6B91-9A5C-A5297A52127A}.Release|ARM.ActiveCfg = Release|ARM
		{C11C2EF8-EA18-6B91-9A5C-A5297A52127A}.Release|ARM.Build.0 = Release|ARM
		{C11C2EF8-EA18-6B91-9A5C-A5297A52127A}.Release|Win32.ActiveCfg = Release|Win32
		{C11C2EF8-EA18-6B91-9A5C-A5297A52127A}.Release|Win32.Build.0 = Release|Win32
		{C5B35943-9ACD-0866-771E-B481B8A3D274}.Debug|ARM.ActiveCfg = Debug|ARM
		{C5B35943-9ACD-0866-771E-B481B8A3D274}.Debug|ARM.Build.0 = Debug|ARM
		{C5B35943-9ACD-0866-771E-B481B8A3D274}.Debug|Win32.ActiveCfg = Debug|Win32
		{C5B35943-9ACD-0866-771E-B481B8A3D274}.Debug|Win32.Build.0 = Debug|Win32
		{C5B35943-9ACD-0866-771E-B481B8A3D274}.Release|ARM.ActiveCfg = Release|ARM
		{C5B35943-9ACD-0866-771E-B481B8A3D274}.Release|ARM.Build.0 = Release|ARM
		{C5B35943-9ACD-0866-771E-B481B8A3D274}.Release|Win32.ActiveCfg = Release|Win32
		{C5B35943-9ACD-0866-771E-B481B8A3D274}.Release|Win32.Build.0 = Release|Win32
		{EF658CC2-3D3A-E4EB-70EA-13DC95E35C0E}.Debug|ARM.ActiveCfg = Debug|ARM
		{EF658CC2-3D3A-E4EB-70EA-13DC95E35C0E}.Debug|ARM.Build.0 = Debug|ARM
		{EF658CC2-3D3A-E4EB-70EA-13DC95E35C0E}.Debug|Win32.ActiveCfg = Debug|Win32
		{EF658CC2-3D3A-E4EB-70EA-13DC95E35C0E}.Debug|Win32.Build.0 = Debug|Win32
		{EF658CC2-3D3A-E4EB-70EA-13DC95E35C0E}.Release|ARM.ActiveCfg = Release|ARM
		{EF658CC2-3D3A-E4EB-70EA-13DC95E35C0E}.Release|ARM.Build.0 = Release|ARM
		{EF658CC2-3D3A-E4EB-70EA-13DC95E35C0E}.Release|Win32.ActiveCfg = Release|Win32
		{EF658CC2-3D3A-E4EB-70EA-13DC95E35C0E}.Release|Win32.Build.0 = Release|Win32
	EndGlobalSection
	GlobalSection(SolutionProperties) = preSolution
		HideSolutionNode = FALSE
	EndGlobalSection
	GlobalSection(NestedProjects) = preSolution
		{321DD743-C48B-C90E-1B06-D5FC55F3AB75} = {1AF5C76A-46B7-C085-8BC3-35371233CE99}
		{A2F92EA1-AF6E-7C5E-A985-E392C8BD498B} = {1AF5C76A-46B7-C085-8BC3-35371233CE99}
		{4673DAE2-C988-A867-62D8-203174830591} = {2118627F-FFCC-BA94-54CD-9F223883D77D}
		{6604C6EF-B7BE-CAF0-E6FE-04A143F668A0} = {89C816A7-DD31-D54C-C69C-5A80E0C49B77}
		{EF658CC2-3D3A-E4EB-70EA-13DC95E35C0E} = {89C816A7-DD31-D54C-C69C-5A80E0C49B77}
		{60344328-0188-1D48-DFA0-B8960830F40A} = {89C816A7-DD31-D54C-C69C-5A80E0C49B77}
		{1AF5C76A-46B7-C085-8BC3-35371233CE99} = {FB3E20CC-9516-F7D2-EFF7-C27ABDCA54B9}
		{2118627F-FFCC-BA94-54CD-9F223883D77D} = {FB3E20CC-9516-F7D2-EFF7-C27ABDCA54B9}
		{C5B35943-9ACD-0866-771E-B481B8A3D274} = {FB3E20CC-9516-F7D2-EFF7-C27ABDCA54B9}
		{C11C2EF8-EA18-6B91-9A5C-A5297A52127A} = {4673DAE2-C988-A867-62D8-203174830591}
	EndGlobalSection
EndGlobal
