<?xml version="1.0" encoding="utf-8"?>
<Project ToolsVersion="4.0" xmlns="http://schemas.microsoft.com/developer/msbuild/2003">
  <ItemGroup>
    <Filter Include="audio">
      <UniqueIdentifier>{D4AF4849-65C6-75FE-2B6E-F6BD18C08214}</UniqueIdentifier>
    </Filter>
    <Filter Include="audio">
      <UniqueIdentifier>{D4AF4849-65C6-75FE-2B6E-F6BD18C08214}</UniqueIdentifier>
    </Filter>
    <Filter Include="audio">
      <UniqueIdentifier>{D4AF4849-65C6-75FE-2B6E-F6BD18C08214}</UniqueIdentifier>
    </Filter>
    <Filter Include="audio">
      <UniqueIdentifier>{D4AF4849-65C6-75FE-2B6E-F6BD18C08214}</UniqueIdentifier>
    </Filter>
    <Filter Include="audio">
      <UniqueIdentifier>{D4AF4849-65C6-75FE-2B6E-F6BD18C08214}</UniqueIdentifier>
    </Filter>
    <Filter Include="audio">
      <UniqueIdentifier>{D4AF4849-65C6-75FE-2B6E-F6BD18C08214}</UniqueIdentifier>
    </Filter>
    <Filter Include="audio">
      <UniqueIdentifier>{D4AF4849-65C6-75FE-2B6E-F6BD18C08214}</UniqueIdentifier>
    </Filter>
    <Filter Include="audio">
      <UniqueIdentifier>{D4AF4849-65C6-75FE-2B6E-F6BD18C08214}</UniqueIdentifier>
    </Filter>
    <Filter Include="call">
      <UniqueIdentifier>{4194A5F5-EAC8-84D3-5A1B-2FE5680BDC83}</UniqueIdentifier>
    </Filter>
    <Filter Include="call">
      <UniqueIdentifier>{4194A5F5-EAC8-84D3-5A1B-2FE5680BDC83}</UniqueIdentifier>
    </Filter>
    <Filter Include="call">
      <UniqueIdentifier>{4194A5F5-EAC8-84D3-5A1B-2FE5680BDC83}</UniqueIdentifier>
    </Filter>
    <Filter Include="call">
      <UniqueIdentifier>{4194A5F5-EAC8-84D3-5A1B-2FE5680BDC83}</UniqueIdentifier>
    </Filter>
    <Filter Include="video">
      <UniqueIdentifier>{5A4388DD-8A3A-FA65-0F09-87F605ED3291}</UniqueIdentifier>
    </Filter>
    <Filter Include="video">
      <UniqueIdentifier>{5A4388DD-8A3A-FA65-0F09-87F605ED3291}</UniqueIdentifier>
    </Filter>
    <Filter Include="video">
      <UniqueIdentifier>{5A4388DD-8A3A-FA65-0F09-87F605ED3291}</UniqueIdentifier>
    </Filter>
    <Filter Include="video">
      <UniqueIdentifier>{5A4388DD-8A3A-FA65-0F09-87F605ED3291}</UniqueIdentifier>
    </Filter>
    <Filter Include="video">
      <UniqueIdentifier>{5A4388DD-8A3A-FA65-0F09-87F605ED3291}</UniqueIdentifier>
    </Filter>
    <Filter Include="video">
      <UniqueIdentifier>{5A4388DD-8A3A-FA65-0F09-87F605ED3291}</UniqueIdentifier>
    </Filter>
    <Filter Include="video">
      <UniqueIdentifier>{5A4388DD-8A3A-FA65-0F09-87F605ED3291}</UniqueIdentifier>
    </Filter>
    <Filter Include="video">
      <UniqueIdentifier>{5A4388DD-8A3A-FA65-0F09-87F605ED3291}</UniqueIdentifier>
    </Filter>
    <Filter Include="video">
      <UniqueIdentifier>{5A4388DD-8A3A-FA65-0F09-87F605ED3291}</UniqueIdentifier>
    </Filter>
    <Filter Include="video">
      <UniqueIdentifier>{5A4388DD-8A3A-FA65-0F09-87F605ED3291}</UniqueIdentifier>
    </Filter>
    <Filter Include="video">
      <UniqueIdentifier>{5A4388DD-8A3A-FA65-0F09-87F605ED3291}</UniqueIdentifier>
    </Filter>
    <Filter Include="video">
      <UniqueIdentifier>{5A4388DD-8A3A-FA65-0F09-87F605ED3291}</UniqueIdentifier>
    </Filter>
    <Filter Include="video">
      <UniqueIdentifier>{5A4388DD-8A3A-FA65-0F09-87F605ED3291}</UniqueIdentifier>
    </Filter>
    <Filter Include="video">
      <UniqueIdentifier>{5A4388DD-8A3A-FA65-0F09-87F605ED3291}</UniqueIdentifier>
    </Filter>
    <Filter Include="video">
      <UniqueIdentifier>{5A4388DD-8A3A-FA65-0F09-87F605ED3291}</UniqueIdentifier>
    </Filter>
    <Filter Include="video">
      <UniqueIdentifier>{5A4388DD-8A3A-FA65-0F09-87F605ED3291}</UniqueIdentifier>
    </Filter>
    <Filter Include="video">
      <UniqueIdentifier>{5A4388DD-8A3A-FA65-0F09-87F605ED3291}</UniqueIdentifier>
    </Filter>
    <Filter Include="video">
      <UniqueIdentifier>{5A4388DD-8A3A-FA65-0F09-87F605ED3291}</UniqueIdentifier>
    </Filter>
    <Filter Include="video">
      <UniqueIdentifier>{5A4388DD-8A3A-FA65-0F09-87F605ED3291}</UniqueIdentifier>
    </Filter>
    <Filter Include="video">
      <UniqueIdentifier>{5A4388DD-8A3A-FA65-0F09-87F605ED3291}</UniqueIdentifier>
    </Filter>
    <Filter Include="video">
      <UniqueIdentifier>{5A4388DD-8A3A-FA65-0F09-87F605ED3291}</UniqueIdentifier>
    </Filter>
    <Filter Include="video">
      <UniqueIdentifier>{5A4388DD-8A3A-FA65-0F09-87F605ED3291}</UniqueIdentifier>
    </Filter>
    <Filter Include="video">
      <UniqueIdentifier>{5A4388DD-8A3A-FA65-0F09-87F605ED3291}</UniqueIdentifier>
    </Filter>
    <Filter Include="video">
      <UniqueIdentifier>{5A4388DD-8A3A-FA65-0F09-87F605ED3291}</UniqueIdentifier>
    </Filter>
    <Filter Include="video">
      <UniqueIdentifier>{5A4388DD-8A3A-FA65-0F09-87F605ED3291}</UniqueIdentifier>
    </Filter>
    <Filter Include="video">
      <UniqueIdentifier>{5A4388DD-8A3A-FA65-0F09-87F605ED3291}</UniqueIdentifier>
    </Filter>
    <Filter Include="video">
      <UniqueIdentifier>{5A4388DD-8A3A-FA65-0F09-87F605ED3291}</UniqueIdentifier>
    </Filter>
    <Filter Include="video">
      <UniqueIdentifier>{5A4388DD-8A3A-FA65-0F09-87F605ED3291}</UniqueIdentifier>
    </Filter>
    <Filter Include="video">
      <UniqueIdentifier>{5A4388DD-8A3A-FA65-0F09-87F605ED3291}</UniqueIdentifier>
    </Filter>
    <Filter Include="video">
      <UniqueIdentifier>{5A4388DD-8A3A-FA65-0F09-87F605ED3291}</UniqueIdentifier>
    </Filter>
    <Filter Include="video">
      <UniqueIdentifier>{5A4388DD-8A3A-FA65-0F09-87F605ED3291}</UniqueIdentifier>
    </Filter>
    <Filter Include="video">
      <UniqueIdentifier>{5A4388DD-8A3A-FA65-0F09-87F605ED3291}</UniqueIdentifier>
    </Filter>
    <Filter Include="video">
      <UniqueIdentifier>{5A4388DD-8A3A-FA65-0F09-87F605ED3291}</UniqueIdentifier>
    </Filter>
    <Filter Include="video">
      <UniqueIdentifier>{5A4388DD-8A3A-FA65-0F09-87F605ED3291}</UniqueIdentifier>
    </Filter>
    <Filter Include="video">
      <UniqueIdentifier>{5A4388DD-8A3A-FA65-0F09-87F605ED3291}</UniqueIdentifier>
    </Filter>
    <Filter Include="video">
      <UniqueIdentifier>{5A4388DD-8A3A-FA65-0F09-87F605ED3291}</UniqueIdentifier>
    </Filter>
  </ItemGroup>
  <ItemGroup>
    <ClInclude Include="call.h"/>
    <ClInclude Include="config.h"/>
    <ClInclude Include="transport.h"/>
    <ClInclude Include="video_receive_stream.h"/>
    <ClInclude Include="video_send_stream.h"/>
    <ClCompile Include="audio\audio_receive_stream.cc">
      <Filter>audio</Filter>
    </ClCompile>
    <ClInclude Include="audio\audio_receive_stream.h">
      <Filter>audio</Filter>
    </ClInclude>
    <ClCompile Include="audio\audio_send_stream.cc">
      <Filter>audio</Filter>
    </ClCompile>
    <ClInclude Include="audio\audio_send_stream.h">
      <Filter>audio</Filter>
    </ClInclude>
    <ClCompile Include="audio\audio_state.cc">
      <Filter>audio</Filter>
    </ClCompile>
    <ClInclude Include="audio\audio_state.h">
      <Filter>audio</Filter>
    </ClInclude>
    <ClInclude Include="audio\conversion.h">
      <Filter>audio</Filter>
    </ClInclude>
    <ClInclude Include="audio\scoped_voe_interface.h">
      <Filter>audio</Filter>
    </ClInclude>
    <ClCompile Include="call\bitrate_allocator.cc">
      <Filter>call</Filter>
    </ClCompile>
    <ClCompile Include="call\call.cc">
      <Filter>call</Filter>
    </ClCompile>
    <ClCompile Include="call\transport_adapter.cc">
      <Filter>call</Filter>
    </ClCompile>
    <ClInclude Include="call\transport_adapter.h">
      <Filter>call</Filter>
    </ClInclude>
    <ClCompile Include="video\call_stats.cc">
      <Filter>video</Filter>
    </ClCompile>
    <ClInclude Include="video\call_stats.h">
      <Filter>video</Filter>
    </ClInclude>
    <ClCompile Include="video\encoder_state_feedback.cc">
      <Filter>video</Filter>
    </ClCompile>
    <ClInclude Include="video\encoder_state_feedback.h">
      <Filter>video</Filter>
    </ClInclude>
    <ClCompile Include="video\overuse_frame_detector.cc">
      <Filter>video</Filter>
    </ClCompile>
    <ClInclude Include="video\overuse_frame_detector.h">
      <Filter>video</Filter>
    </ClInclude>
    <ClCompile Include="video\payload_router.cc">
      <Filter>video</Filter>
    </ClCompile>
    <ClInclude Include="video\payload_router.h">
      <Filter>video</Filter>
    </ClInclude>
    <ClCompile Include="video\receive_statistics_proxy.cc">
      <Filter>video</Filter>
    </ClCompile>
    <ClInclude Include="video\receive_statistics_proxy.h">
      <Filter>video</Filter>
    </ClInclude>
    <ClCompile Include="video\report_block_stats.cc">
      <Filter>video</Filter>
    </ClCompile>
    <ClInclude Include="video\report_block_stats.h">
      <Filter>video</Filter>
    </ClInclude>
    <ClCompile Include="video\rtp_stream_receiver.cc">
      <Filter>video</Filter>
    </ClCompile>
    <ClInclude Include="video\rtp_stream_receiver.h">
      <Filter>video</Filter>
    </ClInclude>
    <ClCompile Include="video\rtp_streams_synchronizer.cc">
      <Filter>video</Filter>
    </ClCompile>
    <ClInclude Include="video\rtp_streams_synchronizer.h">
      <Filter>video</Filter>
    </ClInclude>
    <ClCompile Include="video\send_delay_stats.cc">
      <Filter>video</Filter>
    </ClCompile>
    <ClInclude Include="video\send_delay_stats.h">
      <Filter>video</Filter>
    </ClInclude>
    <ClCompile Include="video\send_statistics_proxy.cc">
      <Filter>video</Filter>
    </ClCompile>
    <ClInclude Include="video\send_statistics_proxy.h">
      <Filter>video</Filter>
    </ClInclude>
    <ClCompile Include="video\stats_counter.cc">
      <Filter>video</Filter>
    </ClCompile>
    <ClInclude Include="video\stats_counter.h">
      <Filter>video</Filter>
    </ClInclude>
    <ClCompile Include="video\stream_synchronization.cc">
      <Filter>video</Filter>
    </ClCompile>
    <ClInclude Include="video\stream_synchronization.h">
      <Filter>video</Filter>
    </ClInclude>
    <ClCompile Include="video\video_decoder.cc">
      <Filter>video</Filter>
    </ClCompile>
    <ClCompile Include="video\video_encoder.cc">
      <Filter>video</Filter>
    </ClCompile>
    <ClCompile Include="video\video_receive_stream.cc">
      <Filter>video</Filter>
    </ClCompile>
    <ClInclude Include="video\video_receive_stream.h">
      <Filter>video</Filter>
    </ClInclude>
    <ClCompile Include="video\video_send_stream.cc">
      <Filter>video</Filter>
    </ClCompile>
    <ClInclude Include="video\video_send_stream.h">
      <Filter>video</Filter>
    </ClInclude>
    <ClCompile Include="video\video_stream_decoder.cc">
      <Filter>video</Filter>
    </ClCompile>
    <ClInclude Include="video\video_stream_decoder.h">
      <Filter>video</Filter>
    </ClInclude>
    <ClCompile Include="video\vie_encoder.cc">
      <Filter>video</Filter>
    </ClCompile>
    <ClInclude Include="video\vie_encoder.h">
      <Filter>video</Filter>
    </ClInclude>
    <ClCompile Include="video\vie_remb.cc">
      <Filter>video</Filter>
    </ClCompile>
    <ClInclude Include="video\vie_remb.h">
      <Filter>video</Filter>
    </ClInclude>
    <None Include="webrtc.gyp"/>
  </ItemGroup>
</Project>
