<?xml version="1.0" encoding="utf-8"?>
<Project ToolsVersion="4.0" xmlns="http://schemas.microsoft.com/developer/msbuild/2003">
  <ItemGroup>
    <Filter Include="base">
      <UniqueIdentifier>{DBBAC0A6-BB0A-CA51-45CC-DA4574B671E6}</UniqueIdentifier>
    </Filter>
    <Filter Include="base">
      <UniqueIdentifier>{DBBAC0A6-BB0A-CA51-45CC-DA4574B671E6}</UniqueIdentifier>
    </Filter>
    <Filter Include="base">
      <UniqueIdentifier>{DBBAC0A6-BB0A-CA51-45CC-DA4574B671E6}</UniqueIdentifier>
    </Filter>
    <Filter Include="base">
      <UniqueIdentifier>{DBBAC0A6-BB0A-CA51-45CC-DA4574B671E6}</UniqueIdentifier>
    </Filter>
    <Filter Include="base">
      <UniqueIdentifier>{DBBAC0A6-BB0A-CA51-45CC-DA4574B671E6}</UniqueIdentifier>
    </Filter>
    <Filter Include="base">
      <UniqueIdentifier>{DBBAC0A6-BB0A-CA51-45CC-DA4574B671E6}</UniqueIdentifier>
    </Filter>
    <Filter Include="base">
      <UniqueIdentifier>{DBBAC0A6-BB0A-CA51-45CC-DA4574B671E6}</UniqueIdentifier>
    </Filter>
  </ItemGroup>
  <ItemGroup>
    <ClCompile Include="base\nullsocketserver_unittest.cc">
      <Filter>base</Filter>
    </ClCompile>
    <ClCompile Include="base\physicalsocketserver_unittest.cc">
      <Filter>base</Filter>
    </ClCompile>
    <ClCompile Include="base\socket_unittest.cc">
      <Filter>base</Filter>
    </ClCompile>
    <ClInclude Include="base\socket_unittest.h">
      <Filter>base</Filter>
    </ClInclude>
    <ClCompile Include="base\socketaddress_unittest.cc">
      <Filter>base</Filter>
    </ClCompile>
    <ClCompile Include="base\virtualsocket_unittest.cc">
      <Filter>base</Filter>
    </ClCompile>
    <ClCompile Include="base\win32socketserver_unittest.cc">
      <Filter>base</Filter>
    </ClCompile>
    <None Include="webrtc.gyp"/>
  </ItemGroup>
</Project>
